{
    "version": 3,
    "terraform_version": "0.9.1",
    "serial": 196,
    "lineage": "c49e1235-8c96-4086-bbe7-05eb9e797efc",
    "modules": [
        {
            "path": [
                "root"
            ],
            "outputs": {},
            "resources": {
                "aws_instance.mongo.0": {
                    "type": "aws_instance",
                    "depends_on": [
                        "aws_security_group.mongo",
                        "module.aws-eu-central-1",
                        "module.eu-central-1"
                    ],
                    "primary": {
                        "id": "i-016ab395727b26eb8",
                        "attributes": {
                            "ami": "ami-829145ed",
                            "associate_public_ip_address": "true",
                            "availability_zone": "eu-central-1b",
                            "disable_api_termination": "false",
                            "ebs_block_device.#": "0",
                            "ebs_optimized": "true",
                            "ephemeral_block_device.#": "0",
                            "iam_instance_profile": "",
                            "id": "i-016ab395727b26eb8",
                            "instance_state": "running",
                            "instance_type": "m4.large",
                            "ipv6_address_count": "0",
                            "ipv6_addresses.#": "0",
                            "key_name": "orc",
                            "monitoring": "false",
                            "network_interface_id": "eni-1a13a264",
                            "private_dns": "ip-172-31-23-134.eu-central-1.compute.internal",
                            "private_ip": "172.31.23.134",
                            "public_dns": "ec2-35-157-241-243.eu-central-1.compute.amazonaws.com",
                            "public_ip": "35.157.241.243",
                            "root_block_device.#": "1",
                            "root_block_device.0.delete_on_termination": "true",
                            "root_block_device.0.iops": "100",
                            "root_block_device.0.volume_size": "8",
                            "root_block_device.0.volume_type": "gp2",
                            "security_groups.#": "0",
                            "source_dest_check": "true",
                            "subnet_id": "subnet-6a108811",
                            "tags.%": "3",
                            "tags.Index": "0",
                            "tags.Name": "strigo-mongo",
                            "tags.Type": "strigo-mongo",
                            "tenancy": "default",
                            "vpc_security_group_ids.#": "2",
                            "vpc_security_group_ids.544747426": "sg-fd55ca95",
                            "vpc_security_group_ids.635907666": "sg-149a0d7c"
                        },
                        "meta": {
                            "schema_version": "1"
                        },
                        "tainted": false
                    },
                    "deposed": [],
                    "provider": "aws.eu-central-1"
                },
                "aws_instance.mongo.1": {
                    "type": "aws_instance",
                    "depends_on": [
                        "aws_security_group.mongo",
                        "module.aws-eu-central-1",
                        "module.eu-central-1"
                    ],
                    "primary": {
                        "id": "i-01cc4c9da5bb4bb01",
                        "attributes": {
                            "ami": "ami-829145ed",
                            "associate_public_ip_address": "true",
                            "availability_zone": "eu-central-1b",
                            "disable_api_termination": "false",
                            "ebs_block_device.#": "0",
                            "ebs_optimized": "true",
                            "ephemeral_block_device.#": "0",
                            "iam_instance_profile": "",
                            "id": "i-01cc4c9da5bb4bb01",
                            "instance_state": "running",
                            "instance_type": "m4.large",
                            "ipv6_address_count": "0",
                            "ipv6_addresses.#": "0",
                            "key_name": "orc",
                            "monitoring": "false",
                            "network_interface_id": "eni-c315a4bd",
                            "private_dns": "ip-172-31-24-89.eu-central-1.compute.internal",
                            "private_ip": "172.31.24.89",
                            "public_dns": "ec2-35-157-95-20.eu-central-1.compute.amazonaws.com",
                            "public_ip": "35.157.95.20",
                            "root_block_device.#": "1",
                            "root_block_device.0.delete_on_termination": "true",
                            "root_block_device.0.iops": "100",
                            "root_block_device.0.volume_size": "8",
                            "root_block_device.0.volume_type": "gp2",
                            "security_groups.#": "0",
                            "source_dest_check": "true",
                            "subnet_id": "subnet-6a108811",
                            "tags.%": "3",
                            "tags.Index": "1",
                            "tags.Name": "strigo-mongo",
                            "tags.Type": "strigo-mongo",
                            "tenancy": "default",
                            "vpc_security_group_ids.#": "2",
                            "vpc_security_group_ids.544747426": "sg-fd55ca95",
                            "vpc_security_group_ids.635907666": "sg-149a0d7c"
                        },
                        "meta": {
                            "schema_version": "1"
                        },
                        "tainted": false
                    },
                    "deposed": [],
                    "provider": "aws.eu-central-1"
                },
                "aws_instance.mongo.2": {
                    "type": "aws_instance",
                    "depends_on": [
                        "aws_security_group.mongo",
                        "module.aws-eu-central-1",
                        "module.eu-central-1"
                    ],
                    "primary": {
                        "id": "i-06ea28a54cfd03b6c",
                        "attributes": {
                            "ami": "ami-829145ed",
                            "associate_public_ip_address": "true",
                            "availability_zone": "eu-central-1b",
                            "disable_api_termination": "false",
                            "ebs_block_device.#": "0",
                            "ebs_optimized": "true",
                            "ephemeral_block_device.#": "0",
                            "iam_instance_profile": "",
                            "id": "i-06ea28a54cfd03b6c",
                            "instance_state": "running",
                            "instance_type": "m4.large",
                            "ipv6_address_count": "0",
                            "ipv6_addresses.#": "0",
                            "key_name": "orc",
                            "monitoring": "false",
                            "network_interface_id": "eni-8512a3fb",
                            "private_dns": "ip-172-31-17-245.eu-central-1.compute.internal",
                            "private_ip": "172.31.17.245",
                            "public_dns": "ec2-35-157-188-142.eu-central-1.compute.amazonaws.com",
                            "public_ip": "35.157.188.142",
                            "root_block_device.#": "1",
                            "root_block_device.0.delete_on_termination": "true",
                            "root_block_device.0.iops": "100",
                            "root_block_device.0.volume_size": "8",
                            "root_block_device.0.volume_type": "gp2",
                            "security_groups.#": "0",
                            "source_dest_check": "true",
                            "subnet_id": "subnet-6a108811",
                            "tags.%": "3",
                            "tags.Index": "2",
                            "tags.Name": "strigo-mongo",
                            "tags.Type": "strigo-mongo",
                            "tenancy": "default",
                            "vpc_security_group_ids.#": "2",
                            "vpc_security_group_ids.544747426": "sg-fd55ca95",
                            "vpc_security_group_ids.635907666": "sg-149a0d7c"
                        },
                        "meta": {
                            "schema_version": "1"
                        },
                        "tainted": false
                    },
                    "deposed": [],
                    "provider": "aws.eu-central-1"
                },
                "aws_route53_record.ssc-ap-southeast-2": {
                    "type": "aws_route53_record",
                    "depends_on": [
                        "module.aws-ap-southeast-2"
                    ],
                    "primary": {
                        "id": "Z3TJE434U4Y4X4_terminal_CNAME_ase-1",
                        "attributes": {
                            "fqdn": "terminal.strigo.io",
                            "health_check_id": "",
                            "id": "Z3TJE434U4Y4X4_terminal_CNAME_ase-1",
                            "latency_routing_policy.#": "1",
                            "latency_routing_policy.0.region": "ap-southeast-2",
                            "name": "terminal",
                            "records.#": "1",
                            "records.3907630083": "ssc006801f87ca4440d3df6a55b65-76198819.ap-southeast-2.elb.amazonaws.com",
                            "set_identifier": "ase-1",
                            "ttl": "60",
                            "type": "CNAME",
                            "zone_id": "Z3TJE434U4Y4X4"
                        },
                        "meta": {
                            "schema_version": "2"
                        },
                        "tainted": false
                    },
                    "deposed": [],
                    "provider": "aws.eu-central-1"
                },
                "aws_route53_record.ssc-eu-central-1": {
                    "type": "aws_route53_record",
                    "depends_on": [
                        "module.aws-eu-central-1"
                    ],
                    "primary": {
                        "id": "Z3TJE434U4Y4X4_terminal_CNAME_euc-1",
                        "attributes": {
                            "fqdn": "terminal.strigo.io",
                            "health_check_id": "",
                            "id": "Z3TJE434U4Y4X4_terminal_CNAME_euc-1",
                            "latency_routing_policy.#": "1",
                            "latency_routing_policy.0.region": "eu-central-1",
                            "name": "terminal",
                            "records.#": "1",
                            "records.733995474": "ssc006801f87ca4440d3df6a55b62-1514827059.eu-central-1.elb.amazonaws.com",
                            "set_identifier": "euc-1",
                            "ttl": "60",
                            "type": "CNAME",
                            "zone_id": "Z3TJE434U4Y4X4"
                        },
                        "meta": {
                            "schema_version": "2"
                        },
                        "tainted": false
                    },
                    "deposed": [],
                    "provider": "aws.eu-central-1"
                },
                "aws_route53_record.ssc-us-east-1": {
                    "type": "aws_route53_record",
                    "depends_on": [
                        "module.aws-us-east-1"
                    ],
                    "primary": {
                        "id": "Z3TJE434U4Y4X4_terminal_CNAME_use-1",
                        "attributes": {
                            "fqdn": "terminal.strigo.io",
                            "health_check_id": "",
                            "id": "Z3TJE434U4Y4X4_terminal_CNAME_use-1",
                            "latency_routing_policy.#": "1",
                            "latency_routing_policy.0.region": "us-east-1",
                            "name": "terminal",
                            "records.#": "1",
                            "records.3347300245": "ssc006801f87ca4440d3df6a55b63-1143965316.us-east-1.elb.amazonaws.com",
                            "set_identifier": "use-1",
                            "ttl": "60",
                            "type": "CNAME",
                            "zone_id": "Z3TJE434U4Y4X4"
                        },
                        "meta": {
                            "schema_version": "2"
                        },
                        "tainted": false
                    },
                    "deposed": [],
                    "provider": "aws.eu-central-1"
                },
                "aws_route53_record.ssc-us-west-1": {
                    "type": "aws_route53_record",
                    "depends_on": [
                        "module.aws-us-west-1"
                    ],
                    "primary": {
                        "id": "Z3TJE434U4Y4X4_terminal_CNAME_usw-1",
                        "attributes": {
                            "fqdn": "terminal.strigo.io",
                            "health_check_id": "",
                            "id": "Z3TJE434U4Y4X4_terminal_CNAME_usw-1",
                            "latency_routing_policy.#": "1",
                            "latency_routing_policy.0.region": "us-west-1",
                            "name": "terminal",
                            "records.#": "1",
                            "records.1035589082": "ssc006801f87ca4440d3df6a55b64-1353984852.us-west-1.elb.amazonaws.com",
                            "set_identifier": "usw-1",
                            "ttl": "60",
                            "type": "CNAME",
                            "zone_id": "Z3TJE434U4Y4X4"
                        },
                        "meta": {
                            "schema_version": "2"
                        },
                        "tainted": false
                    },
                    "deposed": [],
                    "provider": "aws.eu-central-1"
                },
                "aws_security_group.mongo": {
                    "type": "aws_security_group",
                    "depends_on": [
                        "module.app-eu-central-1"
                    ],
                    "primary": {
                        "id": "sg-fd55ca95",
                        "attributes": {
                            "description": "Managed by Terraform",
                            "egress.#": "1",
                            "egress.482069346.cidr_blocks.#": "1",
                            "egress.482069346.cidr_blocks.0": "0.0.0.0/0",
                            "egress.482069346.from_port": "0",
                            "egress.482069346.ipv6_cidr_blocks.#": "0",
                            "egress.482069346.prefix_list_ids.#": "0",
                            "egress.482069346.protocol": "-1",
                            "egress.482069346.security_groups.#": "0",
                            "egress.482069346.self": "false",
                            "egress.482069346.to_port": "0",
                            "id": "sg-fd55ca95",
                            "ingress.#": "2",
                            "ingress.2207020527.cidr_blocks.#": "0",
                            "ingress.2207020527.from_port": "27017",
                            "ingress.2207020527.ipv6_cidr_blocks.#": "0",
                            "ingress.2207020527.protocol": "tcp",
                            "ingress.2207020527.security_groups.#": "1",
                            "ingress.2207020527.security_groups.3599899296": "sg-85d940ed",
                            "ingress.2207020527.self": "false",
                            "ingress.2207020527.to_port": "27017",
                            "ingress.867259577.cidr_blocks.#": "0",
                            "ingress.867259577.from_port": "27017",
                            "ingress.867259577.ipv6_cidr_blocks.#": "0",
                            "ingress.867259577.protocol": "tcp",
                            "ingress.867259577.security_groups.#": "0",
                            "ingress.867259577.self": "true",
                            "ingress.867259577.to_port": "27017",
                            "name": "mongo_6a6s3kqr5nae5c4enyk4pem2by",
                            "name_prefix": "mongo_",
                            "owner_id": "214514861431",
                            "tags.%": "0",
                            "vpc_id": "vpc-18c7ab71"
                        },
                        "meta": {},
                        "tainted": false
                    },
                    "deposed": [],
                    "provider": "aws.eu-central-1"
                },
                "data.template_file.chef-mongo": {
                    "type": "template_file",
                    "depends_on": [
                        "aws_instance.mongo.*"
                    ],
                    "primary": {
                        "id": "2012378cd073ef394eb61a46fe770254c1c0ad684c952ea23dcbfc9199c93138",
                        "attributes": {
                            "id": "2012378cd073ef394eb61a46fe770254c1c0ad684c952ea23dcbfc9199c93138",
                            "rendered": "{\n  \"id\": \"instances\",\n  \"instances\": [\"172.31.23.134\",\"172.31.24.89\",\"172.31.17.245\"]\n}\n",
                            "template": "{\n  \"id\": \"instances\",\n  \"instances\": ${jsonencode(split(\",\", \"${instances}\"))}\n}\n",
                            "vars.%": "1",
                            "vars.instances": "172.31.23.134,172.31.24.89,172.31.17.245"
                        },
                        "meta": {},
                        "tainted": false
                    },
                    "deposed": [],
                    "provider": ""
                },
                "null_resource.chef-mongo": {
                    "type": "null_resource",
                    "depends_on": [
                        "data.template_file.chef-mongo",
                        "data.template_file.chef-mongo"
                    ],
                    "primary": {
                        "id": "3386436760820166257",
                        "attributes": {
                            "id": "3386436760820166257",
                            "triggers.%": "1",
                            "triggers.instance": "{\n  \"id\": \"instances\",\n  \"instances\": [\"172.31.23.134\",\"172.31.24.89\",\"172.31.17.245\"]\n}\n"
                        },
                        "meta": {},
                        "tainted": false
                    },
                    "deposed": [],
                    "provider": ""
                }
            },
            "depends_on": []
        },
        {
            "path": [
                "root",
                "ap-southeast-2"
            ],
            "outputs": {
                "aws_key_pair-strigo-key_name": {
                    "sensitive": false,
                    "type": "string",
                    "value": "strigo"
                },
                "aws_security_group-management-id": {
                    "sensitive": false,
                    "type": "string",
                    "value": "sg-b2b971d5"
                }
            },
            "resources": {
                "aws_key_pair.strigo": {
                    "type": "aws_key_pair",
                    "depends_on": [],
                    "primary": {
                        "id": "strigo",
                        "attributes": {
                            "fingerprint": "ee:d7:1e:b2:00:10:04:91:cc:39:67:f9:47:63:2c:24",
                            "id": "strigo",
                            "key_name": "strigo",
                            "public_key": "ssh-rsa AAAAB3NzaC1yc2EAAAADAQABAAACAQD4CFCNxsuRIkm6Dxt2s8YiKAziKNgaDu8qAN6XLbV11xmb9ek7raWnt3yDpl0mTD87pGj26bHmoJuu5xE2jPddXg3TWmBXWumNxhAugtuGbOPKU+cN34PJvHFSij8hjzyxU3LxwFjsgdbOfFMrX6oddm6BYZ5Dl5NivMFIfX9hNxVXiUuab3aK/31vbKGigJitqtFW41hVtON5bvYvdM7pox/PZyPhdG3l8Gyzg3LLqxCXL3EQPThK7ltqxM8j/TgQMN27DhwaWToVhW87bBOSSpN3GLxdcy/rryvd+W+7uEdHyeWaVNiT7k7ehSHN7ecIAhEskcMkdQVJyNXnVoHPApfiXl6JU3/y39zfu7qHGb5ZDEhFGa24uvXMIDBsgVb69wwrB+x1HewSQHyrcFLzSzbxEuRZIPb8+C+QxYl7c+LDF/lToHJEpSyckUGfvTxHGvy+gP7lDacqPluENn57H8/Vr0eq/7lC4/vXpvQ48wcLnBwvn6ZqwKxzER/P1Hx+W70IdHwS8+9Xm1Hfd10TX37UoawJS5NKlQkNA5+bmjp1aE5Ym8sXbPfolMMxN02Sh2pJ0ByzPKpPeE6OhuTi2ryDS3+/pYPSl5vIT9WI/pLZPWZDiEm4Wo+8C3W92D5h7Nx0YLYshhp+czqUBDwt78WEZqBknKBdw2s20Vz3yw== strigo-keypair@aws"
                        },
                        "meta": {
                            "schema_version": "1"
                        },
                        "tainted": false
                    },
                    "deposed": [],
                    "provider": ""
                },
                "aws_security_group.management": {
                    "type": "aws_security_group",
                    "depends_on": [],
                    "primary": {
                        "id": "sg-b2b971d5",
                        "attributes": {
                            "description": "Managed by Terraform",
                            "egress.#": "1",
                            "egress.482069346.cidr_blocks.#": "1",
                            "egress.482069346.cidr_blocks.0": "0.0.0.0/0",
                            "egress.482069346.from_port": "0",
                            "egress.482069346.ipv6_cidr_blocks.#": "0",
                            "egress.482069346.prefix_list_ids.#": "0",
                            "egress.482069346.protocol": "-1",
                            "egress.482069346.security_groups.#": "0",
                            "egress.482069346.self": "false",
                            "egress.482069346.to_port": "0",
                            "id": "sg-b2b971d5",
                            "ingress.#": "1",
                            "ingress.2541437006.cidr_blocks.#": "1",
                            "ingress.2541437006.cidr_blocks.0": "0.0.0.0/0",
                            "ingress.2541437006.from_port": "22",
                            "ingress.2541437006.ipv6_cidr_blocks.#": "0",
                            "ingress.2541437006.protocol": "tcp",
                            "ingress.2541437006.security_groups.#": "0",
                            "ingress.2541437006.self": "false",
                            "ingress.2541437006.to_port": "22",
                            "name": "management_0054fb42562a3bde2b0307519a",
                            "name_prefix": "management_",
                            "owner_id": "214514861431",
                            "tags.%": "0",
                            "vpc_id": "vpc-19cea47c"
                        },
                        "meta": {},
                        "tainted": false
                    },
                    "deposed": [],
                    "provider": ""
                }
            },
            "depends_on": []
        },
        {
            "path": [
                "root",
                "app-eu-central-1"
            ],
            "outputs": {
                "aws_security_group-app-id": {
                    "sensitive": false,
                    "type": "string",
                    "value": "sg-85d940ed"
                }
            },
            "resources": {
                "aws_alb.app": {
                    "type": "aws_alb",
                    "depends_on": [
                        "aws_security_group.app-alb"
                    ],
                    "primary": {
                        "id": "arn:aws:elasticloadbalancing:eu-central-1:214514861431:loadbalancer/app/app0061c47c9f5141e4e7838df3ec/02ef53101e93e969",
                        "attributes": {
                            "access_logs.#": "0",
                            "arn": "arn:aws:elasticloadbalancing:eu-central-1:214514861431:loadbalancer/app/app0061c47c9f5141e4e7838df3ec/02ef53101e93e969",
                            "arn_suffix": "app/app0061c47c9f5141e4e7838df3ec/02ef53101e93e969",
                            "dns_name": "app0061c47c9f5141e4e7838df3ec-1729197594.eu-central-1.elb.amazonaws.com",
                            "enable_deletion_protection": "false",
                            "id": "arn:aws:elasticloadbalancing:eu-central-1:214514861431:loadbalancer/app/app0061c47c9f5141e4e7838df3ec/02ef53101e93e969",
                            "idle_timeout": "60",
                            "internal": "false",
                            "name": "app0061c47c9f5141e4e7838df3ec",
                            "name_prefix": "app",
                            "security_groups.#": "1",
                            "security_groups.392924508": "sg-31b2425a",
                            "subnets.#": "2",
                            "subnets.3005255961": "subnet-40c18429",
                            "subnets.611178174": "subnet-6a108811",
                            "tags.%": "0",
                            "vpc_id": "vpc-18c7ab71",
                            "zone_id": "Z215JYRZR1TBD5"
                        },
                        "meta": {},
                        "tainted": false
                    },
                    "deposed": [],
                    "provider": "aws.eu-central-1"
                },
                "aws_alb_listener.app-http": {
                    "type": "aws_alb_listener",
                    "depends_on": [
                        "aws_alb.app",
                        "aws_alb_target_group.app"
                    ],
                    "primary": {
                        "id": "arn:aws:elasticloadbalancing:eu-central-1:214514861431:listener/app/app0061c47c9f5141e4e7838df3ec/02ef53101e93e969/e1c28a5737e24ce7",
                        "attributes": {
                            "arn": "arn:aws:elasticloadbalancing:eu-central-1:214514861431:listener/app/app0061c47c9f5141e4e7838df3ec/02ef53101e93e969/e1c28a5737e24ce7",
                            "default_action.#": "1",
                            "default_action.0.target_group_arn": "arn:aws:elasticloadbalancing:eu-central-1:214514861431:targetgroup/app/25d18ba0a97a115e",
                            "default_action.0.type": "forward",
                            "id": "arn:aws:elasticloadbalancing:eu-central-1:214514861431:listener/app/app0061c47c9f5141e4e7838df3ec/02ef53101e93e969/e1c28a5737e24ce7",
                            "load_balancer_arn": "arn:aws:elasticloadbalancing:eu-central-1:214514861431:loadbalancer/app/app0061c47c9f5141e4e7838df3ec/02ef53101e93e969",
                            "port": "80",
                            "protocol": "HTTP",
                            "ssl_policy": ""
                        },
                        "meta": {},
                        "tainted": false
                    },
                    "deposed": [],
                    "provider": "aws.eu-central-1"
                },
                "aws_alb_listener.app-https": {
                    "type": "aws_alb_listener",
                    "depends_on": [
                        "aws_alb.app",
                        "aws_alb_target_group.app"
                    ],
                    "primary": {
                        "id": "arn:aws:elasticloadbalancing:eu-central-1:214514861431:listener/app/app0061c47c9f5141e4e7838df3ec/02ef53101e93e969/00aa74c16a62cac1",
                        "attributes": {
                            "arn": "arn:aws:elasticloadbalancing:eu-central-1:214514861431:listener/app/app0061c47c9f5141e4e7838df3ec/02ef53101e93e969/00aa74c16a62cac1",
                            "certificate_arn": "arn:aws:iam::214514861431:server-certificate/app.strigo.io",
                            "default_action.#": "1",
                            "default_action.0.target_group_arn": "arn:aws:elasticloadbalancing:eu-central-1:214514861431:targetgroup/app/25d18ba0a97a115e",
                            "default_action.0.type": "forward",
                            "id": "arn:aws:elasticloadbalancing:eu-central-1:214514861431:listener/app/app0061c47c9f5141e4e7838df3ec/02ef53101e93e969/00aa74c16a62cac1",
                            "load_balancer_arn": "arn:aws:elasticloadbalancing:eu-central-1:214514861431:loadbalancer/app/app0061c47c9f5141e4e7838df3ec/02ef53101e93e969",
                            "port": "443",
                            "protocol": "HTTPS",
                            "ssl_policy": "ELBSecurityPolicy-2015-05"
                        },
                        "meta": {},
                        "tainted": false
                    },
                    "deposed": [],
                    "provider": ""
                },
                "aws_alb_target_group.app": {
                    "type": "aws_alb_target_group",
                    "depends_on": [],
                    "primary": {
                        "id": "arn:aws:elasticloadbalancing:eu-central-1:214514861431:targetgroup/app/25d18ba0a97a115e",
                        "attributes": {
                            "arn": "arn:aws:elasticloadbalancing:eu-central-1:214514861431:targetgroup/app/25d18ba0a97a115e",
                            "arn_suffix": "targetgroup/app/25d18ba0a97a115e",
                            "deregistration_delay": "300",
                            "health_check.#": "1",
                            "health_check.0.healthy_threshold": "5",
                            "health_check.0.interval": "30",
                            "health_check.0.matcher": "200",
                            "health_check.0.path": "/",
                            "health_check.0.port": "traffic-port",
                            "health_check.0.protocol": "HTTP",
                            "health_check.0.timeout": "5",
                            "health_check.0.unhealthy_threshold": "2",
                            "id": "arn:aws:elasticloadbalancing:eu-central-1:214514861431:targetgroup/app/25d18ba0a97a115e",
                            "name": "app",
                            "port": "2545",
                            "protocol": "HTTP",
                            "stickiness.#": "1",
                            "stickiness.0.cookie_duration": "2600",
                            "stickiness.0.enabled": "true",
                            "stickiness.0.type": "lb_cookie",
                            "vpc_id": "vpc-18c7ab71"
                        },
                        "meta": {},
                        "tainted": false
                    },
                    "deposed": [],
                    "provider": "aws.eu-central-1"
                },
                "aws_alb_target_group_attachment.app.0": {
                    "type": "aws_alb_target_group_attachment",
                    "depends_on": [
                        "aws_alb_target_group.app",
                        "aws_instance.app"
                    ],
                    "primary": {
                        "id": "arn:aws:elasticloadbalancing:eu-central-1:214514861431:targetgroup/app/25d18ba0a97a115e-00a97fa9447baf68ecd0238029",
                        "attributes": {
                            "id": "arn:aws:elasticloadbalancing:eu-central-1:214514861431:targetgroup/app/25d18ba0a97a115e-00a97fa9447baf68ecd0238029",
                            "port": "2545",
                            "target_group_arn": "arn:aws:elasticloadbalancing:eu-central-1:214514861431:targetgroup/app/25d18ba0a97a115e",
                            "target_id": "i-0a0cdaac6e46a3bd8"
                        },
                        "meta": {},
                        "tainted": false
                    },
                    "deposed": [],
                    "provider": "aws.eu-central-1"
                },
                "aws_alb_target_group_attachment.app.1": {
                    "type": "aws_alb_target_group_attachment",
                    "depends_on": [
                        "aws_alb_target_group.app",
                        "aws_instance.app"
                    ],
                    "primary": {
                        "id": "arn:aws:elasticloadbalancing:eu-central-1:214514861431:targetgroup/app/25d18ba0a97a115e-00a97fa9447baf68ecd0238028",
                        "attributes": {
                            "id": "arn:aws:elasticloadbalancing:eu-central-1:214514861431:targetgroup/app/25d18ba0a97a115e-00a97fa9447baf68ecd0238028",
                            "port": "2545",
                            "target_group_arn": "arn:aws:elasticloadbalancing:eu-central-1:214514861431:targetgroup/app/25d18ba0a97a115e",
                            "target_id": "i-069cb05849b16fa2c"
                        },
                        "meta": {},
                        "tainted": false
                    },
                    "deposed": [],
                    "provider": "aws.eu-central-1"
                },
                "aws_elb.app-ddp-elb": {
                    "type": "aws_elb",
                    "depends_on": [
                        "aws_instance.app",
                        "aws_security_group.app-ddp-elb"
                    ],
                    "primary": {
                        "id": "app-ddp",
                        "attributes": {
                            "access_logs.#": "0",
                            "availability_zones.#": "2",
                            "availability_zones.1126047633": "eu-central-1a",
                            "availability_zones.3658960427": "eu-central-1b",
                            "connection_draining": "false",
                            "connection_draining_timeout": "300",
                            "cross_zone_load_balancing": "true",
                            "dns_name": "app-ddp-258094116.eu-central-1.elb.amazonaws.com",
                            "health_check.#": "1",
                            "health_check.0.healthy_threshold": "10",
                            "health_check.0.interval": "30",
                            "health_check.0.target": "TCP:2545",
                            "health_check.0.timeout": "5",
                            "health_check.0.unhealthy_threshold": "2",
                            "id": "app-ddp",
                            "idle_timeout": "60",
                            "instances.#": "2",
                            "instances.3942519156": "i-0a0cdaac6e46a3bd8",
                            "instances.839200299": "i-069cb05849b16fa2c",
                            "internal": "false",
                            "listener.#": "1",
                            "listener.3425104032.instance_port": "2545",
                            "listener.3425104032.instance_protocol": "tcp",
                            "listener.3425104032.lb_port": "2545",
                            "listener.3425104032.lb_protocol": "tcp",
                            "listener.3425104032.ssl_certificate_id": "",
                            "name": "app-ddp",
                            "security_groups.#": "1",
                            "security_groups.2753407889": "sg-69a05002",
                            "source_security_group": "214514861431/app-elb_00c230bfbf445f982a4d80944e",
                            "source_security_group_id": "sg-69a05002",
                            "subnets.#": "2",
                            "subnets.3005255961": "subnet-40c18429",
                            "subnets.611178174": "subnet-6a108811",
                            "tags.%": "0",
                            "zone_id": "Z215JYRZR1TBD5"
                        },
                        "meta": {},
                        "tainted": false
                    },
                    "deposed": [],
                    "provider": "aws.eu-central-1"
                },
                "aws_instance.app.0": {
                    "type": "aws_instance",
                    "depends_on": [
                        "aws_security_group.app",
                        "module.aws-eu-central-1",
                        "module.eu-central-1"
                    ],
                    "primary": {
                        "id": "i-0a0cdaac6e46a3bd8",
                        "attributes": {
                            "ami": "ami-829145ed",
                            "associate_public_ip_address": "true",
                            "availability_zone": "eu-central-1a",
                            "disable_api_termination": "false",
                            "ebs_block_device.#": "0",
                            "ebs_optimized": "false",
                            "ephemeral_block_device.#": "0",
                            "iam_instance_profile": "",
                            "id": "i-0a0cdaac6e46a3bd8",
                            "instance_state": "running",
                            "instance_type": "m4.large",
                            "ipv6_address_count": "0",
                            "ipv6_addresses.#": "0",
                            "key_name": "orc",
                            "monitoring": "false",
                            "network_interface_id": "eni-630a230f",
                            "private_dns": "ip-172-31-1-163.eu-central-1.compute.internal",
                            "private_ip": "172.31.1.163",
                            "public_dns": "ec2-35-157-60-188.eu-central-1.compute.amazonaws.com",
                            "public_ip": "35.157.60.188",
                            "root_block_device.#": "1",
                            "root_block_device.0.delete_on_termination": "true",
                            "root_block_device.0.iops": "100",
                            "root_block_device.0.volume_size": "8",
                            "root_block_device.0.volume_type": "gp2",
                            "security_groups.#": "0",
                            "source_dest_check": "true",
                            "subnet_id": "subnet-40c18429",
                            "tags.%": "3",
                            "tags.Index": "0",
                            "tags.Name": "strigo-app",
                            "tags.Type": "strigo-app",
                            "tenancy": "default",
                            "vpc_security_group_ids.#": "2",
                            "vpc_security_group_ids.3599899296": "sg-85d940ed",
                            "vpc_security_group_ids.635907666": "sg-149a0d7c"
                        },
                        "meta": {
                            "schema_version": "1"
                        },
                        "tainted": false
                    },
                    "deposed": [],
                    "provider": "aws.eu-central-1"
                },
                "aws_instance.app.1": {
                    "type": "aws_instance",
                    "depends_on": [
                        "aws_security_group.app",
                        "module.aws-eu-central-1",
                        "module.eu-central-1"
                    ],
                    "primary": {
                        "id": "i-069cb05849b16fa2c",
                        "attributes": {
                            "ami": "ami-829145ed",
                            "associate_public_ip_address": "true",
                            "availability_zone": "eu-central-1b",
                            "disable_api_termination": "false",
                            "ebs_block_device.#": "0",
                            "ebs_optimized": "false",
                            "ephemeral_block_device.#": "0",
                            "iam_instance_profile": "",
                            "id": "i-069cb05849b16fa2c",
                            "instance_state": "running",
                            "instance_type": "m4.large",
                            "ipv6_address_count": "0",
                            "ipv6_addresses.#": "0",
                            "key_name": "orc",
                            "monitoring": "false",
                            "network_interface_id": "eni-1421906a",
                            "private_dns": "ip-172-31-16-31.eu-central-1.compute.internal",
                            "private_ip": "172.31.16.31",
                            "public_dns": "ec2-35-157-139-168.eu-central-1.compute.amazonaws.com",
                            "public_ip": "35.157.139.168",
                            "root_block_device.#": "1",
                            "root_block_device.0.delete_on_termination": "true",
                            "root_block_device.0.iops": "100",
                            "root_block_device.0.volume_size": "8",
                            "root_block_device.0.volume_type": "gp2",
                            "security_groups.#": "0",
                            "source_dest_check": "true",
                            "subnet_id": "subnet-6a108811",
                            "tags.%": "3",
                            "tags.Index": "1",
                            "tags.Name": "strigo-app",
                            "tags.Type": "strigo-app",
                            "tenancy": "default",
                            "vpc_security_group_ids.#": "2",
                            "vpc_security_group_ids.3599899296": "sg-85d940ed",
                            "vpc_security_group_ids.635907666": "sg-149a0d7c"
                        },
                        "meta": {
                            "schema_version": "1"
                        },
                        "tainted": false
                    },
                    "deposed": [],
                    "provider": "aws.eu-central-1"
                },
                "aws_security_group.app": {
                    "type": "aws_security_group",
                    "depends_on": [
                        "aws_security_group.app-alb",
                        "aws_security_group.app-ddp-elb"
                    ],
                    "primary": {
                        "id": "sg-85d940ed",
                        "attributes": {
                            "description": "Managed by Terraform",
                            "egress.#": "1",
                            "egress.482069346.cidr_blocks.#": "1",
                            "egress.482069346.cidr_blocks.0": "0.0.0.0/0",
                            "egress.482069346.from_port": "0",
                            "egress.482069346.ipv6_cidr_blocks.#": "0",
                            "egress.482069346.prefix_list_ids.#": "0",
                            "egress.482069346.protocol": "-1",
                            "egress.482069346.security_groups.#": "0",
                            "egress.482069346.self": "false",
                            "egress.482069346.to_port": "0",
                            "id": "sg-85d940ed",
                            "ingress.#": "1",
                            "ingress.3034364975.cidr_blocks.#": "0",
                            "ingress.3034364975.from_port": "2545",
                            "ingress.3034364975.ipv6_cidr_blocks.#": "0",
                            "ingress.3034364975.protocol": "tcp",
                            "ingress.3034364975.security_groups.#": "2",
                            "ingress.3034364975.security_groups.2753407889": "sg-69a05002",
                            "ingress.3034364975.security_groups.392924508": "sg-31b2425a",
                            "ingress.3034364975.self": "false",
                            "ingress.3034364975.to_port": "2545",
                            "name": "app_ww37dpysjbdrdbv3qjftfp6y3e",
                            "name_prefix": "app_",
                            "owner_id": "214514861431",
                            "tags.%": "0",
                            "vpc_id": "vpc-18c7ab71"
                        },
                        "meta": {},
                        "tainted": false
                    },
                    "deposed": [],
                    "provider": "aws.eu-central-1"
                },
                "aws_security_group.app-alb": {
                    "type": "aws_security_group",
                    "depends_on": [],
                    "primary": {
                        "id": "sg-31b2425a",
                        "attributes": {
                            "description": "Managed by Terraform",
                            "egress.#": "1",
                            "egress.482069346.cidr_blocks.#": "1",
                            "egress.482069346.cidr_blocks.0": "0.0.0.0/0",
                            "egress.482069346.from_port": "0",
                            "egress.482069346.ipv6_cidr_blocks.#": "0",
                            "egress.482069346.prefix_list_ids.#": "0",
                            "egress.482069346.protocol": "-1",
                            "egress.482069346.security_groups.#": "0",
                            "egress.482069346.self": "false",
                            "egress.482069346.to_port": "0",
                            "id": "sg-31b2425a",
                            "ingress.#": "2",
                            "ingress.2214680975.cidr_blocks.#": "1",
                            "ingress.2214680975.cidr_blocks.0": "0.0.0.0/0",
                            "ingress.2214680975.from_port": "80",
                            "ingress.2214680975.ipv6_cidr_blocks.#": "0",
                            "ingress.2214680975.protocol": "tcp",
                            "ingress.2214680975.security_groups.#": "0",
                            "ingress.2214680975.self": "false",
                            "ingress.2214680975.to_port": "80",
                            "ingress.2617001939.cidr_blocks.#": "1",
                            "ingress.2617001939.cidr_blocks.0": "0.0.0.0/0",
                            "ingress.2617001939.from_port": "443",
                            "ingress.2617001939.ipv6_cidr_blocks.#": "0",
                            "ingress.2617001939.protocol": "tcp",
                            "ingress.2617001939.security_groups.#": "0",
                            "ingress.2617001939.self": "false",
                            "ingress.2617001939.to_port": "443",
                            "name": "app-alb_0061c47c9f5141e4e7838df3e9",
                            "name_prefix": "app-alb_",
                            "owner_id": "214514861431",
                            "tags.%": "0",
                            "vpc_id": "vpc-18c7ab71"
                        },
                        "meta": {},
                        "tainted": false
                    },
                    "deposed": [],
                    "provider": "aws.eu-central-1"
                },
                "aws_security_group.app-ddp-elb": {
                    "type": "aws_security_group",
                    "depends_on": [
                        "aws_instance.job-worker",
                        "module.aws-ap-southeast-2",
                        "module.aws-eu-central-1",
                        "module.aws-us-east-1",
                        "module.aws-us-west-1"
                    ],
                    "primary": {
                        "id": "sg-69a05002",
                        "attributes": {
                            "description": "Managed by Terraform",
                            "egress.#": "1",
                            "egress.482069346.cidr_blocks.#": "1",
                            "egress.482069346.cidr_blocks.0": "0.0.0.0/0",
                            "egress.482069346.from_port": "0",
                            "egress.482069346.ipv6_cidr_blocks.#": "0",
                            "egress.482069346.prefix_list_ids.#": "0",
                            "egress.482069346.protocol": "-1",
                            "egress.482069346.security_groups.#": "0",
                            "egress.482069346.self": "false",
                            "egress.482069346.to_port": "0",
                            "id": "sg-69a05002",
                            "ingress.#": "1",
                            "ingress.1652975229.cidr_blocks.#": "10",
                            "ingress.1652975229.cidr_blocks.0": "35.156.200.227/32",
                            "ingress.1652975229.cidr_blocks.1": "35.156.111.234/32",
                            "ingress.1652975229.cidr_blocks.2": "52.23.227.79/32",
                            "ingress.1652975229.cidr_blocks.3": "54.210.43.164/32",
                            "ingress.1652975229.cidr_blocks.4": "54.215.205.228/32",
                            "ingress.1652975229.cidr_blocks.5": "54.67.22.45/32",
                            "ingress.1652975229.cidr_blocks.6": "13.54.97.77/32",
                            "ingress.1652975229.cidr_blocks.7": "13.54.161.57/32",
                            "ingress.1652975229.cidr_blocks.8": "35.157.255.220/32",
                            "ingress.1652975229.cidr_blocks.9": "35.157.51.224/32",
                            "ingress.1652975229.from_port": "2545",
                            "ingress.1652975229.ipv6_cidr_blocks.#": "0",
                            "ingress.1652975229.protocol": "tcp",
                            "ingress.1652975229.security_groups.#": "0",
                            "ingress.1652975229.self": "false",
                            "ingress.1652975229.to_port": "2545",
                            "name": "app-elb_00c230bfbf445f982a4d80944e",
                            "name_prefix": "app-elb_",
                            "owner_id": "214514861431",
                            "tags.%": "0",
                            "vpc_id": "vpc-18c7ab71"
                        },
                        "meta": {},
                        "tainted": false
                    },
                    "deposed": [],
                    "provider": "aws.eu-central-1"
                }
            },
            "depends_on": []
        },
        {
            "path": [
                "root",
                "app-eu-west-1"
            ],
            "outputs": {
                "aws_security_group-app-id": {
                    "sensitive": false,
                    "type": "string",
                    "value": "sg-c62385bf"
                }
            },
            "resources": {
                "aws_alb.app": {
                    "type": "aws_alb",
                    "depends_on": [
                        "aws_security_group.app-alb"
                    ],
                    "primary": {
                        "id": "arn:aws:elasticloadbalancing:eu-west-1:413524731982:loadbalancer/app/app00779cc626f612cba941609495/3e79820bffeadb1e",
                        "attributes": {
                            "access_logs.#": "0",
                            "arn": "arn:aws:elasticloadbalancing:eu-west-1:413524731982:loadbalancer/app/app00779cc626f612cba941609495/3e79820bffeadb1e",
                            "arn_suffix": "app/app00779cc626f612cba941609495/3e79820bffeadb1e",
                            "dns_name": "app00779cc626f612cba941609495-427575543.eu-west-1.elb.amazonaws.com",
                            "enable_deletion_protection": "false",
                            "id": "arn:aws:elasticloadbalancing:eu-west-1:413524731982:loadbalancer/app/app00779cc626f612cba941609495/3e79820bffeadb1e",
                            "idle_timeout": "60",
                            "internal": "false",
                            "name": "app00779cc626f612cba941609495",
                            "name_prefix": "app",
                            "security_groups.#": "1",
                            "security_groups.2293792876": "sg-c82e88b1",
                            "subnets.#": "2",
                            "subnets.140756531": "subnet-ce31d387",
                            "subnets.2008700698": "subnet-01c32066",
                            "tags.%": "0",
                            "vpc_id": "vpc-7130d516",
                            "zone_id": "Z32O12XQLNTSW2"
                        },
                        "meta": {},
                        "tainted": false
                    },
                    "deposed": [],
                    "provider": ""
                },
                "aws_alb_listener.app-http": {
                    "type": "aws_alb_listener",
                    "depends_on": [
                        "aws_alb.app",
                        "aws_alb_target_group.app"
                    ],
                    "primary": {
                        "id": "arn:aws:elasticloadbalancing:eu-west-1:413524731982:listener/app/app00779cc626f612cba941609495/3e79820bffeadb1e/7a03a9b90f2deb07",
                        "attributes": {
                            "arn": "arn:aws:elasticloadbalancing:eu-west-1:413524731982:listener/app/app00779cc626f612cba941609495/3e79820bffeadb1e/7a03a9b90f2deb07",
                            "default_action.#": "1",
                            "default_action.0.target_group_arn": "arn:aws:elasticloadbalancing:eu-west-1:413524731982:targetgroup/app/59ee3dc8cd974bbe",
                            "default_action.0.type": "forward",
                            "id": "arn:aws:elasticloadbalancing:eu-west-1:413524731982:listener/app/app00779cc626f612cba941609495/3e79820bffeadb1e/7a03a9b90f2deb07",
                            "load_balancer_arn": "arn:aws:elasticloadbalancing:eu-west-1:413524731982:loadbalancer/app/app00779cc626f612cba941609495/3e79820bffeadb1e",
                            "port": "80",
                            "protocol": "HTTP",
                            "ssl_policy": ""
                        },
                        "meta": {},
                        "tainted": false
                    },
                    "deposed": [],
                    "provider": ""
                },
                "aws_alb_listener.app-https": {
                    "type": "aws_alb_listener",
                    "depends_on": [
                        "aws_alb.app",
                        "aws_alb_target_group.app"
                    ],
                    "primary": {
                        "id": "arn:aws:elasticloadbalancing:eu-west-1:413524731982:listener/app/app00779cc626f612cba941609495/3e79820bffeadb1e/d1dc87605c26b467",
                        "attributes": {
                            "arn": "arn:aws:elasticloadbalancing:eu-west-1:413524731982:listener/app/app00779cc626f612cba941609495/3e79820bffeadb1e/d1dc87605c26b467",
                            "certificate_arn": "arn:aws:acm:eu-west-1:413524731982:certificate/577eb648-048a-4e01-b3d9-feb5c793bdc2",
                            "default_action.#": "1",
                            "default_action.0.target_group_arn": "arn:aws:elasticloadbalancing:eu-west-1:413524731982:targetgroup/app/59ee3dc8cd974bbe",
                            "default_action.0.type": "forward",
                            "id": "arn:aws:elasticloadbalancing:eu-west-1:413524731982:listener/app/app00779cc626f612cba941609495/3e79820bffeadb1e/d1dc87605c26b467",
                            "load_balancer_arn": "arn:aws:elasticloadbalancing:eu-west-1:413524731982:loadbalancer/app/app00779cc626f612cba941609495/3e79820bffeadb1e",
                            "port": "443",
                            "protocol": "HTTPS",
                            "ssl_policy": "ELBSecurityPolicy-2015-05"
                        },
                        "meta": {},
                        "tainted": false
                    },
                    "deposed": [],
                    "provider": ""
                },
                "aws_alb_target_group.app": {
                    "type": "aws_alb_target_group",
                    "depends_on": [],
                    "primary": {
                        "id": "arn:aws:elasticloadbalancing:eu-west-1:413524731982:targetgroup/app/59ee3dc8cd974bbe",
                        "attributes": {
                            "arn": "arn:aws:elasticloadbalancing:eu-west-1:413524731982:targetgroup/app/59ee3dc8cd974bbe",
                            "arn_suffix": "targetgroup/app/59ee3dc8cd974bbe",
                            "deregistration_delay": "300",
                            "health_check.#": "1",
                            "health_check.0.healthy_threshold": "5",
                            "health_check.0.interval": "30",
                            "health_check.0.matcher": "200",
                            "health_check.0.path": "/",
                            "health_check.0.port": "traffic-port",
                            "health_check.0.protocol": "HTTP",
                            "health_check.0.timeout": "5",
                            "health_check.0.unhealthy_threshold": "2",
                            "id": "arn:aws:elasticloadbalancing:eu-west-1:413524731982:targetgroup/app/59ee3dc8cd974bbe",
                            "name": "app",
                            "port": "2545",
                            "protocol": "HTTP",
                            "stickiness.#": "1",
                            "stickiness.0.cookie_duration": "2600",
                            "stickiness.0.enabled": "true",
                            "stickiness.0.type": "lb_cookie",
                            "vpc_id": "vpc-7130d516"
                        },
                        "meta": {},
                        "tainted": false
                    },
                    "deposed": [],
                    "provider": ""
                },
                "aws_alb_target_group_attachment.app.0": {
                    "type": "aws_alb_target_group_attachment",
                    "depends_on": [
                        "aws_alb_target_group.app",
                        "aws_instance.app.*"
                    ],
                    "primary": {
                        "id": "arn:aws:elasticloadbalancing:eu-west-1:413524731982:targetgroup/app/59ee3dc8cd974bbe-00390903e576ffd71eafb62a4c",
                        "attributes": {
                            "id": "arn:aws:elasticloadbalancing:eu-west-1:413524731982:targetgroup/app/59ee3dc8cd974bbe-00390903e576ffd71eafb62a4c",
                            "port": "2545",
                            "target_group_arn": "arn:aws:elasticloadbalancing:eu-west-1:413524731982:targetgroup/app/59ee3dc8cd974bbe",
                            "target_id": "i-02a2c77fffaa52904"
                        },
                        "meta": {},
                        "tainted": false
                    },
                    "deposed": [],
                    "provider": ""
                },
                "aws_alb_target_group_attachment.app.1": {
                    "type": "aws_alb_target_group_attachment",
                    "depends_on": [
                        "aws_alb_target_group.app",
                        "aws_instance.app.*"
                    ],
                    "primary": {
                        "id": "arn:aws:elasticloadbalancing:eu-west-1:413524731982:targetgroup/app/59ee3dc8cd974bbe-00390903e576ffd71eafb62a4b",
                        "attributes": {
                            "id": "arn:aws:elasticloadbalancing:eu-west-1:413524731982:targetgroup/app/59ee3dc8cd974bbe-00390903e576ffd71eafb62a4b",
                            "port": "2545",
                            "target_group_arn": "arn:aws:elasticloadbalancing:eu-west-1:413524731982:targetgroup/app/59ee3dc8cd974bbe",
                            "target_id": "i-0f5f73e2d32b4bf0c"
                        },
                        "meta": {},
                        "tainted": false
                    },
                    "deposed": [],
                    "provider": ""
                },
                "aws_elb.app-ddp-elb": {
                    "type": "aws_elb",
                    "depends_on": [
                        "aws_instance.app.*",
                        "aws_security_group.app-ddp-elb"
                    ],
                    "primary": {
                        "id": "app-ddp",
                        "attributes": {
                            "access_logs.#": "0",
                            "availability_zones.#": "2",
                            "availability_zones.1924028850": "eu-west-1b",
                            "availability_zones.3953592328": "eu-west-1a",
                            "connection_draining": "false",
                            "connection_draining_timeout": "300",
                            "cross_zone_load_balancing": "true",
                            "dns_name": "app-ddp-1838644449.eu-west-1.elb.amazonaws.com",
                            "health_check.#": "1",
                            "health_check.0.healthy_threshold": "10",
                            "health_check.0.interval": "30",
                            "health_check.0.target": "TCP:2545",
                            "health_check.0.timeout": "5",
                            "health_check.0.unhealthy_threshold": "2",
                            "id": "app-ddp",
                            "idle_timeout": "60",
                            "instances.#": "2",
                            "instances.196298": "i-02a2c77fffaa52904",
                            "instances.3207283929": "i-0f5f73e2d32b4bf0c",
                            "internal": "false",
                            "listener.#": "1",
                            "listener.3425104032.instance_port": "2545",
                            "listener.3425104032.instance_protocol": "tcp",
                            "listener.3425104032.lb_port": "2545",
                            "listener.3425104032.lb_protocol": "tcp",
                            "listener.3425104032.ssl_certificate_id": "",
                            "name": "app-ddp",
                            "security_groups.#": "1",
                            "security_groups.1506327374": "sg-c92e88b0",
                            "source_security_group": "413524731982/app-elb_00779cc626f612cba941609491",
                            "source_security_group_id": "sg-c92e88b0",
                            "subnets.#": "2",
                            "subnets.140756531": "subnet-ce31d387",
                            "subnets.2008700698": "subnet-01c32066",
                            "tags.%": "0",
                            "zone_id": "Z32O12XQLNTSW2"
                        },
                        "meta": {},
                        "tainted": false
                    },
                    "deposed": [],
                    "provider": ""
                },
                "aws_instance.app.0": {
                    "type": "aws_instance",
                    "depends_on": [
                        "aws_security_group.app"
                    ],
                    "primary": {
                        "id": "i-02a2c77fffaa52904",
                        "attributes": {
                            "ami": "ami-1f83aa79",
                            "associate_public_ip_address": "false",
                            "availability_zone": "eu-west-1a",
                            "disable_api_termination": "false",
                            "ebs_block_device.#": "0",
                            "ebs_optimized": "false",
                            "ephemeral_block_device.#": "0",
                            "iam_instance_profile": "",
                            "id": "i-02a2c77fffaa52904",
                            "instance_state": "running",
                            "instance_type": "t2.micro",
                            "ipv6_address_count": "0",
                            "ipv6_addresses.#": "0",
                            "key_name": "strigo",
                            "monitoring": "false",
                            "network_interface_id": "eni-f73b2088",
                            "private_dns": "ip-172-16-18-179.eu-west-1.compute.internal",
                            "private_ip": "172.16.18.179",
                            "public_dns": "",
                            "public_ip": "",
                            "root_block_device.#": "1",
                            "root_block_device.0.delete_on_termination": "true",
                            "root_block_device.0.iops": "100",
                            "root_block_device.0.volume_size": "8",
                            "root_block_device.0.volume_type": "gp2",
                            "security_groups.#": "0",
                            "source_dest_check": "true",
                            "subnet_id": "subnet-38f91a5f",
                            "tags.%": "3",
                            "tags.Index": "0",
                            "tags.Name": "strigo-app",
                            "tags.Type": "strigo-app",
                            "tenancy": "default",
                            "vpc_security_group_ids.#": "2",
                            "vpc_security_group_ids.2449708638": "sg-c62385bf",
                            "vpc_security_group_ids.3388471420": "sg-0325837a"
                        },
                        "meta": {
                            "schema_version": "1"
                        },
                        "tainted": false
                    },
                    "deposed": [],
                    "provider": ""
                },
                "aws_instance.app.1": {
                    "type": "aws_instance",
                    "depends_on": [
                        "aws_security_group.app"
                    ],
                    "primary": {
                        "id": "i-0f5f73e2d32b4bf0c",
                        "attributes": {
                            "ami": "ami-1f83aa79",
                            "associate_public_ip_address": "false",
                            "availability_zone": "eu-west-1b",
                            "disable_api_termination": "false",
                            "ebs_block_device.#": "0",
                            "ebs_optimized": "false",
                            "ephemeral_block_device.#": "0",
                            "iam_instance_profile": "",
                            "id": "i-0f5f73e2d32b4bf0c",
                            "instance_state": "running",
                            "instance_type": "t2.micro",
                            "ipv6_address_count": "0",
                            "ipv6_addresses.#": "0",
                            "key_name": "strigo",
                            "monitoring": "false",
                            "network_interface_id": "eni-cd00728d",
                            "private_dns": "ip-172-16-33-15.eu-west-1.compute.internal",
                            "private_ip": "172.16.33.15",
                            "public_dns": "",
                            "public_ip": "",
                            "root_block_device.#": "1",
                            "root_block_device.0.delete_on_termination": "true",
                            "root_block_device.0.iops": "100",
                            "root_block_device.0.volume_size": "8",
                            "root_block_device.0.volume_type": "gp2",
                            "security_groups.#": "0",
                            "source_dest_check": "true",
                            "subnet_id": "subnet-aa31d3e3",
                            "tags.%": "3",
                            "tags.Index": "1",
                            "tags.Name": "strigo-app",
                            "tags.Type": "strigo-app",
                            "tenancy": "default",
                            "vpc_security_group_ids.#": "2",
                            "vpc_security_group_ids.2449708638": "sg-c62385bf",
                            "vpc_security_group_ids.3388471420": "sg-0325837a"
                        },
                        "meta": {
                            "schema_version": "1"
                        },
                        "tainted": false
                    },
                    "deposed": [],
                    "provider": ""
                },
                "aws_security_group.app": {
                    "type": "aws_security_group",
                    "depends_on": [
                        "aws_security_group.app-alb",
                        "aws_security_group.app-ddp-elb"
                    ],
                    "primary": {
                        "id": "sg-c62385bf",
                        "attributes": {
                            "description": "Managed by Terraform",
                            "egress.#": "1",
                            "egress.482069346.cidr_blocks.#": "1",
                            "egress.482069346.cidr_blocks.0": "0.0.0.0/0",
                            "egress.482069346.from_port": "0",
                            "egress.482069346.ipv6_cidr_blocks.#": "0",
                            "egress.482069346.prefix_list_ids.#": "0",
                            "egress.482069346.protocol": "-1",
                            "egress.482069346.security_groups.#": "0",
                            "egress.482069346.self": "false",
                            "egress.482069346.to_port": "0",
                            "id": "sg-c62385bf",
                            "ingress.#": "1",
                            "ingress.2642810725.cidr_blocks.#": "0",
                            "ingress.2642810725.from_port": "2545",
                            "ingress.2642810725.ipv6_cidr_blocks.#": "0",
                            "ingress.2642810725.protocol": "tcp",
                            "ingress.2642810725.security_groups.#": "2",
                            "ingress.2642810725.security_groups.1506327374": "sg-c92e88b0",
                            "ingress.2642810725.security_groups.2293792876": "sg-c82e88b1",
                            "ingress.2642810725.self": "false",
                            "ingress.2642810725.to_port": "2545",
                            "name": "app_00779cc626f612cba941609493",
                            "name_prefix": "app_",
                            "owner_id": "413524731982",
                            "tags.%": "0",
                            "vpc_id": "vpc-7130d516"
                        },
                        "meta": {},
                        "tainted": false
                    },
                    "deposed": [],
                    "provider": ""
                },
                "aws_security_group.app-alb": {
                    "type": "aws_security_group",
                    "depends_on": [],
                    "primary": {
                        "id": "sg-c82e88b1",
                        "attributes": {
                            "description": "Managed by Terraform",
                            "egress.#": "1",
                            "egress.482069346.cidr_blocks.#": "1",
                            "egress.482069346.cidr_blocks.0": "0.0.0.0/0",
                            "egress.482069346.from_port": "0",
                            "egress.482069346.ipv6_cidr_blocks.#": "0",
                            "egress.482069346.prefix_list_ids.#": "0",
                            "egress.482069346.protocol": "-1",
                            "egress.482069346.security_groups.#": "0",
                            "egress.482069346.self": "false",
                            "egress.482069346.to_port": "0",
                            "id": "sg-c82e88b1",
                            "ingress.#": "2",
                            "ingress.2214680975.cidr_blocks.#": "1",
                            "ingress.2214680975.cidr_blocks.0": "0.0.0.0/0",
                            "ingress.2214680975.from_port": "80",
                            "ingress.2214680975.ipv6_cidr_blocks.#": "0",
                            "ingress.2214680975.protocol": "tcp",
                            "ingress.2214680975.security_groups.#": "0",
                            "ingress.2214680975.self": "false",
                            "ingress.2214680975.to_port": "80",
                            "ingress.2617001939.cidr_blocks.#": "1",
                            "ingress.2617001939.cidr_blocks.0": "0.0.0.0/0",
                            "ingress.2617001939.from_port": "443",
                            "ingress.2617001939.ipv6_cidr_blocks.#": "0",
                            "ingress.2617001939.protocol": "tcp",
                            "ingress.2617001939.security_groups.#": "0",
                            "ingress.2617001939.self": "false",
                            "ingress.2617001939.to_port": "443",
                            "name": "app-alb_00779cc626f612cba941609490",
                            "name_prefix": "app-alb_",
                            "owner_id": "413524731982",
                            "tags.%": "0",
                            "vpc_id": "vpc-7130d516"
                        },
                        "meta": {},
                        "tainted": false
                    },
                    "deposed": [],
                    "provider": ""
                },
                "aws_security_group.app-ddp-elb": {
                    "type": "aws_security_group",
                    "depends_on": [],
                    "primary": {
                        "id": "sg-c92e88b0",
                        "attributes": {
                            "description": "Managed by Terraform",
                            "egress.#": "1",
                            "egress.482069346.cidr_blocks.#": "1",
                            "egress.482069346.cidr_blocks.0": "0.0.0.0/0",
                            "egress.482069346.from_port": "0",
                            "egress.482069346.ipv6_cidr_blocks.#": "0",
                            "egress.482069346.prefix_list_ids.#": "0",
                            "egress.482069346.protocol": "-1",
                            "egress.482069346.security_groups.#": "0",
                            "egress.482069346.self": "false",
                            "egress.482069346.to_port": "0",
                            "id": "sg-c92e88b0",
                            "ingress.#": "1",
                            "ingress.1408147349.cidr_blocks.#": "9",
                            "ingress.1408147349.cidr_blocks.0": "35.156.200.227/32",
                            "ingress.1408147349.cidr_blocks.1": "35.156.111.234/32",
                            "ingress.1408147349.cidr_blocks.2": "52.23.227.79/32",
                            "ingress.1408147349.cidr_blocks.3": "54.210.43.164/32",
                            "ingress.1408147349.cidr_blocks.4": "54.215.205.228/32",
                            "ingress.1408147349.cidr_blocks.5": "54.67.22.45/32",
                            "ingress.1408147349.cidr_blocks.6": "13.54.97.77/32",
                            "ingress.1408147349.cidr_blocks.7": "13.54.161.57/32",
                            "ingress.1408147349.cidr_blocks.8": "34.253.154.199/32",
                            "ingress.1408147349.from_port": "2545",
                            "ingress.1408147349.ipv6_cidr_blocks.#": "0",
                            "ingress.1408147349.protocol": "tcp",
                            "ingress.1408147349.security_groups.#": "0",
                            "ingress.1408147349.self": "false",
                            "ingress.1408147349.to_port": "2545",
                            "name": "app-elb_00779cc626f612cba941609491",
                            "name_prefix": "app-elb_",
                            "owner_id": "413524731982",
                            "tags.%": "0",
                            "vpc_id": "vpc-7130d516"
                        },
                        "meta": {},
                        "tainted": false
                    },
                    "deposed": [],
                    "provider": ""
                }
            },
            "depends_on": []
        },
        {
            "path": [
                "root",
                "aws-ap-southeast-2"
            ],
            "outputs": {
                "aws_alb_ssc_dns_name": {
                    "sensitive": false,
                    "type": "list",
                    "value": [
                        "ssc006801f87ca4440d3df6a55b65-76198819.ap-southeast-2.elb.amazonaws.com"
                    ]
                },
                "aws_instance_ssc_public_ips": {
                    "sensitive": false,
                    "type": "list",
                    "value": [
                        "13.54.97.77",
                        "13.54.161.57"
                    ]
                },
                "aws_key_pair_orc_key_name": {
                    "sensitive": false,
                    "type": "string",
                    "value": "orc"
                },
                "aws_security_group_ssc_id": {
                    "sensitive": false,
                    "type": "string",
                    "value": "sg-bab971dd"
                }
            },
            "resources": {
                "aws_alb.ssc": {
                    "type": "aws_alb",
                    "depends_on": [
                        "aws_security_group.ssc-alb"
                    ],
                    "primary": {
                        "id": "arn:aws:elasticloadbalancing:ap-southeast-2:214514861431:loadbalancer/app/ssc006801f87ca4440d3df6a55b65/50e3def04075b8ac",
                        "attributes": {
                            "access_logs.#": "0",
                            "arn": "arn:aws:elasticloadbalancing:ap-southeast-2:214514861431:loadbalancer/app/ssc006801f87ca4440d3df6a55b65/50e3def04075b8ac",
                            "arn_suffix": "app/ssc006801f87ca4440d3df6a55b65/50e3def04075b8ac",
                            "dns_name": "ssc006801f87ca4440d3df6a55b65-76198819.ap-southeast-2.elb.amazonaws.com",
                            "enable_deletion_protection": "false",
                            "id": "arn:aws:elasticloadbalancing:ap-southeast-2:214514861431:loadbalancer/app/ssc006801f87ca4440d3df6a55b65/50e3def04075b8ac",
                            "idle_timeout": "60",
                            "internal": "false",
                            "name": "ssc006801f87ca4440d3df6a55b65",
                            "name_prefix": "ssc",
                            "security_groups.#": "1",
                            "security_groups.3760286892": "sg-d9b40ebe",
                            "subnets.#": "2",
                            "subnets.1042717984": "subnet-0c50147b",
                            "subnets.316243216": "subnet-41f5aa24",
                            "tags.%": "0",
                            "vpc_id": "vpc-19cea47c",
                            "zone_id": "Z1GM3OXH4ZPM65"
                        },
                        "meta": {},
                        "tainted": false
                    },
                    "deposed": [],
                    "provider": ""
                },
                "aws_alb_listener.ssc-https": {
                    "type": "aws_alb_listener",
                    "depends_on": [
                        "aws_alb.ssc",
                        "aws_alb_target_group.ssc"
                    ],
                    "primary": {
                        "id": "arn:aws:elasticloadbalancing:ap-southeast-2:214514861431:listener/app/ssc006801f87ca4440d3df6a55b65/50e3def04075b8ac/68405f0fd44eb2e9",
                        "attributes": {
                            "arn": "arn:aws:elasticloadbalancing:ap-southeast-2:214514861431:listener/app/ssc006801f87ca4440d3df6a55b65/50e3def04075b8ac/68405f0fd44eb2e9",
                            "certificate_arn": "arn:aws:iam::214514861431:server-certificate/terminal.strigo.io",
                            "default_action.#": "1",
                            "default_action.0.target_group_arn": "arn:aws:elasticloadbalancing:ap-southeast-2:214514861431:targetgroup/ssc/14e5f1a7fa323548",
                            "default_action.0.type": "forward",
                            "id": "arn:aws:elasticloadbalancing:ap-southeast-2:214514861431:listener/app/ssc006801f87ca4440d3df6a55b65/50e3def04075b8ac/68405f0fd44eb2e9",
                            "load_balancer_arn": "arn:aws:elasticloadbalancing:ap-southeast-2:214514861431:loadbalancer/app/ssc006801f87ca4440d3df6a55b65/50e3def04075b8ac",
                            "port": "443",
                            "protocol": "HTTPS",
                            "ssl_policy": "ELBSecurityPolicy-2015-05"
                        },
                        "meta": {},
                        "tainted": false
                    },
                    "deposed": [],
                    "provider": ""
                },
                "aws_alb_target_group.ssc": {
                    "type": "aws_alb_target_group",
                    "depends_on": [],
                    "primary": {
                        "id": "arn:aws:elasticloadbalancing:ap-southeast-2:214514861431:targetgroup/ssc/14e5f1a7fa323548",
                        "attributes": {
                            "arn": "arn:aws:elasticloadbalancing:ap-southeast-2:214514861431:targetgroup/ssc/14e5f1a7fa323548",
                            "arn_suffix": "targetgroup/ssc/14e5f1a7fa323548",
                            "deregistration_delay": "300",
                            "health_check.#": "1",
                            "health_check.0.healthy_threshold": "5",
                            "health_check.0.interval": "30",
                            "health_check.0.matcher": "200-499",
                            "health_check.0.path": "/",
                            "health_check.0.port": "traffic-port",
                            "health_check.0.protocol": "HTTP",
                            "health_check.0.timeout": "5",
                            "health_check.0.unhealthy_threshold": "2",
                            "id": "arn:aws:elasticloadbalancing:ap-southeast-2:214514861431:targetgroup/ssc/14e5f1a7fa323548",
                            "name": "ssc",
                            "port": "2546",
                            "protocol": "HTTP",
                            "stickiness.#": "1",
                            "stickiness.0.cookie_duration": "2600",
                            "stickiness.0.enabled": "true",
                            "stickiness.0.type": "lb_cookie",
                            "vpc_id": "vpc-19cea47c"
                        },
                        "meta": {},
                        "tainted": false
                    },
                    "deposed": [],
                    "provider": ""
                },
                "aws_alb_target_group_attachment.ssc.0": {
                    "type": "aws_alb_target_group_attachment",
                    "depends_on": [
                        "aws_alb_target_group.ssc",
                        "aws_instance.ssc"
                    ],
                    "primary": {
                        "id": "arn:aws:elasticloadbalancing:ap-southeast-2:214514861431:targetgroup/ssc/14e5f1a7fa323548-00675a887acfc073f3208fc379",
                        "attributes": {
                            "id": "arn:aws:elasticloadbalancing:ap-southeast-2:214514861431:targetgroup/ssc/14e5f1a7fa323548-00675a887acfc073f3208fc379",
                            "port": "2546",
                            "target_group_arn": "arn:aws:elasticloadbalancing:ap-southeast-2:214514861431:targetgroup/ssc/14e5f1a7fa323548",
                            "target_id": "i-0ae79eed1aeae123a"
                        },
                        "meta": {},
                        "tainted": false
                    },
                    "deposed": [],
                    "provider": ""
                },
                "aws_alb_target_group_attachment.ssc.1": {
                    "type": "aws_alb_target_group_attachment",
                    "depends_on": [
                        "aws_alb_target_group.ssc",
                        "aws_instance.ssc"
                    ],
                    "primary": {
                        "id": "arn:aws:elasticloadbalancing:ap-southeast-2:214514861431:targetgroup/ssc/14e5f1a7fa323548-00675a887acfc073f3208fc378",
                        "attributes": {
                            "id": "arn:aws:elasticloadbalancing:ap-southeast-2:214514861431:targetgroup/ssc/14e5f1a7fa323548-00675a887acfc073f3208fc378",
                            "port": "2546",
                            "target_group_arn": "arn:aws:elasticloadbalancing:ap-southeast-2:214514861431:targetgroup/ssc/14e5f1a7fa323548",
                            "target_id": "i-0c3a92a2f2973e24c"
                        },
                        "meta": {},
                        "tainted": false
                    },
                    "deposed": [],
                    "provider": ""
                },
                "aws_instance.ssc.0": {
                    "type": "aws_instance",
                    "depends_on": [
                        "aws_key_pair.orc",
                        "aws_security_group.ssc"
                    ],
                    "primary": {
                        "id": "i-0ae79eed1aeae123a",
                        "attributes": {
                            "ami": "ami-da4f4db9",
                            "associate_public_ip_address": "true",
                            "availability_zone": "ap-southeast-2a",
                            "disable_api_termination": "false",
                            "ebs_block_device.#": "0",
                            "ebs_optimized": "false",
                            "ephemeral_block_device.#": "0",
                            "iam_instance_profile": "",
                            "id": "i-0ae79eed1aeae123a",
                            "instance_state": "running",
                            "instance_type": "m4.large",
                            "ipv6_address_count": "0",
                            "ipv6_addresses.#": "0",
                            "key_name": "orc",
                            "monitoring": "false",
                            "network_interface_id": "eni-89e107c4",
                            "private_dns": "ip-172-31-46-141.ap-southeast-2.compute.internal",
                            "private_ip": "172.31.46.141",
                            "public_dns": "ec2-13-54-97-77.ap-southeast-2.compute.amazonaws.com",
                            "public_ip": "13.54.97.77",
                            "root_block_device.#": "1",
                            "root_block_device.0.delete_on_termination": "true",
                            "root_block_device.0.iops": "100",
                            "root_block_device.0.volume_size": "8",
                            "root_block_device.0.volume_type": "gp2",
                            "security_groups.#": "0",
                            "source_dest_check": "true",
                            "subnet_id": "subnet-0c50147b",
                            "tags.%": "3",
                            "tags.Index": "0",
                            "tags.Name": "strigo-ssc",
                            "tags.Type": "strigo-ssc",
                            "tenancy": "default",
                            "vpc_security_group_ids.#": "2",
                            "vpc_security_group_ids.394968519": "sg-b2b971d5",
                            "vpc_security_group_ids.433794959": "sg-bab971dd"
                        },
                        "meta": {
                            "schema_version": "1"
                        },
                        "tainted": false
                    },
                    "deposed": [],
                    "provider": ""
                },
                "aws_instance.ssc.1": {
                    "type": "aws_instance",
                    "depends_on": [
                        "aws_key_pair.orc",
                        "aws_security_group.ssc"
                    ],
                    "primary": {
                        "id": "i-0c3a92a2f2973e24c",
                        "attributes": {
                            "ami": "ami-da4f4db9",
                            "associate_public_ip_address": "true",
                            "availability_zone": "ap-southeast-2b",
                            "disable_api_termination": "false",
                            "ebs_block_device.#": "0",
                            "ebs_optimized": "false",
                            "ephemeral_block_device.#": "0",
                            "iam_instance_profile": "",
                            "id": "i-0c3a92a2f2973e24c",
                            "instance_state": "running",
                            "instance_type": "m4.large",
                            "ipv6_address_count": "0",
                            "ipv6_addresses.#": "0",
                            "key_name": "orc",
                            "monitoring": "false",
                            "network_interface_id": "eni-2577105e",
                            "private_dns": "ip-172-31-12-48.ap-southeast-2.compute.internal",
                            "private_ip": "172.31.12.48",
                            "public_dns": "ec2-13-54-161-57.ap-southeast-2.compute.amazonaws.com",
                            "public_ip": "13.54.161.57",
                            "root_block_device.#": "1",
                            "root_block_device.0.delete_on_termination": "true",
                            "root_block_device.0.iops": "100",
                            "root_block_device.0.volume_size": "8",
                            "root_block_device.0.volume_type": "gp2",
                            "security_groups.#": "0",
                            "source_dest_check": "true",
                            "subnet_id": "subnet-41f5aa24",
                            "tags.%": "3",
                            "tags.Index": "1",
                            "tags.Name": "strigo-ssc",
                            "tags.Type": "strigo-ssc",
                            "tenancy": "default",
                            "vpc_security_group_ids.#": "2",
                            "vpc_security_group_ids.394968519": "sg-b2b971d5",
                            "vpc_security_group_ids.433794959": "sg-bab971dd"
                        },
                        "meta": {
                            "schema_version": "1"
                        },
                        "tainted": false
                    },
                    "deposed": [],
                    "provider": ""
                },
                "aws_key_pair.orc": {
                    "type": "aws_key_pair",
                    "depends_on": [],
                    "primary": {
                        "id": "orc",
                        "attributes": {
                            "fingerprint": "d6:0b:30:43:1e:00:2c:79:57:0d:83:a9:2a:a3:7b:2f",
                            "id": "orc",
                            "key_name": "orc",
                            "public_key": "ssh-rsa AAAAB3NzaC1yc2EAAAABIwAAAQEAviZ7Zfl0kNazHOVvLxAchs5pqxCXtMB2P40yycWxc1x5lPzSMQS1mtM7zwzrB7yCvHBosiGW+h1/Cq6S+EiGtRXeYx6/niUhGHEa8XZJzD0E6qlLKMC6o0Wu0MvOkiPV/Lb2wo1YhyHiGBumeZfIjYPG2OdI1UJ0RMiXlS7n0v0TLYcy8PgHiKJC1mXzsCxM3sTB2oQEDqFRBy1XxT26ZmKvk8Wbdt/ZPicLRqgql5v3UuMwY6Ki3DqwAIUKoFzHj8yW0nbw2VSJv5n9Hr0ueYujZHTmS19SnPQ5Zli3sTgq9t25aBfTwCd2gDiZ+d+LdY7BLYX/Q7irT/bXHyr91Q== orc@strigo.io"
                        },
                        "meta": {
                            "schema_version": "1"
                        },
                        "tainted": false
                    },
                    "deposed": [],
                    "provider": ""
                },
                "aws_key_pair.strigo-access": {
                    "type": "aws_key_pair",
                    "depends_on": [],
                    "primary": {
                        "id": "strigo-access",
                        "attributes": {
                            "fingerprint": "ea:f4:5a:e5:dd:32:42:9a:c5:9c:4f:02:29:98:fe:05",
                            "id": "strigo-access",
                            "key_name": "strigo-access",
                            "public_key": "ssh-rsa AAAAB3NzaC1yc2EAAAADAQABAAABAQDYj6X/9pwTpoL5WUc3FiuDyArX6ZFuK9jVBmpanZ2K+boB0mYRBIQZVuoBp/ztT3niCY078WujiPrNZfQDFpEDenC7lJyOU4Jve44NoHqW2IWPx9Zw5woeZlJnzLHTw7/AuRQdguKVTdgviZAEuFj5LX4SbvQmK2Q+kINe3Us/FyqBFzVNpZdrzeJpWQNn1Xw9osuF/gCFMxNT5D1vvVPQoyipEmni+hTdfM2Sfam5riwA+Wy4HOJCjoCJQtaIx3VG9/hI1LxLo4ER8F4Dh+X3Khw9hYhRxaGaqADNP2EKlBgfu7m1XrvfsN+x8h2J8zVCERgQ0XsP7n0ktPlrg1+3 app@strigo.io"
                        },
                        "meta": {
                            "schema_version": "1"
                        },
                        "tainted": false
                    },
                    "deposed": [],
                    "provider": ""
                },
                "aws_key_pair.strigo-temp": {
                    "type": "aws_key_pair",
                    "depends_on": [],
                    "primary": {
                        "id": "strigo-temp",
                        "attributes": {
                            "fingerprint": "ea:f4:5a:e5:dd:32:42:9a:c5:9c:4f:02:29:98:fe:05",
                            "id": "strigo-temp",
                            "key_name": "strigo-temp",
                            "public_key": "ssh-rsa AAAAB3NzaC1yc2EAAAADAQABAAABAQDYj6X/9pwTpoL5WUc3FiuDyArX6ZFuK9jVBmpanZ2K+boB0mYRBIQZVuoBp/ztT3niCY078WujiPrNZfQDFpEDenC7lJyOU4Jve44NoHqW2IWPx9Zw5woeZlJnzLHTw7/AuRQdguKVTdgviZAEuFj5LX4SbvQmK2Q+kINe3Us/FyqBFzVNpZdrzeJpWQNn1Xw9osuF/gCFMxNT5D1vvVPQoyipEmni+hTdfM2Sfam5riwA+Wy4HOJCjoCJQtaIx3VG9/hI1LxLo4ER8F4Dh+X3Khw9hYhRxaGaqADNP2EKlBgfu7m1XrvfsN+x8h2J8zVCERgQ0XsP7n0ktPlrg1+3 app@strigo.io"
                        },
                        "meta": {
                            "schema_version": "1"
                        },
                        "tainted": false
                    },
                    "deposed": [],
                    "provider": ""
                },
                "aws_security_group.ssc": {
                    "type": "aws_security_group",
                    "depends_on": [
                        "aws_security_group.ssc-alb"
                    ],
                    "primary": {
                        "id": "sg-bab971dd",
                        "attributes": {
                            "description": "Managed by Terraform",
                            "egress.#": "0",
                            "id": "sg-bab971dd",
                            "ingress.#": "2",
                            "ingress.17913476.cidr_blocks.#": "0",
                            "ingress.17913476.from_port": "2546",
                            "ingress.17913476.ipv6_cidr_blocks.#": "0",
                            "ingress.17913476.protocol": "tcp",
                            "ingress.17913476.security_groups.#": "1",
                            "ingress.17913476.security_groups.3760286892": "sg-d9b40ebe",
                            "ingress.17913476.self": "false",
                            "ingress.17913476.to_port": "2546",
                            "ingress.2541437006.cidr_blocks.#": "1",
                            "ingress.2541437006.cidr_blocks.0": "0.0.0.0/0",
                            "ingress.2541437006.from_port": "22",
                            "ingress.2541437006.ipv6_cidr_blocks.#": "0",
                            "ingress.2541437006.protocol": "tcp",
                            "ingress.2541437006.security_groups.#": "0",
                            "ingress.2541437006.self": "false",
                            "ingress.2541437006.to_port": "22",
                            "name": "ssc_0054fb42562a3bde2b0307519c",
                            "name_prefix": "ssc_",
                            "owner_id": "214514861431",
                            "tags.%": "0",
                            "vpc_id": "vpc-19cea47c"
                        },
                        "meta": {},
                        "tainted": false
                    },
                    "deposed": [],
                    "provider": ""
                },
                "aws_security_group.ssc-alb": {
                    "type": "aws_security_group",
                    "depends_on": [],
                    "primary": {
                        "id": "sg-d9b40ebe",
                        "attributes": {
                            "description": "Managed by Terraform",
                            "egress.#": "1",
                            "egress.482069346.cidr_blocks.#": "1",
                            "egress.482069346.cidr_blocks.0": "0.0.0.0/0",
                            "egress.482069346.from_port": "0",
                            "egress.482069346.ipv6_cidr_blocks.#": "0",
                            "egress.482069346.prefix_list_ids.#": "0",
                            "egress.482069346.protocol": "-1",
                            "egress.482069346.security_groups.#": "0",
                            "egress.482069346.self": "false",
                            "egress.482069346.to_port": "0",
                            "id": "sg-d9b40ebe",
                            "ingress.#": "1",
                            "ingress.2617001939.cidr_blocks.#": "1",
                            "ingress.2617001939.cidr_blocks.0": "0.0.0.0/0",
                            "ingress.2617001939.from_port": "443",
                            "ingress.2617001939.ipv6_cidr_blocks.#": "0",
                            "ingress.2617001939.protocol": "tcp",
                            "ingress.2617001939.security_groups.#": "0",
                            "ingress.2617001939.self": "false",
                            "ingress.2617001939.to_port": "443",
                            "name": "ssc-alb_006801f87ca4440d3df6a55b61",
                            "name_prefix": "ssc-alb_",
                            "owner_id": "214514861431",
                            "tags.%": "0",
                            "vpc_id": "vpc-19cea47c"
                        },
                        "meta": {},
                        "tainted": false
                    },
                    "deposed": [],
                    "provider": ""
                },
                "aws_security_group.strigo-access": {
                    "type": "aws_security_group",
                    "depends_on": [],
                    "primary": {
                        "id": "sg-adbb73ca",
                        "attributes": {
                            "description": "Managed by Terraform",
                            "egress.#": "1",
                            "egress.482069346.cidr_blocks.#": "1",
                            "egress.482069346.cidr_blocks.0": "0.0.0.0/0",
                            "egress.482069346.from_port": "0",
                            "egress.482069346.ipv6_cidr_blocks.#": "0",
                            "egress.482069346.prefix_list_ids.#": "0",
                            "egress.482069346.protocol": "-1",
                            "egress.482069346.security_groups.#": "0",
                            "egress.482069346.self": "false",
                            "egress.482069346.to_port": "0",
                            "id": "sg-adbb73ca",
                            "ingress.#": "1",
                            "ingress.482069346.cidr_blocks.#": "1",
                            "ingress.482069346.cidr_blocks.0": "0.0.0.0/0",
                            "ingress.482069346.from_port": "0",
                            "ingress.482069346.ipv6_cidr_blocks.#": "0",
                            "ingress.482069346.protocol": "-1",
                            "ingress.482069346.security_groups.#": "0",
                            "ingress.482069346.self": "false",
                            "ingress.482069346.to_port": "0",
                            "name": "StrigoAccess",
                            "owner_id": "214514861431",
                            "tags.%": "0",
                            "vpc_id": "vpc-19cea47c"
                        },
                        "meta": {},
                        "tainted": false
                    },
                    "deposed": [],
                    "provider": ""
                }
            },
            "depends_on": []
        },
        {
            "path": [
                "root",
                "aws-eu-central-1"
            ],
            "outputs": {
                "aws_alb_ssc_dns_name": {
                    "sensitive": false,
                    "type": "list",
                    "value": [
                        "ssc006801f87ca4440d3df6a55b62-1514827059.eu-central-1.elb.amazonaws.com"
                    ]
                },
                "aws_instance_ssc_public_ips": {
                    "sensitive": false,
                    "type": "list",
                    "value": [
                        "35.156.200.227",
                        "35.156.111.234"
                    ]
                },
                "aws_key_pair_orc_key_name": {
                    "sensitive": false,
                    "type": "string",
                    "value": "orc"
                },
                "aws_security_group_ssc_id": {
                    "sensitive": false,
                    "type": "string",
                    "value": "sg-169a0d7e"
                }
            },
            "resources": {
                "aws_alb.ssc": {
                    "type": "aws_alb",
                    "depends_on": [
                        "aws_security_group.ssc-alb"
                    ],
                    "primary": {
                        "id": "arn:aws:elasticloadbalancing:eu-central-1:214514861431:loadbalancer/app/ssc006801f87ca4440d3df6a55b62/bae726e1b6e065dd",
                        "attributes": {
                            "access_logs.#": "0",
                            "arn": "arn:aws:elasticloadbalancing:eu-central-1:214514861431:loadbalancer/app/ssc006801f87ca4440d3df6a55b62/bae726e1b6e065dd",
                            "arn_suffix": "app/ssc006801f87ca4440d3df6a55b62/bae726e1b6e065dd",
                            "dns_name": "ssc006801f87ca4440d3df6a55b62-1514827059.eu-central-1.elb.amazonaws.com",
                            "enable_deletion_protection": "false",
                            "id": "arn:aws:elasticloadbalancing:eu-central-1:214514861431:loadbalancer/app/ssc006801f87ca4440d3df6a55b62/bae726e1b6e065dd",
                            "idle_timeout": "60",
                            "internal": "false",
                            "name": "ssc006801f87ca4440d3df6a55b62",
                            "name_prefix": "ssc",
                            "security_groups.#": "1",
                            "security_groups.440115322": "sg-6020e10b",
                            "subnets.#": "2",
                            "subnets.3005255961": "subnet-40c18429",
                            "subnets.611178174": "subnet-6a108811",
                            "tags.%": "0",
                            "vpc_id": "vpc-18c7ab71",
                            "zone_id": "Z215JYRZR1TBD5"
                        },
                        "meta": {},
                        "tainted": false
                    },
                    "deposed": [],
                    "provider": ""
                },
                "aws_alb_listener.ssc-https": {
                    "type": "aws_alb_listener",
                    "depends_on": [
                        "aws_alb.ssc",
                        "aws_alb_target_group.ssc"
                    ],
                    "primary": {
                        "id": "arn:aws:elasticloadbalancing:eu-central-1:214514861431:listener/app/ssc006801f87ca4440d3df6a55b62/bae726e1b6e065dd/e85baeab6f8f91f5",
                        "attributes": {
                            "arn": "arn:aws:elasticloadbalancing:eu-central-1:214514861431:listener/app/ssc006801f87ca4440d3df6a55b62/bae726e1b6e065dd/e85baeab6f8f91f5",
                            "certificate_arn": "arn:aws:iam::214514861431:server-certificate/terminal.strigo.io",
                            "default_action.#": "1",
                            "default_action.0.target_group_arn": "arn:aws:elasticloadbalancing:eu-central-1:214514861431:targetgroup/ssc/02361f6ba7e2bd8c",
                            "default_action.0.type": "forward",
                            "id": "arn:aws:elasticloadbalancing:eu-central-1:214514861431:listener/app/ssc006801f87ca4440d3df6a55b62/bae726e1b6e065dd/e85baeab6f8f91f5",
                            "load_balancer_arn": "arn:aws:elasticloadbalancing:eu-central-1:214514861431:loadbalancer/app/ssc006801f87ca4440d3df6a55b62/bae726e1b6e065dd",
                            "port": "443",
                            "protocol": "HTTPS",
                            "ssl_policy": "ELBSecurityPolicy-2015-05"
                        },
                        "meta": {},
                        "tainted": false
                    },
                    "deposed": [],
                    "provider": ""
                },
                "aws_alb_target_group.ssc": {
                    "type": "aws_alb_target_group",
                    "depends_on": [],
                    "primary": {
                        "id": "arn:aws:elasticloadbalancing:eu-central-1:214514861431:targetgroup/ssc/02361f6ba7e2bd8c",
                        "attributes": {
                            "arn": "arn:aws:elasticloadbalancing:eu-central-1:214514861431:targetgroup/ssc/02361f6ba7e2bd8c",
                            "arn_suffix": "targetgroup/ssc/02361f6ba7e2bd8c",
                            "deregistration_delay": "300",
                            "health_check.#": "1",
                            "health_check.0.healthy_threshold": "5",
                            "health_check.0.interval": "30",
                            "health_check.0.matcher": "200-499",
                            "health_check.0.path": "/",
                            "health_check.0.port": "traffic-port",
                            "health_check.0.protocol": "HTTP",
                            "health_check.0.timeout": "5",
                            "health_check.0.unhealthy_threshold": "2",
                            "id": "arn:aws:elasticloadbalancing:eu-central-1:214514861431:targetgroup/ssc/02361f6ba7e2bd8c",
                            "name": "ssc",
                            "port": "2546",
                            "protocol": "HTTP",
                            "stickiness.#": "1",
                            "stickiness.0.cookie_duration": "2600",
                            "stickiness.0.enabled": "true",
                            "stickiness.0.type": "lb_cookie",
                            "vpc_id": "vpc-18c7ab71"
                        },
                        "meta": {},
                        "tainted": false
                    },
                    "deposed": [],
                    "provider": ""
                },
                "aws_alb_target_group_attachment.ssc.0": {
                    "type": "aws_alb_target_group_attachment",
                    "depends_on": [
                        "aws_alb_target_group.ssc",
                        "aws_instance.ssc"
                    ],
                    "primary": {
                        "id": "arn:aws:elasticloadbalancing:eu-central-1:214514861431:targetgroup/ssc/02361f6ba7e2bd8c-001b97d0ce17149dbe813e6530",
                        "attributes": {
                            "id": "arn:aws:elasticloadbalancing:eu-central-1:214514861431:targetgroup/ssc/02361f6ba7e2bd8c-001b97d0ce17149dbe813e6530",
                            "port": "2546",
                            "target_group_arn": "arn:aws:elasticloadbalancing:eu-central-1:214514861431:targetgroup/ssc/02361f6ba7e2bd8c",
                            "target_id": "i-02b752e7572e1b3c6"
                        },
                        "meta": {},
                        "tainted": false
                    },
                    "deposed": [],
                    "provider": ""
                },
                "aws_alb_target_group_attachment.ssc.1": {
                    "type": "aws_alb_target_group_attachment",
                    "depends_on": [
                        "aws_alb_target_group.ssc",
                        "aws_instance.ssc"
                    ],
                    "primary": {
                        "id": "arn:aws:elasticloadbalancing:eu-central-1:214514861431:targetgroup/ssc/02361f6ba7e2bd8c-001b97d0ce17149dbe813e6531",
                        "attributes": {
                            "id": "arn:aws:elasticloadbalancing:eu-central-1:214514861431:targetgroup/ssc/02361f6ba7e2bd8c-001b97d0ce17149dbe813e6531",
                            "port": "2546",
                            "target_group_arn": "arn:aws:elasticloadbalancing:eu-central-1:214514861431:targetgroup/ssc/02361f6ba7e2bd8c",
                            "target_id": "i-0bc78dc672070908e"
                        },
                        "meta": {},
                        "tainted": false
                    },
                    "deposed": [],
                    "provider": ""
                },
                "aws_instance.ssc.0": {
                    "type": "aws_instance",
                    "depends_on": [
                        "aws_key_pair.orc",
                        "aws_security_group.ssc"
                    ],
                    "primary": {
                        "id": "i-02b752e7572e1b3c6",
                        "attributes": {
                            "ami": "ami-829145ed",
                            "associate_public_ip_address": "true",
                            "availability_zone": "eu-central-1a",
                            "disable_api_termination": "false",
                            "ebs_block_device.#": "0",
                            "ebs_optimized": "false",
                            "ephemeral_block_device.#": "0",
                            "iam_instance_profile": "",
                            "id": "i-02b752e7572e1b3c6",
                            "instance_state": "running",
                            "instance_type": "m4.large",
                            "ipv6_address_count": "0",
                            "ipv6_addresses.#": "0",
                            "key_name": "orc",
                            "monitoring": "false",
                            "network_interface_id": "eni-39371e55",
                            "private_dns": "ip-172-31-5-90.eu-central-1.compute.internal",
                            "private_ip": "172.31.5.90",
                            "public_dns": "ec2-35-156-200-227.eu-central-1.compute.amazonaws.com",
                            "public_ip": "35.156.200.227",
                            "root_block_device.#": "1",
                            "root_block_device.0.delete_on_termination": "true",
                            "root_block_device.0.iops": "100",
                            "root_block_device.0.volume_size": "8",
                            "root_block_device.0.volume_type": "gp2",
                            "security_groups.#": "0",
                            "source_dest_check": "true",
                            "subnet_id": "subnet-40c18429",
                            "tags.%": "3",
                            "tags.Index": "0",
                            "tags.Name": "strigo-ssc",
                            "tags.Type": "strigo-ssc",
                            "tenancy": "default",
                            "vpc_security_group_ids.#": "2",
                            "vpc_security_group_ids.1528535630": "sg-169a0d7e",
                            "vpc_security_group_ids.635907666": "sg-149a0d7c"
                        },
                        "meta": {
                            "schema_version": "1"
                        },
                        "tainted": false
                    },
                    "deposed": [],
                    "provider": ""
                },
                "aws_instance.ssc.1": {
                    "type": "aws_instance",
                    "depends_on": [
                        "aws_key_pair.orc",
                        "aws_security_group.ssc"
                    ],
                    "primary": {
                        "id": "i-0bc78dc672070908e",
                        "attributes": {
                            "ami": "ami-829145ed",
                            "associate_public_ip_address": "true",
                            "availability_zone": "eu-central-1b",
                            "disable_api_termination": "false",
                            "ebs_block_device.#": "0",
                            "ebs_optimized": "false",
                            "ephemeral_block_device.#": "0",
                            "iam_instance_profile": "",
                            "id": "i-0bc78dc672070908e",
                            "instance_state": "running",
                            "instance_type": "m4.large",
                            "ipv6_address_count": "0",
                            "ipv6_addresses.#": "0",
                            "key_name": "orc",
                            "monitoring": "false",
                            "network_interface_id": "eni-bb3988c5",
                            "private_dns": "ip-172-31-29-21.eu-central-1.compute.internal",
                            "private_ip": "172.31.29.21",
                            "public_dns": "ec2-35-156-111-234.eu-central-1.compute.amazonaws.com",
                            "public_ip": "35.156.111.234",
                            "root_block_device.#": "1",
                            "root_block_device.0.delete_on_termination": "true",
                            "root_block_device.0.iops": "100",
                            "root_block_device.0.volume_size": "8",
                            "root_block_device.0.volume_type": "gp2",
                            "security_groups.#": "0",
                            "source_dest_check": "true",
                            "subnet_id": "subnet-6a108811",
                            "tags.%": "3",
                            "tags.Index": "1",
                            "tags.Name": "strigo-ssc",
                            "tags.Type": "strigo-ssc",
                            "tenancy": "default",
                            "vpc_security_group_ids.#": "2",
                            "vpc_security_group_ids.1528535630": "sg-169a0d7e",
                            "vpc_security_group_ids.635907666": "sg-149a0d7c"
                        },
                        "meta": {
                            "schema_version": "1"
                        },
                        "tainted": false
                    },
                    "deposed": [],
                    "provider": ""
                },
                "aws_key_pair.orc": {
                    "type": "aws_key_pair",
                    "depends_on": [],
                    "primary": {
                        "id": "orc",
                        "attributes": {
                            "fingerprint": "d6:0b:30:43:1e:00:2c:79:57:0d:83:a9:2a:a3:7b:2f",
                            "id": "orc",
                            "key_name": "orc",
                            "public_key": "ssh-rsa AAAAB3NzaC1yc2EAAAABIwAAAQEAviZ7Zfl0kNazHOVvLxAchs5pqxCXtMB2P40yycWxc1x5lPzSMQS1mtM7zwzrB7yCvHBosiGW+h1/Cq6S+EiGtRXeYx6/niUhGHEa8XZJzD0E6qlLKMC6o0Wu0MvOkiPV/Lb2wo1YhyHiGBumeZfIjYPG2OdI1UJ0RMiXlS7n0v0TLYcy8PgHiKJC1mXzsCxM3sTB2oQEDqFRBy1XxT26ZmKvk8Wbdt/ZPicLRqgql5v3UuMwY6Ki3DqwAIUKoFzHj8yW0nbw2VSJv5n9Hr0ueYujZHTmS19SnPQ5Zli3sTgq9t25aBfTwCd2gDiZ+d+LdY7BLYX/Q7irT/bXHyr91Q== orc@strigo.io"
                        },
                        "meta": {
                            "schema_version": "1"
                        },
                        "tainted": false
                    },
                    "deposed": [],
                    "provider": ""
                },
                "aws_key_pair.strigo-access": {
                    "type": "aws_key_pair",
                    "depends_on": [],
                    "primary": {
                        "id": "strigo-access",
                        "attributes": {
                            "fingerprint": "ea:f4:5a:e5:dd:32:42:9a:c5:9c:4f:02:29:98:fe:05",
                            "id": "strigo-access",
                            "key_name": "strigo-access",
                            "public_key": "ssh-rsa AAAAB3NzaC1yc2EAAAADAQABAAABAQDYj6X/9pwTpoL5WUc3FiuDyArX6ZFuK9jVBmpanZ2K+boB0mYRBIQZVuoBp/ztT3niCY078WujiPrNZfQDFpEDenC7lJyOU4Jve44NoHqW2IWPx9Zw5woeZlJnzLHTw7/AuRQdguKVTdgviZAEuFj5LX4SbvQmK2Q+kINe3Us/FyqBFzVNpZdrzeJpWQNn1Xw9osuF/gCFMxNT5D1vvVPQoyipEmni+hTdfM2Sfam5riwA+Wy4HOJCjoCJQtaIx3VG9/hI1LxLo4ER8F4Dh+X3Khw9hYhRxaGaqADNP2EKlBgfu7m1XrvfsN+x8h2J8zVCERgQ0XsP7n0ktPlrg1+3 app@strigo.io"
                        },
                        "meta": {
                            "schema_version": "1"
                        },
                        "tainted": false
                    },
                    "deposed": [],
                    "provider": ""
                },
                "aws_key_pair.strigo-temp": {
                    "type": "aws_key_pair",
                    "depends_on": [],
                    "primary": {
                        "id": "strigo-temp",
                        "attributes": {
                            "fingerprint": "ea:f4:5a:e5:dd:32:42:9a:c5:9c:4f:02:29:98:fe:05",
                            "id": "strigo-temp",
                            "key_name": "strigo-temp",
                            "public_key": "ssh-rsa AAAAB3NzaC1yc2EAAAADAQABAAABAQDYj6X/9pwTpoL5WUc3FiuDyArX6ZFuK9jVBmpanZ2K+boB0mYRBIQZVuoBp/ztT3niCY078WujiPrNZfQDFpEDenC7lJyOU4Jve44NoHqW2IWPx9Zw5woeZlJnzLHTw7/AuRQdguKVTdgviZAEuFj5LX4SbvQmK2Q+kINe3Us/FyqBFzVNpZdrzeJpWQNn1Xw9osuF/gCFMxNT5D1vvVPQoyipEmni+hTdfM2Sfam5riwA+Wy4HOJCjoCJQtaIx3VG9/hI1LxLo4ER8F4Dh+X3Khw9hYhRxaGaqADNP2EKlBgfu7m1XrvfsN+x8h2J8zVCERgQ0XsP7n0ktPlrg1+3 app@strigo.io"
                        },
                        "meta": {
                            "schema_version": "1"
                        },
                        "tainted": false
                    },
                    "deposed": [],
                    "provider": ""
                },
                "aws_security_group.ssc": {
                    "type": "aws_security_group",
                    "depends_on": [
                        "aws_security_group.ssc-alb"
                    ],
                    "primary": {
                        "id": "sg-169a0d7e",
                        "attributes": {
                            "description": "Managed by Terraform",
                            "egress.#": "0",
                            "id": "sg-169a0d7e",
                            "ingress.#": "2",
                            "ingress.1851472809.cidr_blocks.#": "0",
                            "ingress.1851472809.from_port": "2546",
                            "ingress.1851472809.ipv6_cidr_blocks.#": "0",
                            "ingress.1851472809.protocol": "tcp",
                            "ingress.1851472809.security_groups.#": "1",
                            "ingress.1851472809.security_groups.440115322": "sg-6020e10b",
                            "ingress.1851472809.self": "false",
                            "ingress.1851472809.to_port": "2546",
                            "ingress.2541437006.cidr_blocks.#": "1",
                            "ingress.2541437006.cidr_blocks.0": "0.0.0.0/0",
                            "ingress.2541437006.from_port": "22",
                            "ingress.2541437006.ipv6_cidr_blocks.#": "0",
                            "ingress.2541437006.protocol": "tcp",
                            "ingress.2541437006.security_groups.#": "0",
                            "ingress.2541437006.self": "false",
                            "ingress.2541437006.to_port": "22",
                            "name": "ssc_2dxx3aqnjjewbdtr54d5jzuone",
                            "name_prefix": "ssc_",
                            "owner_id": "214514861431",
                            "tags.%": "0",
                            "vpc_id": "vpc-18c7ab71"
                        },
                        "meta": {},
                        "tainted": false
                    },
                    "deposed": [],
                    "provider": ""
                },
                "aws_security_group.ssc-alb": {
                    "type": "aws_security_group",
                    "depends_on": [],
                    "primary": {
                        "id": "sg-6020e10b",
                        "attributes": {
                            "description": "Managed by Terraform",
                            "egress.#": "1",
                            "egress.482069346.cidr_blocks.#": "1",
                            "egress.482069346.cidr_blocks.0": "0.0.0.0/0",
                            "egress.482069346.from_port": "0",
                            "egress.482069346.ipv6_cidr_blocks.#": "0",
                            "egress.482069346.prefix_list_ids.#": "0",
                            "egress.482069346.protocol": "-1",
                            "egress.482069346.security_groups.#": "0",
                            "egress.482069346.self": "false",
                            "egress.482069346.to_port": "0",
                            "id": "sg-6020e10b",
                            "ingress.#": "1",
                            "ingress.2617001939.cidr_blocks.#": "1",
                            "ingress.2617001939.cidr_blocks.0": "0.0.0.0/0",
                            "ingress.2617001939.from_port": "443",
                            "ingress.2617001939.ipv6_cidr_blocks.#": "0",
                            "ingress.2617001939.protocol": "tcp",
                            "ingress.2617001939.security_groups.#": "0",
                            "ingress.2617001939.self": "false",
                            "ingress.2617001939.to_port": "443",
                            "name": "ssc-alb_006801f87ca4440d3df6a55b5e",
                            "name_prefix": "ssc-alb_",
                            "owner_id": "214514861431",
                            "tags.%": "0",
                            "vpc_id": "vpc-18c7ab71"
                        },
                        "meta": {},
                        "tainted": false
                    },
                    "deposed": [],
                    "provider": ""
                },
                "aws_security_group.strigo-access": {
                    "type": "aws_security_group",
                    "depends_on": [],
                    "primary": {
                        "id": "sg-c87a6fa0",
                        "attributes": {
                            "description": "Managed by Terraform",
                            "egress.#": "1",
                            "egress.482069346.cidr_blocks.#": "1",
                            "egress.482069346.cidr_blocks.0": "0.0.0.0/0",
                            "egress.482069346.from_port": "0",
                            "egress.482069346.ipv6_cidr_blocks.#": "0",
                            "egress.482069346.prefix_list_ids.#": "0",
                            "egress.482069346.protocol": "-1",
                            "egress.482069346.security_groups.#": "0",
                            "egress.482069346.self": "false",
                            "egress.482069346.to_port": "0",
                            "id": "sg-c87a6fa0",
                            "ingress.#": "1",
                            "ingress.482069346.cidr_blocks.#": "1",
                            "ingress.482069346.cidr_blocks.0": "0.0.0.0/0",
                            "ingress.482069346.from_port": "0",
                            "ingress.482069346.ipv6_cidr_blocks.#": "0",
                            "ingress.482069346.protocol": "-1",
                            "ingress.482069346.security_groups.#": "0",
                            "ingress.482069346.self": "false",
                            "ingress.482069346.to_port": "0",
                            "name": "StrigoAccess",
                            "owner_id": "214514861431",
                            "tags.%": "0",
                            "vpc_id": "vpc-18c7ab71"
                        },
                        "meta": {},
                        "tainted": false
                    },
                    "deposed": [],
                    "provider": ""
                }
            },
            "depends_on": []
        },
        {
            "path": [
                "root",
                "aws-eu-west-1"
            ],
            "outputs": {
                "aws_alb_ssc_dns_name": {
                    "sensitive": false,
                    "type": "list",
                    "value": [
                        "ssc00577f34a5be589a09da0f87c4-284634780.eu-west-1.elb.amazonaws.com"
                    ]
                },
                "aws_instance_ssc_public_ips": {
                    "sensitive": false,
                    "type": "list",
                    "value": [
                        "",
                        ""
                    ]
                },
                "aws_key_pair_orc_key_name": {
                    "sensitive": false,
                    "type": "string",
                    "value": "orc"
                },
                "aws_security_group_ssc_id": {
                    "sensitive": false,
                    "type": "string",
                    "value": "sg-58bd1c21"
                }
            },
            "resources": {
                "aws_alb.ssc": {
                    "type": "aws_alb",
                    "depends_on": [
                        "aws_security_group.ssc-alb"
                    ],
                    "primary": {
                        "id": "arn:aws:elasticloadbalancing:eu-west-1:413524731982:loadbalancer/app/ssc00577f34a5be589a09da0f87c4/891e8f673dfe22e0",
                        "attributes": {
                            "access_logs.#": "0",
                            "arn": "arn:aws:elasticloadbalancing:eu-west-1:413524731982:loadbalancer/app/ssc00577f34a5be589a09da0f87c4/891e8f673dfe22e0",
                            "arn_suffix": "app/ssc00577f34a5be589a09da0f87c4/891e8f673dfe22e0",
                            "dns_name": "ssc00577f34a5be589a09da0f87c4-284634780.eu-west-1.elb.amazonaws.com",
                            "enable_deletion_protection": "false",
                            "id": "arn:aws:elasticloadbalancing:eu-west-1:413524731982:loadbalancer/app/ssc00577f34a5be589a09da0f87c4/891e8f673dfe22e0",
                            "idle_timeout": "60",
                            "internal": "false",
                            "name": "ssc00577f34a5be589a09da0f87c4",
                            "name_prefix": "ssc",
                            "security_groups.#": "1",
                            "security_groups.2298663578": "sg-67be1f1e",
                            "subnets.#": "2",
                            "subnets.1230861670": "subnet-38f91a5f",
                            "subnets.3060859485": "subnet-aa31d3e3",
                            "tags.%": "0",
                            "vpc_id": "vpc-7130d516",
                            "zone_id": "Z32O12XQLNTSW2"
                        },
                        "meta": {},
                        "tainted": false
                    },
                    "deposed": [],
                    "provider": ""
                },
                "aws_alb_listener.ssc-https": {
                    "type": "aws_alb_listener",
                    "depends_on": [
                        "aws_alb.ssc",
                        "aws_alb_target_group.ssc"
                    ],
                    "primary": {
                        "id": "arn:aws:elasticloadbalancing:eu-west-1:413524731982:listener/app/ssc00577f34a5be589a09da0f87c4/891e8f673dfe22e0/cbab0ab15c874509",
                        "attributes": {
                            "arn": "arn:aws:elasticloadbalancing:eu-west-1:413524731982:listener/app/ssc00577f34a5be589a09da0f87c4/891e8f673dfe22e0/cbab0ab15c874509",
                            "certificate_arn": "arn:aws:acm:eu-west-1:413524731982:certificate/577eb648-048a-4e01-b3d9-feb5c793bdc2",
                            "default_action.#": "1",
                            "default_action.0.target_group_arn": "arn:aws:elasticloadbalancing:eu-west-1:413524731982:targetgroup/ssc/a9ee26053bc34cd5",
                            "default_action.0.type": "forward",
                            "id": "arn:aws:elasticloadbalancing:eu-west-1:413524731982:listener/app/ssc00577f34a5be589a09da0f87c4/891e8f673dfe22e0/cbab0ab15c874509",
                            "load_balancer_arn": "arn:aws:elasticloadbalancing:eu-west-1:413524731982:loadbalancer/app/ssc00577f34a5be589a09da0f87c4/891e8f673dfe22e0",
                            "port": "443",
                            "protocol": "HTTPS",
                            "ssl_policy": "ELBSecurityPolicy-2015-05"
                        },
                        "meta": {},
                        "tainted": false
                    },
                    "deposed": [],
                    "provider": ""
                },
                "aws_alb_target_group.ssc": {
                    "type": "aws_alb_target_group",
                    "depends_on": [],
                    "primary": {
                        "id": "arn:aws:elasticloadbalancing:eu-west-1:413524731982:targetgroup/ssc/a9ee26053bc34cd5",
                        "attributes": {
                            "arn": "arn:aws:elasticloadbalancing:eu-west-1:413524731982:targetgroup/ssc/a9ee26053bc34cd5",
                            "arn_suffix": "targetgroup/ssc/a9ee26053bc34cd5",
                            "deregistration_delay": "300",
                            "health_check.#": "1",
                            "health_check.0.healthy_threshold": "5",
                            "health_check.0.interval": "30",
                            "health_check.0.matcher": "200-499",
                            "health_check.0.path": "/",
                            "health_check.0.port": "traffic-port",
                            "health_check.0.protocol": "HTTP",
                            "health_check.0.timeout": "5",
                            "health_check.0.unhealthy_threshold": "2",
                            "id": "arn:aws:elasticloadbalancing:eu-west-1:413524731982:targetgroup/ssc/a9ee26053bc34cd5",
                            "name": "ssc",
                            "port": "2546",
                            "protocol": "HTTP",
                            "stickiness.#": "1",
                            "stickiness.0.cookie_duration": "2600",
                            "stickiness.0.enabled": "true",
                            "stickiness.0.type": "lb_cookie",
                            "vpc_id": "vpc-7130d516"
                        },
                        "meta": {},
                        "tainted": false
                    },
                    "deposed": [],
                    "provider": ""
                },
                "aws_alb_target_group_attachment.ssc.0": {
                    "type": "aws_alb_target_group_attachment",
                    "depends_on": [
                        "aws_alb_target_group.ssc",
                        "aws_instance.ssc.*"
                    ],
                    "primary": {
                        "id": "arn:aws:elasticloadbalancing:eu-west-1:413524731982:targetgroup/ssc/a9ee26053bc34cd5-00577f34a5be589a09da0f87c6",
                        "attributes": {
                            "id": "arn:aws:elasticloadbalancing:eu-west-1:413524731982:targetgroup/ssc/a9ee26053bc34cd5-00577f34a5be589a09da0f87c6",
                            "port": "2546",
                            "target_group_arn": "arn:aws:elasticloadbalancing:eu-west-1:413524731982:targetgroup/ssc/a9ee26053bc34cd5",
                            "target_id": "i-08ded4c9f8ea83d01"
                        },
                        "meta": {},
                        "tainted": false
                    },
                    "deposed": [],
                    "provider": ""
                },
                "aws_alb_target_group_attachment.ssc.1": {
                    "type": "aws_alb_target_group_attachment",
                    "depends_on": [
                        "aws_alb_target_group.ssc",
                        "aws_instance.ssc.*"
                    ],
                    "primary": {
                        "id": "arn:aws:elasticloadbalancing:eu-west-1:413524731982:targetgroup/ssc/a9ee26053bc34cd5-00577f34a5be589a09da0f87c7",
                        "attributes": {
                            "id": "arn:aws:elasticloadbalancing:eu-west-1:413524731982:targetgroup/ssc/a9ee26053bc34cd5-00577f34a5be589a09da0f87c7",
                            "port": "2546",
                            "target_group_arn": "arn:aws:elasticloadbalancing:eu-west-1:413524731982:targetgroup/ssc/a9ee26053bc34cd5",
                            "target_id": "i-068ecbebe1ee6be0b"
                        },
                        "meta": {},
                        "tainted": false
                    },
                    "deposed": [],
                    "provider": ""
                },
                "aws_instance.ssc.0": {
                    "type": "aws_instance",
                    "depends_on": [
                        "aws_key_pair.orc",
                        "aws_security_group.ssc"
                    ],
                    "primary": {
                        "id": "i-08ded4c9f8ea83d01",
                        "attributes": {
                            "ami": "ami-1f83aa79",
                            "associate_public_ip_address": "false",
                            "availability_zone": "eu-west-1a",
                            "disable_api_termination": "false",
                            "ebs_block_device.#": "0",
                            "ebs_optimized": "false",
                            "ephemeral_block_device.#": "0",
                            "iam_instance_profile": "",
                            "id": "i-08ded4c9f8ea83d01",
                            "instance_state": "running",
                            "instance_type": "t2.micro",
                            "ipv6_address_count": "0",
                            "ipv6_addresses.#": "0",
                            "key_name": "orc",
                            "monitoring": "false",
                            "network_interface_id": "eni-360b1249",
                            "private_dns": "ip-172-16-25-106.eu-west-1.compute.internal",
                            "private_ip": "172.16.25.106",
                            "public_dns": "",
                            "public_ip": "",
                            "root_block_device.#": "1",
                            "root_block_device.0.delete_on_termination": "true",
                            "root_block_device.0.iops": "100",
                            "root_block_device.0.volume_size": "8",
                            "root_block_device.0.volume_type": "gp2",
                            "security_groups.#": "0",
                            "source_dest_check": "true",
                            "subnet_id": "subnet-38f91a5f",
                            "tags.%": "3",
                            "tags.Index": "0",
                            "tags.Name": "strigo-ssc",
                            "tags.Type": "strigo-ssc",
                            "tenancy": "default",
                            "vpc_security_group_ids.#": "2",
                            "vpc_security_group_ids.2370144485": "sg-58bd1c21",
                            "vpc_security_group_ids.3388471420": "sg-0325837a"
                        },
                        "meta": {
                            "schema_version": "1"
                        },
                        "tainted": false
                    },
                    "deposed": [],
                    "provider": ""
                },
                "aws_instance.ssc.1": {
                    "type": "aws_instance",
                    "depends_on": [
                        "aws_key_pair.orc",
                        "aws_security_group.ssc"
                    ],
                    "primary": {
                        "id": "i-068ecbebe1ee6be0b",
                        "attributes": {
                            "ami": "ami-1f83aa79",
                            "associate_public_ip_address": "false",
                            "availability_zone": "eu-west-1b",
                            "disable_api_termination": "false",
                            "ebs_block_device.#": "0",
                            "ebs_optimized": "false",
                            "ephemeral_block_device.#": "0",
                            "iam_instance_profile": "",
                            "id": "i-068ecbebe1ee6be0b",
                            "instance_state": "running",
                            "instance_type": "t2.micro",
                            "ipv6_address_count": "0",
                            "ipv6_addresses.#": "0",
                            "key_name": "orc",
                            "monitoring": "false",
                            "network_interface_id": "eni-ae0b7bee",
                            "private_dns": "ip-172-16-40-38.eu-west-1.compute.internal",
                            "private_ip": "172.16.40.38",
                            "public_dns": "",
                            "public_ip": "",
                            "root_block_device.#": "1",
                            "root_block_device.0.delete_on_termination": "true",
                            "root_block_device.0.iops": "100",
                            "root_block_device.0.volume_size": "8",
                            "root_block_device.0.volume_type": "gp2",
                            "security_groups.#": "0",
                            "source_dest_check": "true",
                            "subnet_id": "subnet-aa31d3e3",
                            "tags.%": "3",
                            "tags.Index": "1",
                            "tags.Name": "strigo-ssc",
                            "tags.Type": "strigo-ssc",
                            "tenancy": "default",
                            "vpc_security_group_ids.#": "2",
                            "vpc_security_group_ids.2370144485": "sg-58bd1c21",
                            "vpc_security_group_ids.3388471420": "sg-0325837a"
                        },
                        "meta": {
                            "schema_version": "1"
                        },
                        "tainted": false
                    },
                    "deposed": [],
                    "provider": ""
                },
                "aws_key_pair.orc": {
                    "type": "aws_key_pair",
                    "depends_on": [],
                    "primary": {
                        "id": "orc",
                        "attributes": {
                            "fingerprint": "d6:0b:30:43:1e:00:2c:79:57:0d:83:a9:2a:a3:7b:2f",
                            "id": "orc",
                            "key_name": "orc",
                            "public_key": "ssh-rsa AAAAB3NzaC1yc2EAAAABIwAAAQEAviZ7Zfl0kNazHOVvLxAchs5pqxCXtMB2P40yycWxc1x5lPzSMQS1mtM7zwzrB7yCvHBosiGW+h1/Cq6S+EiGtRXeYx6/niUhGHEa8XZJzD0E6qlLKMC6o0Wu0MvOkiPV/Lb2wo1YhyHiGBumeZfIjYPG2OdI1UJ0RMiXlS7n0v0TLYcy8PgHiKJC1mXzsCxM3sTB2oQEDqFRBy1XxT26ZmKvk8Wbdt/ZPicLRqgql5v3UuMwY6Ki3DqwAIUKoFzHj8yW0nbw2VSJv5n9Hr0ueYujZHTmS19SnPQ5Zli3sTgq9t25aBfTwCd2gDiZ+d+LdY7BLYX/Q7irT/bXHyr91Q== orc@strigo.io"
                        },
                        "meta": {
                            "schema_version": "1"
                        },
                        "tainted": false
                    },
                    "deposed": [],
                    "provider": ""
                },
                "aws_key_pair.strigo-access": {
                    "type": "aws_key_pair",
                    "depends_on": [],
                    "primary": {
                        "id": "strigo-access",
                        "attributes": {
                            "fingerprint": "ea:f4:5a:e5:dd:32:42:9a:c5:9c:4f:02:29:98:fe:05",
                            "id": "strigo-access",
                            "key_name": "strigo-access",
                            "public_key": "ssh-rsa AAAAB3NzaC1yc2EAAAADAQABAAABAQDYj6X/9pwTpoL5WUc3FiuDyArX6ZFuK9jVBmpanZ2K+boB0mYRBIQZVuoBp/ztT3niCY078WujiPrNZfQDFpEDenC7lJyOU4Jve44NoHqW2IWPx9Zw5woeZlJnzLHTw7/AuRQdguKVTdgviZAEuFj5LX4SbvQmK2Q+kINe3Us/FyqBFzVNpZdrzeJpWQNn1Xw9osuF/gCFMxNT5D1vvVPQoyipEmni+hTdfM2Sfam5riwA+Wy4HOJCjoCJQtaIx3VG9/hI1LxLo4ER8F4Dh+X3Khw9hYhRxaGaqADNP2EKlBgfu7m1XrvfsN+x8h2J8zVCERgQ0XsP7n0ktPlrg1+3 app@strigo.io"
                        },
                        "meta": {
                            "schema_version": "1"
                        },
                        "tainted": false
                    },
                    "deposed": [],
                    "provider": ""
                },
                "aws_key_pair.strigo-temp": {
                    "type": "aws_key_pair",
                    "depends_on": [],
                    "primary": {
                        "id": "strigo-temp",
                        "attributes": {
                            "fingerprint": "ea:f4:5a:e5:dd:32:42:9a:c5:9c:4f:02:29:98:fe:05",
                            "id": "strigo-temp",
                            "key_name": "strigo-temp",
                            "public_key": "ssh-rsa AAAAB3NzaC1yc2EAAAADAQABAAABAQDYj6X/9pwTpoL5WUc3FiuDyArX6ZFuK9jVBmpanZ2K+boB0mYRBIQZVuoBp/ztT3niCY078WujiPrNZfQDFpEDenC7lJyOU4Jve44NoHqW2IWPx9Zw5woeZlJnzLHTw7/AuRQdguKVTdgviZAEuFj5LX4SbvQmK2Q+kINe3Us/FyqBFzVNpZdrzeJpWQNn1Xw9osuF/gCFMxNT5D1vvVPQoyipEmni+hTdfM2Sfam5riwA+Wy4HOJCjoCJQtaIx3VG9/hI1LxLo4ER8F4Dh+X3Khw9hYhRxaGaqADNP2EKlBgfu7m1XrvfsN+x8h2J8zVCERgQ0XsP7n0ktPlrg1+3 app@strigo.io"
                        },
                        "meta": {
                            "schema_version": "1"
                        },
                        "tainted": false
                    },
                    "deposed": [],
                    "provider": ""
                },
                "aws_security_group.ssc": {
                    "type": "aws_security_group",
                    "depends_on": [],
                    "primary": {
                        "id": "sg-58bd1c21",
                        "attributes": {
                            "description": "Managed by Terraform",
                            "egress.#": "0",
                            "id": "sg-58bd1c21",
                            "ingress.#": "2",
                            "ingress.2541437006.cidr_blocks.#": "1",
                            "ingress.2541437006.cidr_blocks.0": "0.0.0.0/0",
                            "ingress.2541437006.from_port": "22",
                            "ingress.2541437006.ipv6_cidr_blocks.#": "0",
                            "ingress.2541437006.protocol": "tcp",
                            "ingress.2541437006.security_groups.#": "0",
                            "ingress.2541437006.self": "false",
                            "ingress.2541437006.to_port": "22",
                            "ingress.3468877987.cidr_blocks.#": "0",
                            "ingress.3468877987.from_port": "2546",
                            "ingress.3468877987.ipv6_cidr_blocks.#": "0",
                            "ingress.3468877987.protocol": "tcp",
                            "ingress.3468877987.security_groups.#": "1",
                            "ingress.3468877987.security_groups.2298663578": "sg-67be1f1e",
                            "ingress.3468877987.self": "false",
                            "ingress.3468877987.to_port": "2546",
                            "name": "ssc_00577f34a5be589a09da0f87c5",
                            "name_prefix": "ssc_",
                            "owner_id": "413524731982",
                            "tags.%": "0",
                            "vpc_id": "vpc-7130d516"
                        },
                        "meta": {},
                        "tainted": false
                    },
                    "deposed": [],
                    "provider": ""
                },
                "aws_security_group.ssc-alb": {
                    "type": "aws_security_group",
                    "depends_on": [],
                    "primary": {
                        "id": "sg-67be1f1e",
                        "attributes": {
                            "description": "Managed by Terraform",
                            "egress.#": "1",
                            "egress.482069346.cidr_blocks.#": "1",
                            "egress.482069346.cidr_blocks.0": "0.0.0.0/0",
                            "egress.482069346.from_port": "0",
                            "egress.482069346.ipv6_cidr_blocks.#": "0",
                            "egress.482069346.prefix_list_ids.#": "0",
                            "egress.482069346.protocol": "-1",
                            "egress.482069346.security_groups.#": "0",
                            "egress.482069346.self": "false",
                            "egress.482069346.to_port": "0",
                            "id": "sg-67be1f1e",
                            "ingress.#": "1",
                            "ingress.2617001939.cidr_blocks.#": "1",
                            "ingress.2617001939.cidr_blocks.0": "0.0.0.0/0",
                            "ingress.2617001939.from_port": "443",
                            "ingress.2617001939.ipv6_cidr_blocks.#": "0",
                            "ingress.2617001939.protocol": "tcp",
                            "ingress.2617001939.security_groups.#": "0",
                            "ingress.2617001939.self": "false",
                            "ingress.2617001939.to_port": "443",
                            "name": "ssc-alb_00577f34a5be589a09da0f87c3",
                            "name_prefix": "ssc-alb_",
                            "owner_id": "413524731982",
                            "tags.%": "0",
                            "vpc_id": "vpc-7130d516"
                        },
                        "meta": {},
                        "tainted": false
                    },
                    "deposed": [],
                    "provider": ""
                },
                "aws_security_group.strigo-access": {
                    "type": "aws_security_group",
                    "depends_on": [],
                    "primary": {
                        "id": "sg-c8ba1bb1",
                        "attributes": {
                            "description": "Managed by Terraform",
                            "egress.#": "1",
                            "egress.482069346.cidr_blocks.#": "1",
                            "egress.482069346.cidr_blocks.0": "0.0.0.0/0",
                            "egress.482069346.from_port": "0",
                            "egress.482069346.ipv6_cidr_blocks.#": "0",
                            "egress.482069346.prefix_list_ids.#": "0",
                            "egress.482069346.protocol": "-1",
                            "egress.482069346.security_groups.#": "0",
                            "egress.482069346.self": "false",
                            "egress.482069346.to_port": "0",
                            "id": "sg-c8ba1bb1",
                            "ingress.#": "1",
                            "ingress.482069346.cidr_blocks.#": "1",
                            "ingress.482069346.cidr_blocks.0": "0.0.0.0/0",
                            "ingress.482069346.from_port": "0",
                            "ingress.482069346.ipv6_cidr_blocks.#": "0",
                            "ingress.482069346.protocol": "-1",
                            "ingress.482069346.security_groups.#": "0",
                            "ingress.482069346.self": "false",
                            "ingress.482069346.to_port": "0",
                            "name": "StrigoAccess",
                            "owner_id": "413524731982",
                            "tags.%": "0",
                            "vpc_id": "vpc-7130d516"
                        },
                        "meta": {},
                        "tainted": false
                    },
                    "deposed": [],
                    "provider": ""
                }
            },
            "depends_on": []
        },
        {
            "path": [
                "root",
                "aws-us-east-1"
            ],
            "outputs": {
                "aws_alb_ssc_dns_name": {
                    "sensitive": false,
                    "type": "list",
                    "value": [
                        "ssc006801f87ca4440d3df6a55b63-1143965316.us-east-1.elb.amazonaws.com"
                    ]
                },
                "aws_instance_ssc_public_ips": {
                    "sensitive": false,
                    "type": "list",
                    "value": [
                        "52.23.227.79",
                        "54.210.43.164"
                    ]
                },
                "aws_key_pair_orc_key_name": {
                    "sensitive": false,
                    "type": "string",
                    "value": "orc"
                },
                "aws_security_group_ssc_id": {
                    "sensitive": false,
                    "type": "string",
                    "value": "sg-6b15c311"
                }
            },
            "resources": {
                "aws_alb.ssc": {
                    "type": "aws_alb",
                    "depends_on": [
                        "aws_security_group.ssc-alb"
                    ],
                    "primary": {
                        "id": "arn:aws:elasticloadbalancing:us-east-1:214514861431:loadbalancer/app/ssc006801f87ca4440d3df6a55b63/0f778c38e7ed90b5",
                        "attributes": {
                            "access_logs.#": "0",
                            "arn": "arn:aws:elasticloadbalancing:us-east-1:214514861431:loadbalancer/app/ssc006801f87ca4440d3df6a55b63/0f778c38e7ed90b5",
                            "arn_suffix": "app/ssc006801f87ca4440d3df6a55b63/0f778c38e7ed90b5",
                            "dns_name": "ssc006801f87ca4440d3df6a55b63-1143965316.us-east-1.elb.amazonaws.com",
                            "enable_deletion_protection": "false",
                            "id": "arn:aws:elasticloadbalancing:us-east-1:214514861431:loadbalancer/app/ssc006801f87ca4440d3df6a55b63/0f778c38e7ed90b5",
                            "idle_timeout": "60",
                            "internal": "false",
                            "name": "ssc006801f87ca4440d3df6a55b63",
                            "name_prefix": "ssc",
                            "security_groups.#": "1",
                            "security_groups.4289065387": "sg-84986efb",
                            "subnets.#": "2",
                            "subnets.1740626843": "subnet-ccc4fbe7",
                            "subnets.2282267930": "subnet-02d92c74",
                            "tags.%": "0",
                            "vpc_id": "vpc-6d4dff09",
                            "zone_id": "Z35SXDOTRQ7X7K"
                        },
                        "meta": {},
                        "tainted": false
                    },
                    "deposed": [],
                    "provider": ""
                },
                "aws_alb_listener.ssc-https": {
                    "type": "aws_alb_listener",
                    "depends_on": [
                        "aws_alb.ssc",
                        "aws_alb_target_group.ssc"
                    ],
                    "primary": {
                        "id": "arn:aws:elasticloadbalancing:us-east-1:214514861431:listener/app/ssc006801f87ca4440d3df6a55b63/0f778c38e7ed90b5/4368be8e24533833",
                        "attributes": {
                            "arn": "arn:aws:elasticloadbalancing:us-east-1:214514861431:listener/app/ssc006801f87ca4440d3df6a55b63/0f778c38e7ed90b5/4368be8e24533833",
                            "certificate_arn": "arn:aws:iam::214514861431:server-certificate/terminal.strigo.io",
                            "default_action.#": "1",
                            "default_action.0.target_group_arn": "arn:aws:elasticloadbalancing:us-east-1:214514861431:targetgroup/ssc/0b0caf7c1de03357",
                            "default_action.0.type": "forward",
                            "id": "arn:aws:elasticloadbalancing:us-east-1:214514861431:listener/app/ssc006801f87ca4440d3df6a55b63/0f778c38e7ed90b5/4368be8e24533833",
                            "load_balancer_arn": "arn:aws:elasticloadbalancing:us-east-1:214514861431:loadbalancer/app/ssc006801f87ca4440d3df6a55b63/0f778c38e7ed90b5",
                            "port": "443",
                            "protocol": "HTTPS",
                            "ssl_policy": "ELBSecurityPolicy-2015-05"
                        },
                        "meta": {},
                        "tainted": false
                    },
                    "deposed": [],
                    "provider": ""
                },
                "aws_alb_target_group.ssc": {
                    "type": "aws_alb_target_group",
                    "depends_on": [],
                    "primary": {
                        "id": "arn:aws:elasticloadbalancing:us-east-1:214514861431:targetgroup/ssc/0b0caf7c1de03357",
                        "attributes": {
                            "arn": "arn:aws:elasticloadbalancing:us-east-1:214514861431:targetgroup/ssc/0b0caf7c1de03357",
                            "arn_suffix": "targetgroup/ssc/0b0caf7c1de03357",
                            "deregistration_delay": "300",
                            "health_check.#": "1",
                            "health_check.0.healthy_threshold": "5",
                            "health_check.0.interval": "30",
                            "health_check.0.matcher": "200-499",
                            "health_check.0.path": "/",
                            "health_check.0.port": "traffic-port",
                            "health_check.0.protocol": "HTTP",
                            "health_check.0.timeout": "5",
                            "health_check.0.unhealthy_threshold": "2",
                            "id": "arn:aws:elasticloadbalancing:us-east-1:214514861431:targetgroup/ssc/0b0caf7c1de03357",
                            "name": "ssc",
                            "port": "2546",
                            "protocol": "HTTP",
                            "stickiness.#": "1",
                            "stickiness.0.cookie_duration": "2600",
                            "stickiness.0.enabled": "true",
                            "stickiness.0.type": "lb_cookie",
                            "vpc_id": "vpc-6d4dff09"
                        },
                        "meta": {},
                        "tainted": false
                    },
                    "deposed": [],
                    "provider": ""
                },
                "aws_alb_target_group_attachment.ssc.0": {
                    "type": "aws_alb_target_group_attachment",
                    "depends_on": [
                        "aws_alb_target_group.ssc",
                        "aws_instance.ssc"
                    ],
                    "primary": {
                        "id": "arn:aws:elasticloadbalancing:us-east-1:214514861431:targetgroup/ssc/0b0caf7c1de03357-001b97d0ce17149dbe813e6534",
                        "attributes": {
                            "id": "arn:aws:elasticloadbalancing:us-east-1:214514861431:targetgroup/ssc/0b0caf7c1de03357-001b97d0ce17149dbe813e6534",
                            "port": "2546",
                            "target_group_arn": "arn:aws:elasticloadbalancing:us-east-1:214514861431:targetgroup/ssc/0b0caf7c1de03357",
                            "target_id": "i-07e6fe9c09121832c"
                        },
                        "meta": {},
                        "tainted": false
                    },
                    "deposed": [],
                    "provider": ""
                },
                "aws_alb_target_group_attachment.ssc.1": {
                    "type": "aws_alb_target_group_attachment",
                    "depends_on": [
                        "aws_alb_target_group.ssc",
                        "aws_instance.ssc"
                    ],
                    "primary": {
                        "id": "arn:aws:elasticloadbalancing:us-east-1:214514861431:targetgroup/ssc/0b0caf7c1de03357-001b97d0ce17149dbe813e6535",
                        "attributes": {
                            "id": "arn:aws:elasticloadbalancing:us-east-1:214514861431:targetgroup/ssc/0b0caf7c1de03357-001b97d0ce17149dbe813e6535",
                            "port": "2546",
                            "target_group_arn": "arn:aws:elasticloadbalancing:us-east-1:214514861431:targetgroup/ssc/0b0caf7c1de03357",
                            "target_id": "i-09a070ad61888fbac"
                        },
                        "meta": {},
                        "tainted": false
                    },
                    "deposed": [],
                    "provider": ""
                },
                "aws_instance.ssc.0": {
                    "type": "aws_instance",
                    "depends_on": [
                        "aws_key_pair.orc",
                        "aws_security_group.ssc"
                    ],
                    "primary": {
                        "id": "i-07e6fe9c09121832c",
                        "attributes": {
                            "ami": "ami-09b3691f",
                            "associate_public_ip_address": "true",
                            "availability_zone": "us-east-1a",
                            "disable_api_termination": "false",
                            "ebs_block_device.#": "0",
                            "ebs_optimized": "false",
                            "ephemeral_block_device.#": "0",
                            "iam_instance_profile": "",
                            "id": "i-07e6fe9c09121832c",
                            "instance_state": "running",
                            "instance_type": "m4.large",
                            "ipv6_address_count": "0",
                            "ipv6_addresses.#": "0",
                            "key_name": "orc",
                            "monitoring": "false",
                            "network_interface_id": "eni-264d3ed3",
                            "private_dns": "ip-172-31-59-204.ec2.internal",
                            "private_ip": "172.31.59.204",
                            "public_dns": "ec2-52-23-227-79.compute-1.amazonaws.com",
                            "public_ip": "52.23.227.79",
                            "root_block_device.#": "1",
                            "root_block_device.0.delete_on_termination": "true",
                            "root_block_device.0.iops": "100",
                            "root_block_device.0.volume_size": "8",
                            "root_block_device.0.volume_type": "gp2",
                            "security_groups.#": "0",
                            "source_dest_check": "true",
                            "subnet_id": "subnet-ccc4fbe7",
                            "tags.%": "3",
                            "tags.Index": "0",
                            "tags.Name": "strigo-ssc",
                            "tags.Type": "strigo-ssc",
                            "tenancy": "default",
                            "vpc_security_group_ids.#": "2",
                            "vpc_security_group_ids.764616583": "sg-6b15c311",
                            "vpc_security_group_ids.859830468": "sg-6815c312"
                        },
                        "meta": {
                            "schema_version": "1"
                        },
                        "tainted": false
                    },
                    "deposed": [],
                    "provider": ""
                },
                "aws_instance.ssc.1": {
                    "type": "aws_instance",
                    "depends_on": [
                        "aws_key_pair.orc",
                        "aws_security_group.ssc"
                    ],
                    "primary": {
                        "id": "i-09a070ad61888fbac",
                        "attributes": {
                            "ami": "ami-09b3691f",
                            "associate_public_ip_address": "true",
                            "availability_zone": "us-east-1b",
                            "disable_api_termination": "false",
                            "ebs_block_device.#": "0",
                            "ebs_optimized": "false",
                            "ephemeral_block_device.#": "0",
                            "iam_instance_profile": "",
                            "id": "i-09a070ad61888fbac",
                            "instance_state": "running",
                            "instance_type": "m4.large",
                            "ipv6_address_count": "0",
                            "ipv6_addresses.#": "0",
                            "key_name": "orc",
                            "monitoring": "false",
                            "network_interface_id": "eni-8d3c5f6e",
                            "private_dns": "ip-172-31-5-254.ec2.internal",
                            "private_ip": "172.31.5.254",
                            "public_dns": "ec2-54-210-43-164.compute-1.amazonaws.com",
                            "public_ip": "54.210.43.164",
                            "root_block_device.#": "1",
                            "root_block_device.0.delete_on_termination": "true",
                            "root_block_device.0.iops": "100",
                            "root_block_device.0.volume_size": "8",
                            "root_block_device.0.volume_type": "gp2",
                            "security_groups.#": "0",
                            "source_dest_check": "true",
                            "subnet_id": "subnet-02d92c74",
                            "tags.%": "3",
                            "tags.Index": "1",
                            "tags.Name": "strigo-ssc",
                            "tags.Type": "strigo-ssc",
                            "tenancy": "default",
                            "vpc_security_group_ids.#": "2",
                            "vpc_security_group_ids.764616583": "sg-6b15c311",
                            "vpc_security_group_ids.859830468": "sg-6815c312"
                        },
                        "meta": {
                            "schema_version": "1"
                        },
                        "tainted": false
                    },
                    "deposed": [],
                    "provider": ""
                },
                "aws_key_pair.orc": {
                    "type": "aws_key_pair",
                    "depends_on": [],
                    "primary": {
                        "id": "orc",
                        "attributes": {
                            "fingerprint": "d6:0b:30:43:1e:00:2c:79:57:0d:83:a9:2a:a3:7b:2f",
                            "id": "orc",
                            "key_name": "orc",
                            "public_key": "ssh-rsa AAAAB3NzaC1yc2EAAAABIwAAAQEAviZ7Zfl0kNazHOVvLxAchs5pqxCXtMB2P40yycWxc1x5lPzSMQS1mtM7zwzrB7yCvHBosiGW+h1/Cq6S+EiGtRXeYx6/niUhGHEa8XZJzD0E6qlLKMC6o0Wu0MvOkiPV/Lb2wo1YhyHiGBumeZfIjYPG2OdI1UJ0RMiXlS7n0v0TLYcy8PgHiKJC1mXzsCxM3sTB2oQEDqFRBy1XxT26ZmKvk8Wbdt/ZPicLRqgql5v3UuMwY6Ki3DqwAIUKoFzHj8yW0nbw2VSJv5n9Hr0ueYujZHTmS19SnPQ5Zli3sTgq9t25aBfTwCd2gDiZ+d+LdY7BLYX/Q7irT/bXHyr91Q== orc@strigo.io"
                        },
                        "meta": {
                            "schema_version": "1"
                        },
                        "tainted": false
                    },
                    "deposed": [],
                    "provider": ""
                },
                "aws_key_pair.strigo-access": {
                    "type": "aws_key_pair",
                    "depends_on": [],
                    "primary": {
                        "id": "strigo-access",
                        "attributes": {
                            "fingerprint": "ea:f4:5a:e5:dd:32:42:9a:c5:9c:4f:02:29:98:fe:05",
                            "id": "strigo-access",
                            "key_name": "strigo-access",
                            "public_key": "ssh-rsa AAAAB3NzaC1yc2EAAAADAQABAAABAQDYj6X/9pwTpoL5WUc3FiuDyArX6ZFuK9jVBmpanZ2K+boB0mYRBIQZVuoBp/ztT3niCY078WujiPrNZfQDFpEDenC7lJyOU4Jve44NoHqW2IWPx9Zw5woeZlJnzLHTw7/AuRQdguKVTdgviZAEuFj5LX4SbvQmK2Q+kINe3Us/FyqBFzVNpZdrzeJpWQNn1Xw9osuF/gCFMxNT5D1vvVPQoyipEmni+hTdfM2Sfam5riwA+Wy4HOJCjoCJQtaIx3VG9/hI1LxLo4ER8F4Dh+X3Khw9hYhRxaGaqADNP2EKlBgfu7m1XrvfsN+x8h2J8zVCERgQ0XsP7n0ktPlrg1+3 app@strigo.io"
                        },
                        "meta": {
                            "schema_version": "1"
                        },
                        "tainted": false
                    },
                    "deposed": [],
                    "provider": ""
                },
                "aws_key_pair.strigo-temp": {
                    "type": "aws_key_pair",
                    "depends_on": [],
                    "primary": {
                        "id": "strigo-temp",
                        "attributes": {
                            "fingerprint": "ea:f4:5a:e5:dd:32:42:9a:c5:9c:4f:02:29:98:fe:05",
                            "id": "strigo-temp",
                            "key_name": "strigo-temp",
                            "public_key": "ssh-rsa AAAAB3NzaC1yc2EAAAADAQABAAABAQDYj6X/9pwTpoL5WUc3FiuDyArX6ZFuK9jVBmpanZ2K+boB0mYRBIQZVuoBp/ztT3niCY078WujiPrNZfQDFpEDenC7lJyOU4Jve44NoHqW2IWPx9Zw5woeZlJnzLHTw7/AuRQdguKVTdgviZAEuFj5LX4SbvQmK2Q+kINe3Us/FyqBFzVNpZdrzeJpWQNn1Xw9osuF/gCFMxNT5D1vvVPQoyipEmni+hTdfM2Sfam5riwA+Wy4HOJCjoCJQtaIx3VG9/hI1LxLo4ER8F4Dh+X3Khw9hYhRxaGaqADNP2EKlBgfu7m1XrvfsN+x8h2J8zVCERgQ0XsP7n0ktPlrg1+3 app@strigo.io"
                        },
                        "meta": {
                            "schema_version": "1"
                        },
                        "tainted": false
                    },
                    "deposed": [],
                    "provider": ""
                },
                "aws_security_group.ssc": {
                    "type": "aws_security_group",
                    "depends_on": [
                        "aws_security_group.ssc-alb"
                    ],
                    "primary": {
                        "id": "sg-6b15c311",
                        "attributes": {
                            "description": "Managed by Terraform",
                            "egress.#": "0",
                            "id": "sg-6b15c311",
                            "ingress.#": "2",
                            "ingress.2541437006.cidr_blocks.#": "1",
                            "ingress.2541437006.cidr_blocks.0": "0.0.0.0/0",
                            "ingress.2541437006.from_port": "22",
                            "ingress.2541437006.ipv6_cidr_blocks.#": "0",
                            "ingress.2541437006.protocol": "tcp",
                            "ingress.2541437006.security_groups.#": "0",
                            "ingress.2541437006.self": "false",
                            "ingress.2541437006.to_port": "22",
                            "ingress.2674542522.cidr_blocks.#": "0",
                            "ingress.2674542522.from_port": "2546",
                            "ingress.2674542522.ipv6_cidr_blocks.#": "0",
                            "ingress.2674542522.protocol": "tcp",
                            "ingress.2674542522.security_groups.#": "1",
                            "ingress.2674542522.security_groups.4289065387": "sg-84986efb",
                            "ingress.2674542522.self": "false",
                            "ingress.2674542522.to_port": "2546",
                            "name": "ssc_722ys265rzblxboana23efjc4y",
                            "name_prefix": "ssc_",
                            "owner_id": "214514861431",
                            "tags.%": "0",
                            "vpc_id": "vpc-6d4dff09"
                        },
                        "meta": {},
                        "tainted": false
                    },
                    "deposed": [],
                    "provider": ""
                },
                "aws_security_group.ssc-alb": {
                    "type": "aws_security_group",
                    "depends_on": [],
                    "primary": {
                        "id": "sg-84986efb",
                        "attributes": {
                            "description": "Managed by Terraform",
                            "egress.#": "1",
                            "egress.482069346.cidr_blocks.#": "1",
                            "egress.482069346.cidr_blocks.0": "0.0.0.0/0",
                            "egress.482069346.from_port": "0",
                            "egress.482069346.ipv6_cidr_blocks.#": "0",
                            "egress.482069346.prefix_list_ids.#": "0",
                            "egress.482069346.protocol": "-1",
                            "egress.482069346.security_groups.#": "0",
                            "egress.482069346.self": "false",
                            "egress.482069346.to_port": "0",
                            "id": "sg-84986efb",
                            "ingress.#": "1",
                            "ingress.2617001939.cidr_blocks.#": "1",
                            "ingress.2617001939.cidr_blocks.0": "0.0.0.0/0",
                            "ingress.2617001939.from_port": "443",
                            "ingress.2617001939.ipv6_cidr_blocks.#": "0",
                            "ingress.2617001939.protocol": "tcp",
                            "ingress.2617001939.security_groups.#": "0",
                            "ingress.2617001939.self": "false",
                            "ingress.2617001939.to_port": "443",
                            "name": "ssc-alb_006801f87ca4440d3df6a55b5f",
                            "name_prefix": "ssc-alb_",
                            "owner_id": "214514861431",
                            "tags.%": "0",
                            "vpc_id": "vpc-6d4dff09"
                        },
                        "meta": {},
                        "tainted": false
                    },
                    "deposed": [],
                    "provider": ""
                },
                "aws_security_group.strigo-access": {
                    "type": "aws_security_group",
                    "depends_on": [],
                    "primary": {
                        "id": "sg-1e7cb662",
                        "attributes": {
                            "description": "Managed by Terraform",
                            "egress.#": "1",
                            "egress.482069346.cidr_blocks.#": "1",
                            "egress.482069346.cidr_blocks.0": "0.0.0.0/0",
                            "egress.482069346.from_port": "0",
                            "egress.482069346.ipv6_cidr_blocks.#": "0",
                            "egress.482069346.prefix_list_ids.#": "0",
                            "egress.482069346.protocol": "-1",
                            "egress.482069346.security_groups.#": "0",
                            "egress.482069346.self": "false",
                            "egress.482069346.to_port": "0",
                            "id": "sg-1e7cb662",
                            "ingress.#": "1",
                            "ingress.482069346.cidr_blocks.#": "1",
                            "ingress.482069346.cidr_blocks.0": "0.0.0.0/0",
                            "ingress.482069346.from_port": "0",
                            "ingress.482069346.ipv6_cidr_blocks.#": "0",
                            "ingress.482069346.protocol": "-1",
                            "ingress.482069346.security_groups.#": "0",
                            "ingress.482069346.self": "false",
                            "ingress.482069346.to_port": "0",
                            "name": "StrigoAccess",
                            "owner_id": "214514861431",
                            "tags.%": "0",
                            "vpc_id": "vpc-6d4dff09"
                        },
                        "meta": {},
                        "tainted": false
                    },
                    "deposed": [],
                    "provider": ""
                }
            },
            "depends_on": []
        },
        {
            "path": [
                "root",
                "aws-us-west-1"
            ],
            "outputs": {
                "aws_alb_ssc_dns_name": {
                    "sensitive": false,
                    "type": "list",
                    "value": [
                        "ssc006801f87ca4440d3df6a55b64-1353984852.us-west-1.elb.amazonaws.com"
                    ]
                },
                "aws_instance_ssc_public_ips": {
                    "sensitive": false,
                    "type": "list",
                    "value": [
                        "54.215.205.228",
                        "54.67.22.45"
                    ]
                },
                "aws_key_pair_orc_key_name": {
                    "sensitive": false,
                    "type": "string",
                    "value": "orc"
                },
                "aws_security_group_ssc_id": {
                    "sensitive": false,
                    "type": "string",
                    "value": "sg-6871420c"
                }
            },
            "resources": {
                "aws_alb.ssc": {
                    "type": "aws_alb",
                    "depends_on": [
                        "aws_security_group.ssc-alb"
                    ],
                    "primary": {
                        "id": "arn:aws:elasticloadbalancing:us-west-1:214514861431:loadbalancer/app/ssc006801f87ca4440d3df6a55b64/25ca45b52cfb7cdf",
                        "attributes": {
                            "access_logs.#": "0",
                            "arn": "arn:aws:elasticloadbalancing:us-west-1:214514861431:loadbalancer/app/ssc006801f87ca4440d3df6a55b64/25ca45b52cfb7cdf",
                            "arn_suffix": "app/ssc006801f87ca4440d3df6a55b64/25ca45b52cfb7cdf",
                            "dns_name": "ssc006801f87ca4440d3df6a55b64-1353984852.us-west-1.elb.amazonaws.com",
                            "enable_deletion_protection": "false",
                            "id": "arn:aws:elasticloadbalancing:us-west-1:214514861431:loadbalancer/app/ssc006801f87ca4440d3df6a55b64/25ca45b52cfb7cdf",
                            "idle_timeout": "60",
                            "internal": "false",
                            "name": "ssc006801f87ca4440d3df6a55b64",
                            "name_prefix": "ssc",
                            "security_groups.#": "1",
                            "security_groups.1800244250": "sg-13c65774",
                            "subnets.#": "2",
                            "subnets.119891700": "subnet-1fbe1546",
                            "subnets.3311744767": "subnet-18513b7d",
                            "tags.%": "0",
                            "vpc_id": "vpc-3329a856",
                            "zone_id": "Z368ELLRRE2KJ0"
                        },
                        "meta": {},
                        "tainted": false
                    },
                    "deposed": [],
                    "provider": ""
                },
                "aws_alb_listener.ssc-https": {
                    "type": "aws_alb_listener",
                    "depends_on": [
                        "aws_alb.ssc",
                        "aws_alb_target_group.ssc"
                    ],
                    "primary": {
                        "id": "arn:aws:elasticloadbalancing:us-west-1:214514861431:listener/app/ssc006801f87ca4440d3df6a55b64/25ca45b52cfb7cdf/cb53bc9aeaec27f1",
                        "attributes": {
                            "arn": "arn:aws:elasticloadbalancing:us-west-1:214514861431:listener/app/ssc006801f87ca4440d3df6a55b64/25ca45b52cfb7cdf/cb53bc9aeaec27f1",
                            "certificate_arn": "arn:aws:iam::214514861431:server-certificate/terminal.strigo.io",
                            "default_action.#": "1",
                            "default_action.0.target_group_arn": "arn:aws:elasticloadbalancing:us-west-1:214514861431:targetgroup/ssc/b63f81e9177e5860",
                            "default_action.0.type": "forward",
                            "id": "arn:aws:elasticloadbalancing:us-west-1:214514861431:listener/app/ssc006801f87ca4440d3df6a55b64/25ca45b52cfb7cdf/cb53bc9aeaec27f1",
                            "load_balancer_arn": "arn:aws:elasticloadbalancing:us-west-1:214514861431:loadbalancer/app/ssc006801f87ca4440d3df6a55b64/25ca45b52cfb7cdf",
                            "port": "443",
                            "protocol": "HTTPS",
                            "ssl_policy": "ELBSecurityPolicy-2015-05"
                        },
                        "meta": {},
                        "tainted": false
                    },
                    "deposed": [],
                    "provider": ""
                },
                "aws_alb_target_group.ssc": {
                    "type": "aws_alb_target_group",
                    "depends_on": [],
                    "primary": {
                        "id": "arn:aws:elasticloadbalancing:us-west-1:214514861431:targetgroup/ssc/b63f81e9177e5860",
                        "attributes": {
                            "arn": "arn:aws:elasticloadbalancing:us-west-1:214514861431:targetgroup/ssc/b63f81e9177e5860",
                            "arn_suffix": "targetgroup/ssc/b63f81e9177e5860",
                            "deregistration_delay": "300",
                            "health_check.#": "1",
                            "health_check.0.healthy_threshold": "5",
                            "health_check.0.interval": "30",
                            "health_check.0.matcher": "200-499",
                            "health_check.0.path": "/",
                            "health_check.0.port": "traffic-port",
                            "health_check.0.protocol": "HTTP",
                            "health_check.0.timeout": "5",
                            "health_check.0.unhealthy_threshold": "2",
                            "id": "arn:aws:elasticloadbalancing:us-west-1:214514861431:targetgroup/ssc/b63f81e9177e5860",
                            "name": "ssc",
                            "port": "2546",
                            "protocol": "HTTP",
                            "stickiness.#": "1",
                            "stickiness.0.cookie_duration": "2600",
                            "stickiness.0.enabled": "true",
                            "stickiness.0.type": "lb_cookie",
                            "vpc_id": "vpc-3329a856"
                        },
                        "meta": {},
                        "tainted": false
                    },
                    "deposed": [],
                    "provider": ""
                },
                "aws_alb_target_group_attachment.ssc.0": {
                    "type": "aws_alb_target_group_attachment",
                    "depends_on": [
                        "aws_alb_target_group.ssc",
                        "aws_instance.ssc"
                    ],
                    "primary": {
                        "id": "arn:aws:elasticloadbalancing:us-west-1:214514861431:targetgroup/ssc/b63f81e9177e5860-001b97d0ce17149dbe813e6532",
                        "attributes": {
                            "id": "arn:aws:elasticloadbalancing:us-west-1:214514861431:targetgroup/ssc/b63f81e9177e5860-001b97d0ce17149dbe813e6532",
                            "port": "2546",
                            "target_group_arn": "arn:aws:elasticloadbalancing:us-west-1:214514861431:targetgroup/ssc/b63f81e9177e5860",
                            "target_id": "i-06a936d67166d9e1a"
                        },
                        "meta": {},
                        "tainted": false
                    },
                    "deposed": [],
                    "provider": ""
                },
                "aws_alb_target_group_attachment.ssc.1": {
                    "type": "aws_alb_target_group_attachment",
                    "depends_on": [
                        "aws_alb_target_group.ssc",
                        "aws_instance.ssc"
                    ],
                    "primary": {
                        "id": "arn:aws:elasticloadbalancing:us-west-1:214514861431:targetgroup/ssc/b63f81e9177e5860-001b97d0ce17149dbe813e6533",
                        "attributes": {
                            "id": "arn:aws:elasticloadbalancing:us-west-1:214514861431:targetgroup/ssc/b63f81e9177e5860-001b97d0ce17149dbe813e6533",
                            "port": "2546",
                            "target_group_arn": "arn:aws:elasticloadbalancing:us-west-1:214514861431:targetgroup/ssc/b63f81e9177e5860",
                            "target_id": "i-09a962afac73b41d7"
                        },
                        "meta": {},
                        "tainted": false
                    },
                    "deposed": [],
                    "provider": ""
                },
                "aws_instance.ssc.0": {
                    "type": "aws_instance",
                    "depends_on": [
                        "aws_key_pair.orc",
                        "aws_security_group.ssc"
                    ],
                    "primary": {
                        "id": "i-06a936d67166d9e1a",
                        "attributes": {
                            "ami": "ami-3ff1af5f",
                            "associate_public_ip_address": "true",
                            "availability_zone": "us-west-1b",
                            "disable_api_termination": "false",
                            "ebs_block_device.#": "0",
                            "ebs_optimized": "false",
                            "ephemeral_block_device.#": "0",
                            "iam_instance_profile": "",
                            "id": "i-06a936d67166d9e1a",
                            "instance_state": "running",
                            "instance_type": "m4.large",
                            "ipv6_address_count": "0",
                            "ipv6_addresses.#": "0",
                            "key_name": "orc",
                            "monitoring": "false",
                            "network_interface_id": "eni-499c3548",
                            "private_dns": "ip-172-31-14-167.us-west-1.compute.internal",
                            "private_ip": "172.31.14.167",
                            "public_dns": "ec2-54-215-205-228.us-west-1.compute.amazonaws.com",
                            "public_ip": "54.215.205.228",
                            "root_block_device.#": "1",
                            "root_block_device.0.delete_on_termination": "true",
                            "root_block_device.0.iops": "100",
                            "root_block_device.0.volume_size": "8",
                            "root_block_device.0.volume_type": "gp2",
                            "security_groups.#": "0",
                            "source_dest_check": "true",
                            "subnet_id": "subnet-1fbe1546",
                            "tags.%": "3",
                            "tags.Index": "0",
                            "tags.Name": "strigo-ssc",
                            "tags.Type": "strigo-ssc",
                            "tenancy": "default",
                            "vpc_security_group_ids.#": "2",
                            "vpc_security_group_ids.1116319766": "sg-6871420c",
                            "vpc_security_group_ids.249211433": "sg-66714202"
                        },
                        "meta": {
                            "schema_version": "1"
                        },
                        "tainted": false
                    },
                    "deposed": [],
                    "provider": ""
                },
                "aws_instance.ssc.1": {
                    "type": "aws_instance",
                    "depends_on": [
                        "aws_key_pair.orc",
                        "aws_security_group.ssc"
                    ],
                    "primary": {
                        "id": "i-09a962afac73b41d7",
                        "attributes": {
                            "ami": "ami-3ff1af5f",
                            "associate_public_ip_address": "true",
                            "availability_zone": "us-west-1c",
                            "disable_api_termination": "false",
                            "ebs_block_device.#": "0",
                            "ebs_optimized": "false",
                            "ephemeral_block_device.#": "0",
                            "iam_instance_profile": "",
                            "id": "i-09a962afac73b41d7",
                            "instance_state": "running",
                            "instance_type": "m4.large",
                            "ipv6_address_count": "0",
                            "ipv6_addresses.#": "0",
                            "key_name": "orc",
                            "monitoring": "false",
                            "network_interface_id": "eni-c60f06ec",
                            "private_dns": "ip-172-31-20-37.us-west-1.compute.internal",
                            "private_ip": "172.31.20.37",
                            "public_dns": "ec2-54-67-22-45.us-west-1.compute.amazonaws.com",
                            "public_ip": "54.67.22.45",
                            "root_block_device.#": "1",
                            "root_block_device.0.delete_on_termination": "true",
                            "root_block_device.0.iops": "100",
                            "root_block_device.0.volume_size": "8",
                            "root_block_device.0.volume_type": "gp2",
                            "security_groups.#": "0",
                            "source_dest_check": "true",
                            "subnet_id": "subnet-18513b7d",
                            "tags.%": "3",
                            "tags.Index": "1",
                            "tags.Name": "strigo-ssc",
                            "tags.Type": "strigo-ssc",
                            "tenancy": "default",
                            "vpc_security_group_ids.#": "2",
                            "vpc_security_group_ids.1116319766": "sg-6871420c",
                            "vpc_security_group_ids.249211433": "sg-66714202"
                        },
                        "meta": {
                            "schema_version": "1"
                        },
                        "tainted": false
                    },
                    "deposed": [],
                    "provider": ""
                },
                "aws_key_pair.orc": {
                    "type": "aws_key_pair",
                    "depends_on": [],
                    "primary": {
                        "id": "orc",
                        "attributes": {
                            "fingerprint": "d6:0b:30:43:1e:00:2c:79:57:0d:83:a9:2a:a3:7b:2f",
                            "id": "orc",
                            "key_name": "orc",
                            "public_key": "ssh-rsa AAAAB3NzaC1yc2EAAAABIwAAAQEAviZ7Zfl0kNazHOVvLxAchs5pqxCXtMB2P40yycWxc1x5lPzSMQS1mtM7zwzrB7yCvHBosiGW+h1/Cq6S+EiGtRXeYx6/niUhGHEa8XZJzD0E6qlLKMC6o0Wu0MvOkiPV/Lb2wo1YhyHiGBumeZfIjYPG2OdI1UJ0RMiXlS7n0v0TLYcy8PgHiKJC1mXzsCxM3sTB2oQEDqFRBy1XxT26ZmKvk8Wbdt/ZPicLRqgql5v3UuMwY6Ki3DqwAIUKoFzHj8yW0nbw2VSJv5n9Hr0ueYujZHTmS19SnPQ5Zli3sTgq9t25aBfTwCd2gDiZ+d+LdY7BLYX/Q7irT/bXHyr91Q== orc@strigo.io"
                        },
                        "meta": {
                            "schema_version": "1"
                        },
                        "tainted": false
                    },
                    "deposed": [],
                    "provider": ""
                },
                "aws_key_pair.strigo-access": {
                    "type": "aws_key_pair",
                    "depends_on": [],
                    "primary": {
                        "id": "strigo-access",
                        "attributes": {
                            "fingerprint": "ea:f4:5a:e5:dd:32:42:9a:c5:9c:4f:02:29:98:fe:05",
                            "id": "strigo-access",
                            "key_name": "strigo-access",
                            "public_key": "ssh-rsa AAAAB3NzaC1yc2EAAAADAQABAAABAQDYj6X/9pwTpoL5WUc3FiuDyArX6ZFuK9jVBmpanZ2K+boB0mYRBIQZVuoBp/ztT3niCY078WujiPrNZfQDFpEDenC7lJyOU4Jve44NoHqW2IWPx9Zw5woeZlJnzLHTw7/AuRQdguKVTdgviZAEuFj5LX4SbvQmK2Q+kINe3Us/FyqBFzVNpZdrzeJpWQNn1Xw9osuF/gCFMxNT5D1vvVPQoyipEmni+hTdfM2Sfam5riwA+Wy4HOJCjoCJQtaIx3VG9/hI1LxLo4ER8F4Dh+X3Khw9hYhRxaGaqADNP2EKlBgfu7m1XrvfsN+x8h2J8zVCERgQ0XsP7n0ktPlrg1+3 app@strigo.io"
                        },
                        "meta": {
                            "schema_version": "1"
                        },
                        "tainted": false
                    },
                    "deposed": [],
                    "provider": ""
                },
                "aws_key_pair.strigo-temp": {
                    "type": "aws_key_pair",
                    "depends_on": [],
                    "primary": {
                        "id": "strigo-temp",
                        "attributes": {
                            "fingerprint": "ea:f4:5a:e5:dd:32:42:9a:c5:9c:4f:02:29:98:fe:05",
                            "id": "strigo-temp",
                            "key_name": "strigo-temp",
                            "public_key": "ssh-rsa AAAAB3NzaC1yc2EAAAADAQABAAABAQDYj6X/9pwTpoL5WUc3FiuDyArX6ZFuK9jVBmpanZ2K+boB0mYRBIQZVuoBp/ztT3niCY078WujiPrNZfQDFpEDenC7lJyOU4Jve44NoHqW2IWPx9Zw5woeZlJnzLHTw7/AuRQdguKVTdgviZAEuFj5LX4SbvQmK2Q+kINe3Us/FyqBFzVNpZdrzeJpWQNn1Xw9osuF/gCFMxNT5D1vvVPQoyipEmni+hTdfM2Sfam5riwA+Wy4HOJCjoCJQtaIx3VG9/hI1LxLo4ER8F4Dh+X3Khw9hYhRxaGaqADNP2EKlBgfu7m1XrvfsN+x8h2J8zVCERgQ0XsP7n0ktPlrg1+3 app@strigo.io"
                        },
                        "meta": {
                            "schema_version": "1"
                        },
                        "tainted": false
                    },
                    "deposed": [],
                    "provider": ""
                },
                "aws_security_group.ssc": {
                    "type": "aws_security_group",
                    "depends_on": [
                        "aws_security_group.ssc-alb"
                    ],
                    "primary": {
                        "id": "sg-6871420c",
                        "attributes": {
                            "description": "Managed by Terraform",
                            "egress.#": "0",
                            "id": "sg-6871420c",
                            "ingress.#": "2",
                            "ingress.2541437006.cidr_blocks.#": "1",
                            "ingress.2541437006.cidr_blocks.0": "0.0.0.0/0",
                            "ingress.2541437006.from_port": "22",
                            "ingress.2541437006.ipv6_cidr_blocks.#": "0",
                            "ingress.2541437006.protocol": "tcp",
                            "ingress.2541437006.security_groups.#": "0",
                            "ingress.2541437006.self": "false",
                            "ingress.2541437006.to_port": "22",
                            "ingress.597175517.cidr_blocks.#": "0",
                            "ingress.597175517.from_port": "2546",
                            "ingress.597175517.ipv6_cidr_blocks.#": "0",
                            "ingress.597175517.protocol": "tcp",
                            "ingress.597175517.security_groups.#": "1",
                            "ingress.597175517.security_groups.1800244250": "sg-13c65774",
                            "ingress.597175517.self": "false",
                            "ingress.597175517.to_port": "2546",
                            "name": "ssc_20161006104731071536684qap",
                            "name_prefix": "ssc_",
                            "owner_id": "214514861431",
                            "tags.%": "0",
                            "vpc_id": "vpc-3329a856"
                        },
                        "meta": {},
                        "tainted": false
                    },
                    "deposed": [],
                    "provider": ""
                },
                "aws_security_group.ssc-alb": {
                    "type": "aws_security_group",
                    "depends_on": [],
                    "primary": {
                        "id": "sg-13c65774",
                        "attributes": {
                            "description": "Managed by Terraform",
                            "egress.#": "1",
                            "egress.482069346.cidr_blocks.#": "1",
                            "egress.482069346.cidr_blocks.0": "0.0.0.0/0",
                            "egress.482069346.from_port": "0",
                            "egress.482069346.ipv6_cidr_blocks.#": "0",
                            "egress.482069346.prefix_list_ids.#": "0",
                            "egress.482069346.protocol": "-1",
                            "egress.482069346.security_groups.#": "0",
                            "egress.482069346.self": "false",
                            "egress.482069346.to_port": "0",
                            "id": "sg-13c65774",
                            "ingress.#": "1",
                            "ingress.2617001939.cidr_blocks.#": "1",
                            "ingress.2617001939.cidr_blocks.0": "0.0.0.0/0",
                            "ingress.2617001939.from_port": "443",
                            "ingress.2617001939.ipv6_cidr_blocks.#": "0",
                            "ingress.2617001939.protocol": "tcp",
                            "ingress.2617001939.security_groups.#": "0",
                            "ingress.2617001939.self": "false",
                            "ingress.2617001939.to_port": "443",
                            "name": "ssc-alb_006801f87ca4440d3df6a55b60",
                            "name_prefix": "ssc-alb_",
                            "owner_id": "214514861431",
                            "tags.%": "0",
                            "vpc_id": "vpc-3329a856"
                        },
                        "meta": {},
                        "tainted": false
                    },
                    "deposed": [],
                    "provider": ""
                },
                "aws_security_group.strigo-access": {
                    "type": "aws_security_group",
                    "depends_on": [],
                    "primary": {
                        "id": "sg-96e939f1",
                        "attributes": {
                            "description": "Managed by Terraform",
                            "egress.#": "1",
                            "egress.482069346.cidr_blocks.#": "1",
                            "egress.482069346.cidr_blocks.0": "0.0.0.0/0",
                            "egress.482069346.from_port": "0",
                            "egress.482069346.ipv6_cidr_blocks.#": "0",
                            "egress.482069346.prefix_list_ids.#": "0",
                            "egress.482069346.protocol": "-1",
                            "egress.482069346.security_groups.#": "0",
                            "egress.482069346.self": "false",
                            "egress.482069346.to_port": "0",
                            "id": "sg-96e939f1",
                            "ingress.#": "1",
                            "ingress.482069346.cidr_blocks.#": "1",
                            "ingress.482069346.cidr_blocks.0": "0.0.0.0/0",
                            "ingress.482069346.from_port": "0",
                            "ingress.482069346.ipv6_cidr_blocks.#": "0",
                            "ingress.482069346.protocol": "-1",
                            "ingress.482069346.security_groups.#": "0",
                            "ingress.482069346.self": "false",
                            "ingress.482069346.to_port": "0",
                            "name": "StrigoAccess",
                            "owner_id": "214514861431",
                            "tags.%": "0",
                            "vpc_id": "vpc-3329a856"
                        },
                        "meta": {},
                        "tainted": false
                    },
                    "deposed": [],
                    "provider": ""
                }
            },
            "depends_on": []
        },
        {
            "path": [
                "root",
                "eu-central-1"
            ],
            "outputs": {
                "aws_key_pair-strigo-key_name": {
                    "sensitive": false,
                    "type": "string",
                    "value": "strigo"
                },
                "aws_security_group-management-id": {
                    "sensitive": false,
                    "type": "string",
                    "value": "sg-149a0d7c"
                }
            },
            "resources": {
                "aws_key_pair.strigo": {
                    "type": "aws_key_pair",
                    "depends_on": [],
                    "primary": {
                        "id": "strigo",
                        "attributes": {
                            "fingerprint": "ee:d7:1e:b2:00:10:04:91:cc:39:67:f9:47:63:2c:24",
                            "id": "strigo",
                            "key_name": "strigo",
                            "public_key": "ssh-rsa AAAAB3NzaC1yc2EAAAADAQABAAACAQD4CFCNxsuRIkm6Dxt2s8YiKAziKNgaDu8qAN6XLbV11xmb9ek7raWnt3yDpl0mTD87pGj26bHmoJuu5xE2jPddXg3TWmBXWumNxhAugtuGbOPKU+cN34PJvHFSij8hjzyxU3LxwFjsgdbOfFMrX6oddm6BYZ5Dl5NivMFIfX9hNxVXiUuab3aK/31vbKGigJitqtFW41hVtON5bvYvdM7pox/PZyPhdG3l8Gyzg3LLqxCXL3EQPThK7ltqxM8j/TgQMN27DhwaWToVhW87bBOSSpN3GLxdcy/rryvd+W+7uEdHyeWaVNiT7k7ehSHN7ecIAhEskcMkdQVJyNXnVoHPApfiXl6JU3/y39zfu7qHGb5ZDEhFGa24uvXMIDBsgVb69wwrB+x1HewSQHyrcFLzSzbxEuRZIPb8+C+QxYl7c+LDF/lToHJEpSyckUGfvTxHGvy+gP7lDacqPluENn57H8/Vr0eq/7lC4/vXpvQ48wcLnBwvn6ZqwKxzER/P1Hx+W70IdHwS8+9Xm1Hfd10TX37UoawJS5NKlQkNA5+bmjp1aE5Ym8sXbPfolMMxN02Sh2pJ0ByzPKpPeE6OhuTi2ryDS3+/pYPSl5vIT9WI/pLZPWZDiEm4Wo+8C3W92D5h7Nx0YLYshhp+czqUBDwt78WEZqBknKBdw2s20Vz3yw== strigo-keypair@aws"
                        },
                        "meta": {
                            "schema_version": "1"
                        },
                        "tainted": false
                    },
                    "deposed": [],
                    "provider": ""
                },
                "aws_security_group.management": {
                    "type": "aws_security_group",
                    "depends_on": [],
                    "primary": {
                        "id": "sg-149a0d7c",
                        "attributes": {
                            "description": "Managed by Terraform",
                            "egress.#": "1",
                            "egress.482069346.cidr_blocks.#": "1",
                            "egress.482069346.cidr_blocks.0": "0.0.0.0/0",
                            "egress.482069346.from_port": "0",
                            "egress.482069346.ipv6_cidr_blocks.#": "0",
                            "egress.482069346.prefix_list_ids.#": "0",
                            "egress.482069346.protocol": "-1",
                            "egress.482069346.security_groups.#": "0",
                            "egress.482069346.self": "false",
                            "egress.482069346.to_port": "0",
                            "id": "sg-149a0d7c",
                            "ingress.#": "1",
                            "ingress.2541437006.cidr_blocks.#": "1",
                            "ingress.2541437006.cidr_blocks.0": "0.0.0.0/0",
                            "ingress.2541437006.from_port": "22",
                            "ingress.2541437006.ipv6_cidr_blocks.#": "0",
                            "ingress.2541437006.protocol": "tcp",
                            "ingress.2541437006.security_groups.#": "0",
                            "ingress.2541437006.self": "false",
                            "ingress.2541437006.to_port": "22",
                            "name": "management_ekxeonjn7fcw3bvpvouyvisryu",
                            "name_prefix": "management_",
                            "owner_id": "214514861431",
                            "tags.%": "0",
                            "vpc_id": "vpc-18c7ab71"
                        },
                        "meta": {},
                        "tainted": false
                    },
                    "deposed": [],
                    "provider": ""
                }
            },
            "depends_on": []
        },
        {
            "path": [
                "root",
                "job-worker-eu-central-1"
            ],
            "outputs": {
                "aws_instance_job-worker_public_ips": {
                    "sensitive": false,
                    "type": "list",
                    "value": [
                        "35.157.255.220",
                        "35.157.51.224"
                    ]
                }
            },
            "resources": {
                "aws_instance.job-worker.0": {
                    "type": "aws_instance",
                    "depends_on": [
                        "aws_security_group.job-worker",
                        "module.aws-eu-central-1",
                        "module.eu-central-1"
                    ],
                    "primary": {
                        "id": "i-0f7d3f85b9b178200",
                        "attributes": {
                            "ami": "ami-829145ed",
                            "associate_public_ip_address": "true",
                            "availability_zone": "eu-central-1b",
                            "disable_api_termination": "false",
                            "ebs_block_device.#": "0",
                            "ebs_optimized": "false",
                            "ephemeral_block_device.#": "0",
                            "iam_instance_profile": "",
                            "id": "i-0f7d3f85b9b178200",
                            "instance_state": "running",
                            "instance_type": "t2.small",
                            "ipv6_address_count": "0",
                            "ipv6_addresses.#": "0",
                            "key_name": "orc",
                            "monitoring": "false",
                            "network_interface_id": "eni-b62c9dc8",
                            "private_dns": "ip-172-31-16-109.eu-central-1.compute.internal",
                            "private_ip": "172.31.16.109",
                            "public_dns": "ec2-35-157-255-220.eu-central-1.compute.amazonaws.com",
                            "public_ip": "35.157.255.220",
                            "root_block_device.#": "1",
                            "root_block_device.0.delete_on_termination": "true",
                            "root_block_device.0.iops": "100",
                            "root_block_device.0.volume_size": "8",
                            "root_block_device.0.volume_type": "gp2",
                            "security_groups.#": "0",
                            "source_dest_check": "true",
                            "subnet_id": "subnet-6a108811",
                            "tags.%": "3",
                            "tags.Index": "0",
                            "tags.Name": "strigo-job-worker",
                            "tags.Type": "strigo-job-worker",
                            "tenancy": "default",
                            "vpc_security_group_ids.#": "2",
                            "vpc_security_group_ids.460480311": "sg-a35165cb",
                            "vpc_security_group_ids.635907666": "sg-149a0d7c"
                        },
                        "meta": {
                            "schema_version": "1"
                        },
                        "tainted": false
                    },
                    "deposed": [],
                    "provider": "aws.eu-central-1"
                },
                "aws_instance.job-worker.1": {
                    "type": "aws_instance",
                    "depends_on": [
                        "aws_security_group.job-worker",
                        "module.aws-eu-central-1",
                        "module.eu-central-1"
                    ],
                    "primary": {
                        "id": "i-06075fc9d14dd96b4",
                        "attributes": {
                            "ami": "ami-829145ed",
                            "associate_public_ip_address": "true",
                            "availability_zone": "eu-central-1b",
                            "disable_api_termination": "false",
                            "ebs_block_device.#": "0",
                            "ebs_optimized": "false",
                            "ephemeral_block_device.#": "0",
                            "iam_instance_profile": "",
                            "id": "i-06075fc9d14dd96b4",
                            "instance_state": "running",
                            "instance_type": "t2.small",
                            "ipv6_address_count": "0",
                            "ipv6_addresses.#": "0",
                            "key_name": "orc",
                            "monitoring": "false",
                            "network_interface_id": "eni-b92c9dc7",
                            "private_dns": "ip-172-31-31-150.eu-central-1.compute.internal",
                            "private_ip": "172.31.31.150",
                            "public_dns": "ec2-35-157-51-224.eu-central-1.compute.amazonaws.com",
                            "public_ip": "35.157.51.224",
                            "root_block_device.#": "1",
                            "root_block_device.0.delete_on_termination": "true",
                            "root_block_device.0.iops": "100",
                            "root_block_device.0.volume_size": "8",
                            "root_block_device.0.volume_type": "gp2",
                            "security_groups.#": "0",
                            "source_dest_check": "true",
                            "subnet_id": "subnet-6a108811",
                            "tags.%": "3",
                            "tags.Index": "1",
                            "tags.Name": "strigo-job-worker",
                            "tags.Type": "strigo-job-worker",
                            "tenancy": "default",
                            "vpc_security_group_ids.#": "2",
                            "vpc_security_group_ids.460480311": "sg-a35165cb",
                            "vpc_security_group_ids.635907666": "sg-149a0d7c"
                        },
                        "meta": {
                            "schema_version": "1"
                        },
                        "tainted": false
                    },
                    "deposed": [],
                    "provider": "aws.eu-central-1"
                },
                "aws_security_group.job-worker": {
                    "type": "aws_security_group",
                    "depends_on": [],
                    "primary": {
                        "id": "sg-a35165cb",
                        "attributes": {
                            "description": "Managed by Terraform",
                            "egress.#": "1",
                            "egress.482069346.cidr_blocks.#": "1",
                            "egress.482069346.cidr_blocks.0": "0.0.0.0/0",
                            "egress.482069346.from_port": "0",
                            "egress.482069346.ipv6_cidr_blocks.#": "0",
                            "egress.482069346.prefix_list_ids.#": "0",
                            "egress.482069346.protocol": "-1",
                            "egress.482069346.security_groups.#": "0",
                            "egress.482069346.self": "false",
                            "egress.482069346.to_port": "0",
                            "id": "sg-a35165cb",
                            "ingress.#": "0",
                            "name": "job-worker_0036c3994be84fb37229227d1e",
                            "name_prefix": "job-worker_",
                            "owner_id": "214514861431",
                            "tags.%": "0",
                            "vpc_id": "vpc-18c7ab71"
                        },
                        "meta": {},
                        "tainted": false
                    },
                    "deposed": [],
                    "provider": "aws.eu-central-1"
                }
            },
            "depends_on": []
        },
        {
            "path": [
                "root",
                "job-worker-eu-west-1"
            ],
            "outputs": {
                "aws_instance_job-worker_public_ips": {
                    "sensitive": false,
                    "type": "list",
                    "value": [
                        "",
                        ""
                    ]
                }
            },
            "resources": {
                "aws_instance.job-worker.0": {
                    "type": "aws_instance",
                    "depends_on": [
                        "aws_security_group.job-worker"
                    ],
                    "primary": {
                        "id": "i-033c0b6506d4f2e69",
                        "attributes": {
                            "ami": "ami-1f83aa79",
                            "associate_public_ip_address": "false",
                            "availability_zone": "eu-west-1a",
                            "disable_api_termination": "false",
                            "ebs_block_device.#": "0",
                            "ebs_optimized": "false",
                            "ephemeral_block_device.#": "0",
                            "iam_instance_profile": "",
                            "id": "i-033c0b6506d4f2e69",
                            "instance_state": "running",
                            "instance_type": "t2.micro",
                            "ipv6_address_count": "0",
                            "ipv6_addresses.#": "0",
                            "key_name": "strigo",
                            "monitoring": "false",
                            "network_interface_id": "eni-8ab0a8f5",
                            "private_dns": "ip-172-16-26-184.eu-west-1.compute.internal",
                            "private_ip": "172.16.26.184",
                            "public_dns": "",
                            "public_ip": "",
                            "root_block_device.#": "1",
                            "root_block_device.0.delete_on_termination": "true",
                            "root_block_device.0.iops": "100",
                            "root_block_device.0.volume_size": "8",
                            "root_block_device.0.volume_type": "gp2",
                            "security_groups.#": "0",
                            "source_dest_check": "true",
                            "subnet_id": "subnet-38f91a5f",
                            "tags.%": "3",
                            "tags.Index": "0",
                            "tags.Name": "strigo-job-worker",
                            "tags.Type": "strigo-job-worker",
                            "tenancy": "default",
                            "vpc_security_group_ids.#": "2",
                            "vpc_security_group_ids.2545442699": "sg-3e812047",
                            "vpc_security_group_ids.3388471420": "sg-0325837a"
                        },
                        "meta": {
                            "schema_version": "1"
                        },
                        "tainted": false
                    },
                    "deposed": [],
                    "provider": ""
                },
                "aws_instance.job-worker.1": {
                    "type": "aws_instance",
                    "depends_on": [
                        "aws_security_group.job-worker"
                    ],
                    "primary": {
                        "id": "i-04def7024c9c1faa0",
                        "attributes": {
                            "ami": "ami-1f83aa79",
                            "associate_public_ip_address": "false",
                            "availability_zone": "eu-west-1b",
                            "disable_api_termination": "false",
                            "ebs_block_device.#": "0",
                            "ebs_optimized": "false",
                            "ephemeral_block_device.#": "0",
                            "iam_instance_profile": "",
                            "id": "i-04def7024c9c1faa0",
                            "instance_state": "running",
                            "instance_type": "t2.micro",
                            "ipv6_address_count": "0",
                            "ipv6_addresses.#": "0",
                            "key_name": "strigo",
                            "monitoring": "false",
                            "network_interface_id": "eni-14fa8954",
                            "private_dns": "ip-172-16-45-231.eu-west-1.compute.internal",
                            "private_ip": "172.16.45.231",
                            "public_dns": "",
                            "public_ip": "",
                            "root_block_device.#": "1",
                            "root_block_device.0.delete_on_termination": "true",
                            "root_block_device.0.iops": "100",
                            "root_block_device.0.volume_size": "8",
                            "root_block_device.0.volume_type": "gp2",
                            "security_groups.#": "0",
                            "source_dest_check": "true",
                            "subnet_id": "subnet-aa31d3e3",
                            "tags.%": "3",
                            "tags.Index": "1",
                            "tags.Name": "strigo-job-worker",
                            "tags.Type": "strigo-job-worker",
                            "tenancy": "default",
                            "vpc_security_group_ids.#": "2",
                            "vpc_security_group_ids.2545442699": "sg-3e812047",
                            "vpc_security_group_ids.3388471420": "sg-0325837a"
                        },
                        "meta": {
                            "schema_version": "1"
                        },
                        "tainted": false
                    },
                    "deposed": [],
                    "provider": ""
                },
                "aws_security_group.job-worker": {
                    "type": "aws_security_group",
                    "depends_on": [],
                    "primary": {
                        "id": "sg-3e812047",
                        "attributes": {
                            "description": "Managed by Terraform",
                            "egress.#": "1",
                            "egress.482069346.cidr_blocks.#": "1",
                            "egress.482069346.cidr_blocks.0": "0.0.0.0/0",
                            "egress.482069346.from_port": "0",
                            "egress.482069346.ipv6_cidr_blocks.#": "0",
                            "egress.482069346.prefix_list_ids.#": "0",
                            "egress.482069346.protocol": "-1",
                            "egress.482069346.security_groups.#": "0",
                            "egress.482069346.self": "false",
                            "egress.482069346.to_port": "0",
                            "id": "sg-3e812047",
                            "ingress.#": "0",
                            "name": "job-worker_00577f34a5be589a09da0f87c2",
                            "name_prefix": "job-worker_",
                            "owner_id": "413524731982",
                            "tags.%": "0",
                            "vpc_id": "vpc-7130d516"
                        },
                        "meta": {},
                        "tainted": false
                    },
                    "deposed": [],
                    "provider": ""
                }
            },
            "depends_on": []
        },
        {
            "path": [
                "root",
                "site-eu-west-1"
            ],
            "outputs": {
                "aws_eip-nat": {
                    "sensitive": false,
                    "type": "string",
                    "value": "34.253.154.199"
                },
                "aws_key_pair-strigo-key_name": {
                    "sensitive": false,
                    "type": "string",
                    "value": "strigo"
                },
                "aws_security_group-management-id": {
                    "sensitive": false,
                    "type": "string",
                    "value": "sg-0325837a"
                },
                "aws_subnet-private-availability_zones": {
                    "sensitive": false,
                    "type": "list",
                    "value": [
                        "eu-west-1a",
                        "eu-west-1b"
                    ]
                },
                "aws_subnet-private-ids": {
                    "sensitive": false,
                    "type": "list",
                    "value": [
                        "subnet-38f91a5f",
                        "subnet-aa31d3e3"
                    ]
                },
                "aws_subnet-public-availability_zones": {
                    "sensitive": false,
                    "type": "list",
                    "value": [
                        "eu-west-1a",
                        "eu-west-1b"
                    ]
                },
                "aws_subnet-public-ids": {
                    "sensitive": false,
                    "type": "list",
                    "value": [
                        "subnet-01c32066",
                        "subnet-ce31d387"
                    ]
                },
                "aws_vpc-main-id": {
                    "sensitive": false,
                    "type": "string",
                    "value": "vpc-7130d516"
                }
            },
            "resources": {
                "aws_default_route_table.public": {
                    "type": "aws_default_route_table",
                    "depends_on": [
                        "aws_vpc.main"
                    ],
                    "primary": {
                        "id": "rtb-745dda13",
                        "attributes": {
                            "default_route_table_id": "rtb-745dda13",
                            "id": "rtb-745dda13",
                            "propagating_vgws.#": "0",
                            "route.#": "1",
                            "route.249618998.cidr_block": "0.0.0.0/0",
                            "route.249618998.egress_only_gateway_id": "",
                            "route.249618998.gateway_id": "igw-877ff4e3",
                            "route.249618998.instance_id": "",
                            "route.249618998.ipv6_cidr_block": "",
                            "route.249618998.nat_gateway_id": "",
                            "route.249618998.network_interface_id": "",
                            "route.249618998.vpc_peering_connection_id": "",
                            "tags.%": "1",
                            "tags.Name": "public",
                            "vpc_id": "vpc-7130d516"
                        },
                        "meta": {},
                        "tainted": false
                    },
                    "deposed": [],
                    "provider": ""
                },
                "aws_default_security_group.default": {
                    "type": "aws_default_security_group",
                    "depends_on": [
                        "aws_vpc.main"
                    ],
                    "primary": {
                        "id": "sg-bf50f6c6",
                        "attributes": {
                            "egress.#": "1",
                            "egress.482069346.cidr_blocks.#": "1",
                            "egress.482069346.cidr_blocks.0": "0.0.0.0/0",
                            "egress.482069346.from_port": "0",
                            "egress.482069346.ipv6_cidr_blocks.#": "0",
                            "egress.482069346.prefix_list_ids.#": "0",
                            "egress.482069346.protocol": "-1",
                            "egress.482069346.security_groups.#": "0",
                            "egress.482069346.self": "false",
                            "egress.482069346.to_port": "0",
                            "id": "sg-bf50f6c6",
                            "ingress.#": "1",
                            "ingress.753360330.cidr_blocks.#": "0",
                            "ingress.753360330.from_port": "0",
                            "ingress.753360330.ipv6_cidr_blocks.#": "0",
                            "ingress.753360330.protocol": "-1",
                            "ingress.753360330.security_groups.#": "0",
                            "ingress.753360330.self": "true",
                            "ingress.753360330.to_port": "0",
                            "name": "default",
                            "owner_id": "413524731982",
                            "tags.%": "0",
                            "vpc_id": "vpc-7130d516"
                        },
                        "meta": {},
                        "tainted": false
                    },
                    "deposed": [],
                    "provider": ""
                },
                "aws_eip.nat": {
                    "type": "aws_eip",
                    "depends_on": [],
                    "primary": {
                        "id": "eipalloc-04fb0463",
                        "attributes": {
                            "association_id": "eipassoc-29b4bd51",
                            "domain": "vpc",
                            "id": "eipalloc-04fb0463",
                            "instance": "",
                            "network_interface": "eni-fca9b683",
                            "private_ip": "172.16.0.14",
                            "public_ip": "34.253.154.199",
                            "vpc": "true"
                        },
                        "meta": {},
                        "tainted": false
                    },
                    "deposed": [],
                    "provider": ""
                },
                "aws_eip.ssh-bastion": {
                    "type": "aws_eip",
                    "depends_on": [
                        "aws_instance.ssh-bastion"
                    ],
                    "primary": {
                        "id": "eipalloc-61f60906",
                        "attributes": {
                            "association_id": "eipassoc-29424a51",
                            "domain": "vpc",
                            "id": "eipalloc-61f60906",
                            "instance": "i-01bcebd19702c2dc7",
                            "network_interface": "eni-1c5b4563",
                            "private_ip": "172.16.0.166",
                            "public_ip": "52.208.252.184",
                            "vpc": "true"
                        },
                        "meta": {},
                        "tainted": false
                    },
                    "deposed": [],
                    "provider": ""
                },
                "aws_instance.ssh-bastion": {
                    "type": "aws_instance",
                    "depends_on": [
                        "aws_key_pair.strigo",
                        "aws_security_group.management",
                        "aws_security_group.ssh-bastion",
                        "aws_subnet.public"
                    ],
                    "primary": {
                        "id": "i-01bcebd19702c2dc7",
                        "attributes": {
                            "ami": "ami-1f83aa79",
                            "associate_public_ip_address": "true",
                            "availability_zone": "eu-west-1a",
                            "disable_api_termination": "false",
                            "ebs_block_device.#": "0",
                            "ebs_optimized": "false",
                            "ephemeral_block_device.#": "0",
                            "iam_instance_profile": "",
                            "id": "i-01bcebd19702c2dc7",
                            "instance_state": "running",
                            "instance_type": "t2.nano",
                            "ipv6_address_count": "0",
                            "ipv6_addresses.#": "0",
                            "key_name": "strigo",
                            "monitoring": "false",
                            "network_interface_id": "eni-1c5b4563",
                            "private_dns": "ip-172-16-0-166.eu-west-1.compute.internal",
                            "private_ip": "172.16.0.166",
                            "public_dns": "ec2-52-208-252-184.eu-west-1.compute.amazonaws.com",
                            "public_ip": "52.208.252.184",
                            "root_block_device.#": "1",
                            "root_block_device.0.delete_on_termination": "true",
                            "root_block_device.0.iops": "100",
                            "root_block_device.0.volume_size": "8",
                            "root_block_device.0.volume_type": "gp2",
                            "security_groups.#": "0",
                            "source_dest_check": "true",
                            "subnet_id": "subnet-01c32066",
                            "tags.%": "1",
                            "tags.Name": "ssh-bastion",
                            "tenancy": "default",
                            "vpc_security_group_ids.#": "2",
                            "vpc_security_group_ids.3388471420": "sg-0325837a",
                            "vpc_security_group_ids.449425142": "sg-6a2f8913"
                        },
                        "meta": {
                            "schema_version": "1"
                        },
                        "tainted": false
                    },
                    "deposed": [],
                    "provider": ""
                },
                "aws_internet_gateway.main": {
                    "type": "aws_internet_gateway",
                    "depends_on": [
                        "aws_vpc.main"
                    ],
                    "primary": {
                        "id": "igw-877ff4e3",
                        "attributes": {
                            "id": "igw-877ff4e3",
                            "tags.%": "1",
                            "tags.Name": "main",
                            "vpc_id": "vpc-7130d516"
                        },
                        "meta": {},
                        "tainted": false
                    },
                    "deposed": [],
                    "provider": ""
                },
                "aws_key_pair.strigo": {
                    "type": "aws_key_pair",
                    "depends_on": [],
                    "primary": {
                        "id": "strigo",
                        "attributes": {
                            "fingerprint": "d6:ed:ec:24:d0:03:5e:ff:c9:d8:f2:eb:92:b9:39:ff",
                            "id": "strigo",
                            "key_name": "strigo",
                            "public_key": "ssh-rsa AAAAB3NzaC1yc2EAAAADAQABAAABAQDBDXRtx/sjaiXZxYqzVjV/TPp7arH9LwUNExjkzY3O7W5ypJQe+L40GpYeRZqaNiCIZuYj42TSdFuveRhJZwfCFotz4HGWFQ2bB0sm2FJUXOu3lBZLv8e+UqZzBSMqJCKn1FDgAk5EFYo1LNIJjvIdevX4o1tpgQ7gywKmKa8rT3Er/7l/OvNV1Sd98tbjLveSfT8wErN8Mdtl/TV4KdBdhC5UVLz7qEEgZSWIsGgUpoUHcfQGLK+4HRT255sqCGlG2MT1VfSJcnM+GI/u2wC9vmAvvMwU0wnMLbMbOE6fvuj3FihKVFOLMCulTqSOUl/pargJim0HLa87+9ESzeXH"
                        },
                        "meta": {
                            "schema_version": "1"
                        },
                        "tainted": false
                    },
                    "deposed": [],
                    "provider": ""
                },
                "aws_nat_gateway.main": {
                    "type": "aws_nat_gateway",
                    "depends_on": [
                        "aws_eip.nat",
                        "aws_internet_gateway.main",
                        "aws_subnet.public"
                    ],
                    "primary": {
                        "id": "nat-07f570953939b980e",
                        "attributes": {
                            "allocation_id": "eipalloc-04fb0463",
                            "id": "nat-07f570953939b980e",
                            "network_interface_id": "eni-fca9b683",
                            "private_ip": "172.16.0.14",
                            "public_ip": "34.253.154.199",
                            "subnet_id": "subnet-01c32066"
                        },
                        "meta": {},
                        "tainted": false
                    },
                    "deposed": [],
                    "provider": ""
                },
                "aws_route.main-igw": {
                    "type": "aws_route",
                    "depends_on": [
                        "aws_default_route_table.public",
                        "aws_internet_gateway.main"
                    ],
                    "primary": {
                        "id": "r-rtb-745dda131080289494",
                        "attributes": {
                            "destination_cidr_block": "0.0.0.0/0",
                            "destination_prefix_list_id": "",
                            "egress_only_gateway_id": "",
                            "gateway_id": "igw-877ff4e3",
                            "id": "r-rtb-745dda131080289494",
                            "instance_id": "",
                            "instance_owner_id": "",
                            "nat_gateway_id": "",
                            "network_interface_id": "",
                            "origin": "CreateRoute",
                            "route_table_id": "rtb-745dda13",
                            "state": "active",
                            "vpc_peering_connection_id": ""
                        },
                        "meta": {},
                        "tainted": false
                    },
                    "deposed": [],
                    "provider": ""
                },
                "aws_route.main-nat": {
                    "type": "aws_route",
                    "depends_on": [
                        "aws_nat_gateway.main",
                        "aws_route_table.private"
                    ],
                    "primary": {
                        "id": "r-rtb-df5ddab81080289494",
                        "attributes": {
                            "destination_cidr_block": "0.0.0.0/0",
                            "destination_prefix_list_id": "",
                            "egress_only_gateway_id": "",
                            "gateway_id": "",
                            "id": "r-rtb-df5ddab81080289494",
                            "instance_id": "",
                            "instance_owner_id": "",
                            "nat_gateway_id": "nat-07f570953939b980e",
                            "network_interface_id": "",
                            "origin": "CreateRoute",
                            "route_table_id": "rtb-df5ddab8",
                            "state": "active",
                            "vpc_peering_connection_id": ""
                        },
                        "meta": {},
                        "tainted": false
                    },
                    "deposed": [],
                    "provider": ""
                },
                "aws_route_table.private": {
                    "type": "aws_route_table",
                    "depends_on": [
                        "aws_vpc.main"
                    ],
                    "primary": {
                        "id": "rtb-df5ddab8",
                        "attributes": {
                            "id": "rtb-df5ddab8",
                            "propagating_vgws.#": "0",
                            "route.#": "1",
                            "route.3538675489.cidr_block": "0.0.0.0/0",
                            "route.3538675489.egress_only_gateway_id": "",
                            "route.3538675489.gateway_id": "",
                            "route.3538675489.instance_id": "",
                            "route.3538675489.ipv6_cidr_block": "",
                            "route.3538675489.nat_gateway_id": "nat-07f570953939b980e",
                            "route.3538675489.network_interface_id": "",
                            "route.3538675489.vpc_peering_connection_id": "",
                            "tags.%": "1",
                            "tags.Name": "private",
                            "vpc_id": "vpc-7130d516"
                        },
                        "meta": {},
                        "tainted": false
                    },
                    "deposed": [],
                    "provider": ""
                },
                "aws_route_table_association.private.0": {
                    "type": "aws_route_table_association",
                    "depends_on": [
                        "aws_route_table.private",
                        "aws_subnet.private.*"
                    ],
                    "primary": {
                        "id": "rtbassoc-c85586ae",
                        "attributes": {
                            "id": "rtbassoc-c85586ae",
                            "route_table_id": "rtb-df5ddab8",
                            "subnet_id": "subnet-38f91a5f"
                        },
                        "meta": {},
                        "tainted": false
                    },
                    "deposed": [],
                    "provider": ""
                },
                "aws_route_table_association.private.1": {
                    "type": "aws_route_table_association",
                    "depends_on": [
                        "aws_route_table.private",
                        "aws_subnet.private.*"
                    ],
                    "primary": {
                        "id": "rtbassoc-fa51829c",
                        "attributes": {
                            "id": "rtbassoc-fa51829c",
                            "route_table_id": "rtb-df5ddab8",
                            "subnet_id": "subnet-aa31d3e3"
                        },
                        "meta": {},
                        "tainted": false
                    },
                    "deposed": [],
                    "provider": ""
                },
                "aws_security_group.management": {
                    "type": "aws_security_group",
                    "depends_on": [
                        "aws_security_group.ssh-bastion",
                        "aws_vpc.main"
                    ],
                    "primary": {
                        "id": "sg-0325837a",
                        "attributes": {
                            "description": "Managed by Terraform",
                            "egress.#": "1",
                            "egress.482069346.cidr_blocks.#": "1",
                            "egress.482069346.cidr_blocks.0": "0.0.0.0/0",
                            "egress.482069346.from_port": "0",
                            "egress.482069346.ipv6_cidr_blocks.#": "0",
                            "egress.482069346.prefix_list_ids.#": "0",
                            "egress.482069346.protocol": "-1",
                            "egress.482069346.security_groups.#": "0",
                            "egress.482069346.self": "false",
                            "egress.482069346.to_port": "0",
                            "id": "sg-0325837a",
                            "ingress.#": "1",
                            "ingress.3715185987.cidr_blocks.#": "0",
                            "ingress.3715185987.from_port": "0",
                            "ingress.3715185987.ipv6_cidr_blocks.#": "0",
                            "ingress.3715185987.protocol": "-1",
                            "ingress.3715185987.security_groups.#": "1",
                            "ingress.3715185987.security_groups.449425142": "sg-6a2f8913",
                            "ingress.3715185987.self": "false",
                            "ingress.3715185987.to_port": "0",
                            "name": "management-00779cc626f612cba941609494",
                            "name_prefix": "management-",
                            "owner_id": "413524731982",
                            "tags.%": "0",
                            "vpc_id": "vpc-7130d516"
                        },
                        "meta": {},
                        "tainted": false
                    },
                    "deposed": [],
                    "provider": ""
                },
                "aws_security_group.ssh-bastion": {
                    "type": "aws_security_group",
                    "depends_on": [
                        "aws_vpc.main"
                    ],
                    "primary": {
                        "id": "sg-6a2f8913",
                        "attributes": {
                            "description": "Managed by Terraform",
                            "egress.#": "0",
                            "id": "sg-6a2f8913",
                            "ingress.#": "1",
                            "ingress.2541437006.cidr_blocks.#": "1",
                            "ingress.2541437006.cidr_blocks.0": "0.0.0.0/0",
                            "ingress.2541437006.from_port": "22",
                            "ingress.2541437006.ipv6_cidr_blocks.#": "0",
                            "ingress.2541437006.protocol": "tcp",
                            "ingress.2541437006.security_groups.#": "0",
                            "ingress.2541437006.self": "false",
                            "ingress.2541437006.to_port": "22",
                            "name": "ssh-bastion-00779cc626f612cba941609492",
                            "name_prefix": "ssh-bastion-",
                            "owner_id": "413524731982",
                            "tags.%": "0",
                            "vpc_id": "vpc-7130d516"
                        },
                        "meta": {},
                        "tainted": false
                    },
                    "deposed": [],
                    "provider": ""
                },
                "aws_subnet.private.0": {
                    "type": "aws_subnet",
                    "depends_on": [
                        "aws_vpc.main",
                        "aws_vpc.main"
                    ],
                    "primary": {
                        "id": "subnet-38f91a5f",
                        "attributes": {
                            "assign_ipv6_address_on_creation": "false",
                            "availability_zone": "eu-west-1a",
                            "cidr_block": "172.16.16.0/20",
                            "id": "subnet-38f91a5f",
                            "map_public_ip_on_launch": "false",
                            "tags.%": "2",
                            "tags.Index": "0",
                            "tags.Name": "private",
                            "vpc_id": "vpc-7130d516"
                        },
                        "meta": {},
                        "tainted": false
                    },
                    "deposed": [],
                    "provider": ""
                },
                "aws_subnet.private.1": {
                    "type": "aws_subnet",
                    "depends_on": [
                        "aws_vpc.main",
                        "aws_vpc.main"
                    ],
                    "primary": {
                        "id": "subnet-aa31d3e3",
                        "attributes": {
                            "assign_ipv6_address_on_creation": "false",
                            "availability_zone": "eu-west-1b",
                            "cidr_block": "172.16.32.0/20",
                            "id": "subnet-aa31d3e3",
                            "map_public_ip_on_launch": "false",
                            "tags.%": "2",
                            "tags.Index": "1",
                            "tags.Name": "private",
                            "vpc_id": "vpc-7130d516"
                        },
                        "meta": {},
                        "tainted": false
                    },
                    "deposed": [],
                    "provider": ""
                },
                "aws_subnet.public.0": {
                    "type": "aws_subnet",
                    "depends_on": [
                        "aws_vpc.main",
                        "aws_vpc.main"
                    ],
                    "primary": {
                        "id": "subnet-01c32066",
                        "attributes": {
                            "assign_ipv6_address_on_creation": "false",
                            "availability_zone": "eu-west-1a",
                            "cidr_block": "172.16.0.0/23",
                            "id": "subnet-01c32066",
                            "map_public_ip_on_launch": "true",
                            "tags.%": "2",
                            "tags.Index": "0",
                            "tags.Name": "public",
                            "vpc_id": "vpc-7130d516"
                        },
                        "meta": {},
                        "tainted": false
                    },
                    "deposed": [],
                    "provider": ""
                },
                "aws_subnet.public.1": {
                    "type": "aws_subnet",
                    "depends_on": [
                        "aws_vpc.main",
                        "aws_vpc.main"
                    ],
                    "primary": {
                        "id": "subnet-ce31d387",
                        "attributes": {
                            "assign_ipv6_address_on_creation": "false",
                            "availability_zone": "eu-west-1b",
                            "cidr_block": "172.16.2.0/23",
                            "id": "subnet-ce31d387",
                            "map_public_ip_on_launch": "true",
                            "tags.%": "2",
                            "tags.Index": "1",
                            "tags.Name": "public",
                            "vpc_id": "vpc-7130d516"
                        },
                        "meta": {},
                        "tainted": false
                    },
                    "deposed": [],
                    "provider": ""
                },
                "aws_vpc.main": {
                    "type": "aws_vpc",
                    "depends_on": [],
                    "primary": {
                        "id": "vpc-7130d516",
                        "attributes": {
                            "assign_generated_ipv6_cidr_block": "false",
                            "cidr_block": "172.16.0.0/16",
                            "default_network_acl_id": "acl-76d47711",
                            "default_route_table_id": "rtb-745dda13",
                            "default_security_group_id": "sg-bf50f6c6",
                            "dhcp_options_id": "dopt-5f68fd3b",
                            "enable_classiclink": "false",
                            "enable_dns_hostnames": "true",
                            "enable_dns_support": "true",
                            "id": "vpc-7130d516",
                            "instance_tenancy": "default",
                            "main_route_table_id": "rtb-745dda13",
                            "tags.%": "1",
                            "tags.Name": "main"
                        },
                        "meta": {},
                        "tainted": false
                    },
                    "deposed": [],
                    "provider": ""
                }
            },
            "depends_on": []
        },
        {
            "path": [
                "root",
                "us-east-1"
            ],
            "outputs": {
                "aws_key_pair-strigo-key_name": {
                    "sensitive": false,
                    "type": "string",
                    "value": "strigo"
                },
                "aws_security_group-management-id": {
                    "sensitive": false,
                    "type": "string",
                    "value": "sg-6815c312"
                }
            },
            "resources": {
                "aws_key_pair.strigo": {
                    "type": "aws_key_pair",
                    "depends_on": [],
                    "primary": {
                        "id": "strigo",
                        "attributes": {
                            "fingerprint": "ee:d7:1e:b2:00:10:04:91:cc:39:67:f9:47:63:2c:24",
                            "id": "strigo",
                            "key_name": "strigo",
                            "public_key": "ssh-rsa AAAAB3NzaC1yc2EAAAADAQABAAACAQD4CFCNxsuRIkm6Dxt2s8YiKAziKNgaDu8qAN6XLbV11xmb9ek7raWnt3yDpl0mTD87pGj26bHmoJuu5xE2jPddXg3TWmBXWumNxhAugtuGbOPKU+cN34PJvHFSij8hjzyxU3LxwFjsgdbOfFMrX6oddm6BYZ5Dl5NivMFIfX9hNxVXiUuab3aK/31vbKGigJitqtFW41hVtON5bvYvdM7pox/PZyPhdG3l8Gyzg3LLqxCXL3EQPThK7ltqxM8j/TgQMN27DhwaWToVhW87bBOSSpN3GLxdcy/rryvd+W+7uEdHyeWaVNiT7k7ehSHN7ecIAhEskcMkdQVJyNXnVoHPApfiXl6JU3/y39zfu7qHGb5ZDEhFGa24uvXMIDBsgVb69wwrB+x1HewSQHyrcFLzSzbxEuRZIPb8+C+QxYl7c+LDF/lToHJEpSyckUGfvTxHGvy+gP7lDacqPluENn57H8/Vr0eq/7lC4/vXpvQ48wcLnBwvn6ZqwKxzER/P1Hx+W70IdHwS8+9Xm1Hfd10TX37UoawJS5NKlQkNA5+bmjp1aE5Ym8sXbPfolMMxN02Sh2pJ0ByzPKpPeE6OhuTi2ryDS3+/pYPSl5vIT9WI/pLZPWZDiEm4Wo+8C3W92D5h7Nx0YLYshhp+czqUBDwt78WEZqBknKBdw2s20Vz3yw== strigo-keypair@aws"
                        },
                        "meta": {
                            "schema_version": "1"
                        },
                        "tainted": false
                    },
                    "deposed": [],
                    "provider": ""
                },
                "aws_security_group.management": {
                    "type": "aws_security_group",
                    "depends_on": [],
                    "primary": {
                        "id": "sg-6815c312",
                        "attributes": {
                            "description": "Managed by Terraform",
                            "egress.#": "1",
                            "egress.482069346.cidr_blocks.#": "1",
                            "egress.482069346.cidr_blocks.0": "0.0.0.0/0",
                            "egress.482069346.from_port": "0",
                            "egress.482069346.ipv6_cidr_blocks.#": "0",
                            "egress.482069346.prefix_list_ids.#": "0",
                            "egress.482069346.protocol": "-1",
                            "egress.482069346.security_groups.#": "0",
                            "egress.482069346.self": "false",
                            "egress.482069346.to_port": "0",
                            "id": "sg-6815c312",
                            "ingress.#": "1",
                            "ingress.2541437006.cidr_blocks.#": "1",
                            "ingress.2541437006.cidr_blocks.0": "0.0.0.0/0",
                            "ingress.2541437006.from_port": "22",
                            "ingress.2541437006.ipv6_cidr_blocks.#": "0",
                            "ingress.2541437006.protocol": "tcp",
                            "ingress.2541437006.security_groups.#": "0",
                            "ingress.2541437006.self": "false",
                            "ingress.2541437006.to_port": "22",
                            "name": "management_h2dzfsdmynf3jdnovnewknf2aq",
                            "name_prefix": "management_",
                            "owner_id": "214514861431",
                            "tags.%": "0",
                            "vpc_id": "vpc-6d4dff09"
                        },
                        "meta": {},
                        "tainted": false
                    },
                    "deposed": [],
                    "provider": ""
                }
            },
            "depends_on": []
        },
        {
            "path": [
                "root",
                "us-west-1"
            ],
            "outputs": {
                "aws_key_pair-strigo-key_name": {
                    "sensitive": false,
                    "type": "string",
                    "value": "strigo"
                },
                "aws_security_group-management-id": {
                    "sensitive": false,
                    "type": "string",
                    "value": "sg-66714202"
                }
            },
            "resources": {
                "aws_key_pair.strigo": {
                    "type": "aws_key_pair",
                    "depends_on": [],
                    "primary": {
                        "id": "strigo",
                        "attributes": {
                            "fingerprint": "ee:d7:1e:b2:00:10:04:91:cc:39:67:f9:47:63:2c:24",
                            "id": "strigo",
                            "key_name": "strigo",
                            "public_key": "ssh-rsa AAAAB3NzaC1yc2EAAAADAQABAAACAQD4CFCNxsuRIkm6Dxt2s8YiKAziKNgaDu8qAN6XLbV11xmb9ek7raWnt3yDpl0mTD87pGj26bHmoJuu5xE2jPddXg3TWmBXWumNxhAugtuGbOPKU+cN34PJvHFSij8hjzyxU3LxwFjsgdbOfFMrX6oddm6BYZ5Dl5NivMFIfX9hNxVXiUuab3aK/31vbKGigJitqtFW41hVtON5bvYvdM7pox/PZyPhdG3l8Gyzg3LLqxCXL3EQPThK7ltqxM8j/TgQMN27DhwaWToVhW87bBOSSpN3GLxdcy/rryvd+W+7uEdHyeWaVNiT7k7ehSHN7ecIAhEskcMkdQVJyNXnVoHPApfiXl6JU3/y39zfu7qHGb5ZDEhFGa24uvXMIDBsgVb69wwrB+x1HewSQHyrcFLzSzbxEuRZIPb8+C+QxYl7c+LDF/lToHJEpSyckUGfvTxHGvy+gP7lDacqPluENn57H8/Vr0eq/7lC4/vXpvQ48wcLnBwvn6ZqwKxzER/P1Hx+W70IdHwS8+9Xm1Hfd10TX37UoawJS5NKlQkNA5+bmjp1aE5Ym8sXbPfolMMxN02Sh2pJ0ByzPKpPeE6OhuTi2ryDS3+/pYPSl5vIT9WI/pLZPWZDiEm4Wo+8C3W92D5h7Nx0YLYshhp+czqUBDwt78WEZqBknKBdw2s20Vz3yw== strigo-keypair@aws"
                        },
                        "meta": {
                            "schema_version": "1"
                        },
                        "tainted": false
                    },
                    "deposed": [],
                    "provider": ""
                },
                "aws_security_group.management": {
                    "type": "aws_security_group",
                    "depends_on": [],
                    "primary": {
                        "id": "sg-66714202",
                        "attributes": {
                            "description": "Managed by Terraform",
                            "egress.#": "1",
                            "egress.482069346.cidr_blocks.#": "1",
                            "egress.482069346.cidr_blocks.0": "0.0.0.0/0",
                            "egress.482069346.from_port": "0",
                            "egress.482069346.ipv6_cidr_blocks.#": "0",
                            "egress.482069346.prefix_list_ids.#": "0",
                            "egress.482069346.protocol": "-1",
                            "egress.482069346.security_groups.#": "0",
                            "egress.482069346.self": "false",
                            "egress.482069346.to_port": "0",
                            "id": "sg-66714202",
                            "ingress.#": "1",
                            "ingress.2541437006.cidr_blocks.#": "1",
                            "ingress.2541437006.cidr_blocks.0": "0.0.0.0/0",
                            "ingress.2541437006.from_port": "22",
                            "ingress.2541437006.ipv6_cidr_blocks.#": "0",
                            "ingress.2541437006.protocol": "tcp",
                            "ingress.2541437006.security_groups.#": "0",
                            "ingress.2541437006.self": "false",
                            "ingress.2541437006.to_port": "22",
                            "name": "management_20161006104724056753452iyr",
                            "name_prefix": "management_",
                            "owner_id": "214514861431",
                            "tags.%": "0",
                            "vpc_id": "vpc-3329a856"
                        },
                        "meta": {},
                        "tainted": false
                    },
                    "deposed": [],
                    "provider": ""
                }
            },
            "depends_on": []
        }
    ]
}
